
Microsoft Visual Studio Solution File, Format Version 12.00
# Visual Studio Version 16
VisualStudioVersion = 16.0.30011.22
MinimumVisualStudioVersion = 10.0.40219.1
Project("{2150E333-8FDC-42A3-9474-1A3956D46DE8}") = "src", "src", "{5F9640F7-C531-4E44-8796-C020BF039E4F}"
EndProject
Project("{2150E333-8FDC-42A3-9474-1A3956D46DE8}") = "dependencies", "dependencies", "{87389326-B73F-4A5D-98B1-CA4A741B8A2B}"
EndProject
Project("{2150E333-8FDC-42A3-9474-1A3956D46DE8}") = "test", "test", "{1870C0B6-440E-4F7B-9BEB-133A40DD4F4C}"
EndProject
Project("{2150E333-8FDC-42A3-9474-1A3956D46DE8}") = "tools", "tools", "{C3AA0B5D-A2D5-46CF-8791-40D8380DED54}"
EndProject
Project("{9A19103F-16F7-4668-BE54-9A1E7A4F7556}") = "AI4E.Modularity.Abstractions", "src\AI4E.Modularity.Abstractions\AI4E.Modularity.Abstractions.csproj", "{DFCCBC80-92CB-40A2-B859-A1872B61F28E}"
EndProject
Project("{9A19103F-16F7-4668-BE54-9A1E7A4F7556}") = "AI4E.Modularity", "src\AI4E.Modularity\AI4E.Modularity.csproj", "{4B99335B-2165-49F0-9065-92485D7BEC98}"
EndProject
Project("{9A19103F-16F7-4668-BE54-9A1E7A4F7556}") = "AI4E.Modularity.Debug", "src\AI4E.Modularity.Debug\AI4E.Modularity.Debug.csproj", "{193E505C-F5B6-470A-B4B8-2616CFABACE6}"
EndProject
Project("{9A19103F-16F7-4668-BE54-9A1E7A4F7556}") = "AI4E.Modularity.Host.Abstractions", "src\AI4E.Modularity.Host.Abstractions\AI4E.Modularity.Host.Abstractions.csproj", "{14F72AA9-D7A9-45E4-8499-2BE03D036FA4}"
EndProject
Project("{9A19103F-16F7-4668-BE54-9A1E7A4F7556}") = "AI4E.Modularity.Host", "src\AI4E.Modularity.Host\AI4E.Modularity.Host.csproj", "{7E5172F2-4923-4F7B-A06F-6468530DE117}"
EndProject
Project("{9A19103F-16F7-4668-BE54-9A1E7A4F7556}") = "AI4E.Modularity.Host.Debug", "src\AI4E.Modularity.Host.Debug\AI4E.Modularity.Host.Debug.csproj", "{CC13170B-2C2B-45EF-B943-9EA5CFCE70D8}"
EndProject
Project("{9A19103F-16F7-4668-BE54-9A1E7A4F7556}") = "AI4E.Modularity.Module.Abstractions", "src\AI4E.Modularity.Module.Abstractions\AI4E.Modularity.Module.Abstractions.csproj", "{B2AFDD1C-3C09-41A5-8EF0-6249E730B98F}"
EndProject
Project("{9A19103F-16F7-4668-BE54-9A1E7A4F7556}") = "AI4E.Modularity.Module", "src\AI4E.Modularity.Module\AI4E.Modularity.Module.csproj", "{97458CD9-0D8D-4897-8A50-742D8106E5E2}"
EndProject
Project("{9A19103F-16F7-4668-BE54-9A1E7A4F7556}") = "AI4E.Modularity.Module.Debug", "src\AI4E.Modularity.Module.Debug\AI4E.Modularity.Module.Debug.csproj", "{C642D59E-11FE-481C-ABBF-F537FB694F09}"
EndProject
Project("{9A19103F-16F7-4668-BE54-9A1E7A4F7556}") = "AI4E.Modularity.ModulePacker", "tools\AI4E.Modularity.ModulePacker\AI4E.Modularity.ModulePacker.csproj", "{9D86BE04-D4B2-4320-AFB3-38D9C83DEFBB}"
EndProject
Project("{9A19103F-16F7-4668-BE54-9A1E7A4F7556}") = "AI4E.Messaging.Abstractions", "..\..\src\Messaging\src\AI4E.Messaging.Abstractions\AI4E.Messaging.Abstractions.csproj", "{3616E9E7-D8EC-43AE-B773-A969E8E7FF7E}"
EndProject
Project("{9A19103F-16F7-4668-BE54-9A1E7A4F7556}") = "AI4E.Messaging", "..\..\src\Messaging\src\AI4E.Messaging\AI4E.Messaging.csproj", "{F6E6C3DC-F97C-430A-AB04-7A5D148FD6C7}"
EndProject
Project("{9A19103F-16F7-4668-BE54-9A1E7A4F7556}") = "AI4E.Storage.Coordination", "..\..\src\Storage\src\AI4E.Storage.Coordination\AI4E.Storage.Coordination.csproj", "{86E71447-8A6B-4382-A95D-0CB8CD58DA0E}"
EndProject
Project("{9A19103F-16F7-4668-BE54-9A1E7A4F7556}") = "AI4E.Utils.Proxying", "..\..\src\Utils\src\AI4E.Utils.Proxying\AI4E.Utils.Proxying.csproj", "{A6110FDD-9410-48C5-AD8C-2AA2D27EE400}"
EndProject
Project("{9A19103F-16F7-4668-BE54-9A1E7A4F7556}") = "AI4E.Domain", "..\..\src\Domain\src\AI4E.Domain\AI4E.Domain.csproj", "{3D76E441-72F0-46EB-9DF5-4E9B81BBDF81}"
EndProject
Project("{9A19103F-16F7-4668-BE54-9A1E7A4F7556}") = "AI4E.Domain.Services", "..\..\src\Domain\src\AI4E.Domain.Services\AI4E.Domain.Services.csproj", "{F4280C3E-C449-45C8-81F4-E92DA153F9B8}"
EndProject
Project("{9A19103F-16F7-4668-BE54-9A1E7A4F7556}") = "AI4E.Storage.Domain", "..\..\src\Storage\src\AI4E.Storage.Domain\AI4E.Storage.Domain.csproj", "{68830B48-940A-41AB-9C9D-27C993891E9F}"
EndProject
Project("{9A19103F-16F7-4668-BE54-9A1E7A4F7556}") = "AI4E.Storage.Abstractions", "..\..\src\Storage\src\AI4E.Storage.Abstractions\AI4E.Storage.Abstractions.csproj", "{6628333E-81E0-498F-BB62-F3C4F323C0DE}"
EndProject
Project("{9A19103F-16F7-4668-BE54-9A1E7A4F7556}") = "AI4E.Storage.Domain.Abstractions", "..\..\src\Storage\src\AI4E.Storage.Domain.Abstractions\AI4E.Storage.Domain.Abstractions.csproj", "{D76C3791-BD5B-474B-8FAE-A258936BAC16}"
EndProject
Project("{9A19103F-16F7-4668-BE54-9A1E7A4F7556}") = "AI4E.Storage.Coordination.Abstractions", "..\..\src\Storage\src\AI4E.Storage.Coordination.Abstractions\AI4E.Storage.Coordination.Abstractions.csproj", "{A847F779-638D-4069-BFC6-030E613D0A70}"
EndProject
Project("{9A19103F-16F7-4668-BE54-9A1E7A4F7556}") = "AI4E.Storage", "..\..\src\Storage\src\AI4E.Storage\AI4E.Storage.csproj", "{439F35E3-031A-4BAF-A549-CDAB723B531B}"
EndProject
Project("{9A19103F-16F7-4668-BE54-9A1E7A4F7556}") = "AI4E.Utils.ApplicationParts", "..\..\src\Utils\src\AI4E.Utils.ApplicationParts\AI4E.Utils.ApplicationParts.csproj", "{00F851C9-D14E-4921-A634-054A4ADCDCC7}"
EndProject
Project("{9A19103F-16F7-4668-BE54-9A1E7A4F7556}") = "AI4E.Utils", "..\..\src\Utils\src\AI4E.Utils\AI4E.Utils.csproj", "{A839983B-1A8D-4585-9B44-3E7219A656D5}"
EndProject
Project("{9A19103F-16F7-4668-BE54-9A1E7A4F7556}") = "AI4E.Utils.Messaging.Primitives", "..\..\src\Utils\src\AI4E.Utils.Messaging.Primitives\AI4E.Utils.Messaging.Primitives.csproj", "{1529D684-8DE1-49D6-8DE0-44C9943E52C2}"
EndProject
Project("{9A19103F-16F7-4668-BE54-9A1E7A4F7556}") = "AI4E.Remoting.Abstractions", "..\Remoting\src\AI4E.Remoting.Abstractions\AI4E.Remoting.Abstractions.csproj", "{3A7FCFC8-2163-4B27-8846-CA017D3352FA}"
EndProject
Project("{9A19103F-16F7-4668-BE54-9A1E7A4F7556}") = "AI4E.Remoting", "..\Remoting\src\AI4E.Remoting\AI4E.Remoting.csproj", "{01CB8D41-761A-4877-847A-5FC0E0D0E2B4}"
EndProject
Project("{9A19103F-16F7-4668-BE54-9A1E7A4F7556}") = "AI4E.Storage.InMemory", "..\..\src\Storage\src\AI4E.Storage.InMemory\AI4E.Storage.InMemory.csproj", "{E32865FD-D134-4697-ABA3-87384B7E8E43}"
EndProject
Project("{9A19103F-16F7-4668-BE54-9A1E7A4F7556}") = "AI4E.Utils.Memory", "..\..\src\Utils\src\AI4E.Utils.Memory\AI4E.Utils.Memory.csproj", "{8DBDB15E-89BE-4ED1-8AB3-CDFCA9F2484A}"
EndProject
Project("{9A19103F-16F7-4668-BE54-9A1E7A4F7556}") = "AI4E.Utils.Memory.Compatibility", "..\..\src\Utils\src\AI4E.Utils.Memory.Compatibility\AI4E.Utils.Memory.Compatibility.csproj", "{57F9FC36-126C-4C52-BD40-6D32F4CDBBA6}"
EndProject
Project("{9A19103F-16F7-4668-BE54-9A1E7A4F7556}") = "AI4E.Storage.Projection", "..\..\src\Storage\src\AI4E.Storage.Projection\AI4E.Storage.Projection.csproj", "{ABA327EB-CB74-4D87-80F4-9199C47DFF07}"
EndProject
Project("{9A19103F-16F7-4668-BE54-9A1E7A4F7556}") = "AI4E.Storage.Projection.Abstractions", "..\..\src\Storage\src\AI4E.Storage.Projection.Abstractions\AI4E.Storage.Projection.Abstractions.csproj", "{A83C1254-B2E6-4C5A-AB96-6D6D9A55707E}"
EndProject
Project("{9A19103F-16F7-4668-BE54-9A1E7A4F7556}") = "AI4E.Utils.ObjectClone", "..\..\src\Utils\src\AI4E.Utils.ObjectClone\AI4E.Utils.ObjectClone.csproj", "{1330AA2B-3139-4A0D-AB04-FB1C214070E8}"
EndProject
Project("{9A19103F-16F7-4668-BE54-9A1E7A4F7556}") = "AI4E.Utils.DependencyInjection", "..\..\src\Utils\src\AI4E.Utils.DependencyInjection\AI4E.Utils.DependencyInjection.csproj", "{8EC2243A-9D9F-4CC4-92C7-35B718A087EC}"
EndProject
Global
	GlobalSection(SolutionConfigurationPlatforms) = preSolution
		Debug|Any CPU = Debug|Any CPU
		Release|Any CPU = Release|Any CPU
	EndGlobalSection
	GlobalSection(ProjectConfigurationPlatforms) = postSolution
		{DFCCBC80-92CB-40A2-B859-A1872B61F28E}.Debug|Any CPU.ActiveCfg = Debug|Any CPU
		{DFCCBC80-92CB-40A2-B859-A1872B61F28E}.Debug|Any CPU.Build.0 = Debug|Any CPU
		{DFCCBC80-92CB-40A2-B859-A1872B61F28E}.Release|Any CPU.ActiveCfg = Release|Any CPU
		{DFCCBC80-92CB-40A2-B859-A1872B61F28E}.Release|Any CPU.Build.0 = Release|Any CPU
		{4B99335B-2165-49F0-9065-92485D7BEC98}.Debug|Any CPU.ActiveCfg = Debug|Any CPU
		{4B99335B-2165-49F0-9065-92485D7BEC98}.Debug|Any CPU.Build.0 = Debug|Any CPU
		{4B99335B-2165-49F0-9065-92485D7BEC98}.Release|Any CPU.ActiveCfg = Release|Any CPU
		{4B99335B-2165-49F0-9065-92485D7BEC98}.Release|Any CPU.Build.0 = Release|Any CPU
		{193E505C-F5B6-470A-B4B8-2616CFABACE6}.Debug|Any CPU.ActiveCfg = Debug|Any CPU
		{193E505C-F5B6-470A-B4B8-2616CFABACE6}.Debug|Any CPU.Build.0 = Debug|Any CPU
		{193E505C-F5B6-470A-B4B8-2616CFABACE6}.Release|Any CPU.ActiveCfg = Release|Any CPU
		{193E505C-F5B6-470A-B4B8-2616CFABACE6}.Release|Any CPU.Build.0 = Release|Any CPU
		{14F72AA9-D7A9-45E4-8499-2BE03D036FA4}.Debug|Any CPU.ActiveCfg = Debug|Any CPU
		{14F72AA9-D7A9-45E4-8499-2BE03D036FA4}.Debug|Any CPU.Build.0 = Debug|Any CPU
		{14F72AA9-D7A9-45E4-8499-2BE03D036FA4}.Release|Any CPU.ActiveCfg = Release|Any CPU
		{14F72AA9-D7A9-45E4-8499-2BE03D036FA4}.Release|Any CPU.Build.0 = Release|Any CPU
		{7E5172F2-4923-4F7B-A06F-6468530DE117}.Debug|Any CPU.ActiveCfg = Debug|Any CPU
		{7E5172F2-4923-4F7B-A06F-6468530DE117}.Debug|Any CPU.Build.0 = Debug|Any CPU
		{7E5172F2-4923-4F7B-A06F-6468530DE117}.Release|Any CPU.ActiveCfg = Release|Any CPU
		{7E5172F2-4923-4F7B-A06F-6468530DE117}.Release|Any CPU.Build.0 = Release|Any CPU
		{CC13170B-2C2B-45EF-B943-9EA5CFCE70D8}.Debug|Any CPU.ActiveCfg = Debug|Any CPU
		{CC13170B-2C2B-45EF-B943-9EA5CFCE70D8}.Debug|Any CPU.Build.0 = Debug|Any CPU
		{CC13170B-2C2B-45EF-B943-9EA5CFCE70D8}.Release|Any CPU.ActiveCfg = Release|Any CPU
		{CC13170B-2C2B-45EF-B943-9EA5CFCE70D8}.Release|Any CPU.Build.0 = Release|Any CPU
		{B2AFDD1C-3C09-41A5-8EF0-6249E730B98F}.Debug|Any CPU.ActiveCfg = Debug|Any CPU
		{B2AFDD1C-3C09-41A5-8EF0-6249E730B98F}.Debug|Any CPU.Build.0 = Debug|Any CPU
		{B2AFDD1C-3C09-41A5-8EF0-6249E730B98F}.Release|Any CPU.ActiveCfg = Release|Any CPU
		{B2AFDD1C-3C09-41A5-8EF0-6249E730B98F}.Release|Any CPU.Build.0 = Release|Any CPU
		{97458CD9-0D8D-4897-8A50-742D8106E5E2}.Debug|Any CPU.ActiveCfg = Debug|Any CPU
		{97458CD9-0D8D-4897-8A50-742D8106E5E2}.Debug|Any CPU.Build.0 = Debug|Any CPU
		{97458CD9-0D8D-4897-8A50-742D8106E5E2}.Release|Any CPU.ActiveCfg = Release|Any CPU
		{97458CD9-0D8D-4897-8A50-742D8106E5E2}.Release|Any CPU.Build.0 = Release|Any CPU
		{C642D59E-11FE-481C-ABBF-F537FB694F09}.Debug|Any CPU.ActiveCfg = Debug|Any CPU
		{C642D59E-11FE-481C-ABBF-F537FB694F09}.Debug|Any CPU.Build.0 = Debug|Any CPU
		{C642D59E-11FE-481C-ABBF-F537FB694F09}.Release|Any CPU.ActiveCfg = Release|Any CPU
		{C642D59E-11FE-481C-ABBF-F537FB694F09}.Release|Any CPU.Build.0 = Release|Any CPU
		{9D86BE04-D4B2-4320-AFB3-38D9C83DEFBB}.Debug|Any CPU.ActiveCfg = Debug|Any CPU
		{9D86BE04-D4B2-4320-AFB3-38D9C83DEFBB}.Debug|Any CPU.Build.0 = Debug|Any CPU
		{9D86BE04-D4B2-4320-AFB3-38D9C83DEFBB}.Release|Any CPU.ActiveCfg = Release|Any CPU
		{9D86BE04-D4B2-4320-AFB3-38D9C83DEFBB}.Release|Any CPU.Build.0 = Release|Any CPU
		{3616E9E7-D8EC-43AE-B773-A969E8E7FF7E}.Debug|Any CPU.ActiveCfg = Debug|Any CPU
		{3616E9E7-D8EC-43AE-B773-A969E8E7FF7E}.Debug|Any CPU.Build.0 = Debug|Any CPU
		{3616E9E7-D8EC-43AE-B773-A969E8E7FF7E}.Release|Any CPU.ActiveCfg = Release|Any CPU
		{3616E9E7-D8EC-43AE-B773-A969E8E7FF7E}.Release|Any CPU.Build.0 = Release|Any CPU
		{F6E6C3DC-F97C-430A-AB04-7A5D148FD6C7}.Debug|Any CPU.ActiveCfg = Debug|Any CPU
		{F6E6C3DC-F97C-430A-AB04-7A5D148FD6C7}.Debug|Any CPU.Build.0 = Debug|Any CPU
		{F6E6C3DC-F97C-430A-AB04-7A5D148FD6C7}.Release|Any CPU.ActiveCfg = Release|Any CPU
		{F6E6C3DC-F97C-430A-AB04-7A5D148FD6C7}.Release|Any CPU.Build.0 = Release|Any CPU
		{86E71447-8A6B-4382-A95D-0CB8CD58DA0E}.Debug|Any CPU.ActiveCfg = Debug|Any CPU
		{86E71447-8A6B-4382-A95D-0CB8CD58DA0E}.Debug|Any CPU.Build.0 = Debug|Any CPU
		{86E71447-8A6B-4382-A95D-0CB8CD58DA0E}.Release|Any CPU.ActiveCfg = Release|Any CPU
		{86E71447-8A6B-4382-A95D-0CB8CD58DA0E}.Release|Any CPU.Build.0 = Release|Any CPU
		{A6110FDD-9410-48C5-AD8C-2AA2D27EE400}.Debug|Any CPU.ActiveCfg = Debug|Any CPU
		{A6110FDD-9410-48C5-AD8C-2AA2D27EE400}.Debug|Any CPU.Build.0 = Debug|Any CPU
		{A6110FDD-9410-48C5-AD8C-2AA2D27EE400}.Release|Any CPU.ActiveCfg = Release|Any CPU
		{A6110FDD-9410-48C5-AD8C-2AA2D27EE400}.Release|Any CPU.Build.0 = Release|Any CPU
		{3D76E441-72F0-46EB-9DF5-4E9B81BBDF81}.Debug|Any CPU.ActiveCfg = Debug|Any CPU
		{3D76E441-72F0-46EB-9DF5-4E9B81BBDF81}.Debug|Any CPU.Build.0 = Debug|Any CPU
		{3D76E441-72F0-46EB-9DF5-4E9B81BBDF81}.Release|Any CPU.ActiveCfg = Release|Any CPU
		{3D76E441-72F0-46EB-9DF5-4E9B81BBDF81}.Release|Any CPU.Build.0 = Release|Any CPU
		{F4280C3E-C449-45C8-81F4-E92DA153F9B8}.Debug|Any CPU.ActiveCfg = Debug|Any CPU
		{F4280C3E-C449-45C8-81F4-E92DA153F9B8}.Debug|Any CPU.Build.0 = Debug|Any CPU
		{F4280C3E-C449-45C8-81F4-E92DA153F9B8}.Release|Any CPU.ActiveCfg = Release|Any CPU
		{F4280C3E-C449-45C8-81F4-E92DA153F9B8}.Release|Any CPU.Build.0 = Release|Any CPU
		{68830B48-940A-41AB-9C9D-27C993891E9F}.Debug|Any CPU.ActiveCfg = Debug|Any CPU
		{68830B48-940A-41AB-9C9D-27C993891E9F}.Debug|Any CPU.Build.0 = Debug|Any CPU
		{68830B48-940A-41AB-9C9D-27C993891E9F}.Release|Any CPU.ActiveCfg = Release|Any CPU
		{68830B48-940A-41AB-9C9D-27C993891E9F}.Release|Any CPU.Build.0 = Release|Any CPU
		{6628333E-81E0-498F-BB62-F3C4F323C0DE}.Debug|Any CPU.ActiveCfg = Debug|Any CPU
		{6628333E-81E0-498F-BB62-F3C4F323C0DE}.Debug|Any CPU.Build.0 = Debug|Any CPU
		{6628333E-81E0-498F-BB62-F3C4F323C0DE}.Release|Any CPU.ActiveCfg = Release|Any CPU
		{6628333E-81E0-498F-BB62-F3C4F323C0DE}.Release|Any CPU.Build.0 = Release|Any CPU
		{D76C3791-BD5B-474B-8FAE-A258936BAC16}.Debug|Any CPU.ActiveCfg = Debug|Any CPU
		{D76C3791-BD5B-474B-8FAE-A258936BAC16}.Debug|Any CPU.Build.0 = Debug|Any CPU
		{D76C3791-BD5B-474B-8FAE-A258936BAC16}.Release|Any CPU.ActiveCfg = Release|Any CPU
		{D76C3791-BD5B-474B-8FAE-A258936BAC16}.Release|Any CPU.Build.0 = Release|Any CPU
		{A847F779-638D-4069-BFC6-030E613D0A70}.Debug|Any CPU.ActiveCfg = Debug|Any CPU
		{A847F779-638D-4069-BFC6-030E613D0A70}.Debug|Any CPU.Build.0 = Debug|Any CPU
		{A847F779-638D-4069-BFC6-030E613D0A70}.Release|Any CPU.ActiveCfg = Release|Any CPU
		{A847F779-638D-4069-BFC6-030E613D0A70}.Release|Any CPU.Build.0 = Release|Any CPU
		{439F35E3-031A-4BAF-A549-CDAB723B531B}.Debug|Any CPU.ActiveCfg = Debug|Any CPU
		{439F35E3-031A-4BAF-A549-CDAB723B531B}.Debug|Any CPU.Build.0 = Debug|Any CPU
		{439F35E3-031A-4BAF-A549-CDAB723B531B}.Release|Any CPU.ActiveCfg = Release|Any CPU
		{439F35E3-031A-4BAF-A549-CDAB723B531B}.Release|Any CPU.Build.0 = Release|Any CPU
		{00F851C9-D14E-4921-A634-054A4ADCDCC7}.Debug|Any CPU.ActiveCfg = Debug|Any CPU
		{00F851C9-D14E-4921-A634-054A4ADCDCC7}.Debug|Any CPU.Build.0 = Debug|Any CPU
		{00F851C9-D14E-4921-A634-054A4ADCDCC7}.Release|Any CPU.ActiveCfg = Release|Any CPU
		{00F851C9-D14E-4921-A634-054A4ADCDCC7}.Release|Any CPU.Build.0 = Release|Any CPU
		{A839983B-1A8D-4585-9B44-3E7219A656D5}.Debug|Any CPU.ActiveCfg = Debug|Any CPU
		{A839983B-1A8D-4585-9B44-3E7219A656D5}.Debug|Any CPU.Build.0 = Debug|Any CPU
		{A839983B-1A8D-4585-9B44-3E7219A656D5}.Release|Any CPU.ActiveCfg = Release|Any CPU
		{A839983B-1A8D-4585-9B44-3E7219A656D5}.Release|Any CPU.Build.0 = Release|Any CPU
		{1529D684-8DE1-49D6-8DE0-44C9943E52C2}.Debug|Any CPU.ActiveCfg = Debug|Any CPU
		{1529D684-8DE1-49D6-8DE0-44C9943E52C2}.Debug|Any CPU.Build.0 = Debug|Any CPU
		{1529D684-8DE1-49D6-8DE0-44C9943E52C2}.Release|Any CPU.ActiveCfg = Release|Any CPU
		{1529D684-8DE1-49D6-8DE0-44C9943E52C2}.Release|Any CPU.Build.0 = Release|Any CPU
		{3A7FCFC8-2163-4B27-8846-CA017D3352FA}.Debug|Any CPU.ActiveCfg = Debug|Any CPU
		{3A7FCFC8-2163-4B27-8846-CA017D3352FA}.Debug|Any CPU.Build.0 = Debug|Any CPU
		{3A7FCFC8-2163-4B27-8846-CA017D3352FA}.Release|Any CPU.ActiveCfg = Release|Any CPU
		{3A7FCFC8-2163-4B27-8846-CA017D3352FA}.Release|Any CPU.Build.0 = Release|Any CPU
		{01CB8D41-761A-4877-847A-5FC0E0D0E2B4}.Debug|Any CPU.ActiveCfg = Debug|Any CPU
		{01CB8D41-761A-4877-847A-5FC0E0D0E2B4}.Debug|Any CPU.Build.0 = Debug|Any CPU
		{01CB8D41-761A-4877-847A-5FC0E0D0E2B4}.Release|Any CPU.ActiveCfg = Release|Any CPU
		{01CB8D41-761A-4877-847A-5FC0E0D0E2B4}.Release|Any CPU.Build.0 = Release|Any CPU
		{E32865FD-D134-4697-ABA3-87384B7E8E43}.Debug|Any CPU.ActiveCfg = Debug|Any CPU
		{E32865FD-D134-4697-ABA3-87384B7E8E43}.Debug|Any CPU.Build.0 = Debug|Any CPU
		{E32865FD-D134-4697-ABA3-87384B7E8E43}.Release|Any CPU.ActiveCfg = Release|Any CPU
		{E32865FD-D134-4697-ABA3-87384B7E8E43}.Release|Any CPU.Build.0 = Release|Any CPU
		{8DBDB15E-89BE-4ED1-8AB3-CDFCA9F2484A}.Debug|Any CPU.ActiveCfg = Debug|Any CPU
		{8DBDB15E-89BE-4ED1-8AB3-CDFCA9F2484A}.Debug|Any CPU.Build.0 = Debug|Any CPU
		{8DBDB15E-89BE-4ED1-8AB3-CDFCA9F2484A}.Release|Any CPU.ActiveCfg = Release|Any CPU
		{8DBDB15E-89BE-4ED1-8AB3-CDFCA9F2484A}.Release|Any CPU.Build.0 = Release|Any CPU
		{57F9FC36-126C-4C52-BD40-6D32F4CDBBA6}.Debug|Any CPU.ActiveCfg = Debug|Any CPU
		{57F9FC36-126C-4C52-BD40-6D32F4CDBBA6}.Debug|Any CPU.Build.0 = Debug|Any CPU
		{57F9FC36-126C-4C52-BD40-6D32F4CDBBA6}.Release|Any CPU.ActiveCfg = Release|Any CPU
		{57F9FC36-126C-4C52-BD40-6D32F4CDBBA6}.Release|Any CPU.Build.0 = Release|Any CPU
		{ABA327EB-CB74-4D87-80F4-9199C47DFF07}.Debug|Any CPU.ActiveCfg = Debug|Any CPU
		{ABA327EB-CB74-4D87-80F4-9199C47DFF07}.Debug|Any CPU.Build.0 = Debug|Any CPU
		{ABA327EB-CB74-4D87-80F4-9199C47DFF07}.Release|Any CPU.ActiveCfg = Release|Any CPU
		{ABA327EB-CB74-4D87-80F4-9199C47DFF07}.Release|Any CPU.Build.0 = Release|Any CPU
		{A83C1254-B2E6-4C5A-AB96-6D6D9A55707E}.Debug|Any CPU.ActiveCfg = Debug|Any CPU
		{A83C1254-B2E6-4C5A-AB96-6D6D9A55707E}.Debug|Any CPU.Build.0 = Debug|Any CPU
		{A83C1254-B2E6-4C5A-AB96-6D6D9A55707E}.Release|Any CPU.ActiveCfg = Release|Any CPU
		{A83C1254-B2E6-4C5A-AB96-6D6D9A55707E}.Release|Any CPU.Build.0 = Release|Any CPU
		{1330AA2B-3139-4A0D-AB04-FB1C214070E8}.Debug|Any CPU.ActiveCfg = Debug|Any CPU
		{1330AA2B-3139-4A0D-AB04-FB1C214070E8}.Debug|Any CPU.Build.0 = Debug|Any CPU
		{1330AA2B-3139-4A0D-AB04-FB1C214070E8}.Release|Any CPU.ActiveCfg = Release|Any CPU
		{1330AA2B-3139-4A0D-AB04-FB1C214070E8}.Release|Any CPU.Build.0 = Release|Any CPU
		{8EC2243A-9D9F-4CC4-92C7-35B718A087EC}.Debug|Any CPU.ActiveCfg = Debug|Any CPU
		{8EC2243A-9D9F-4CC4-92C7-35B718A087EC}.Debug|Any CPU.Build.0 = Debug|Any CPU
		{8EC2243A-9D9F-4CC4-92C7-35B718A087EC}.Release|Any CPU.ActiveCfg = Release|Any CPU
		{8EC2243A-9D9F-4CC4-92C7-35B718A087EC}.Release|Any CPU.Build.0 = Release|Any CPU
	EndGlobalSection
	GlobalSection(SolutionProperties) = preSolution
		HideSolutionNode = FALSE
	EndGlobalSection
	GlobalSection(NestedProjects) = preSolution
		{DFCCBC80-92CB-40A2-B859-A1872B61F28E} = {5F9640F7-C531-4E44-8796-C020BF039E4F}
		{4B99335B-2165-49F0-9065-92485D7BEC98} = {5F9640F7-C531-4E44-8796-C020BF039E4F}
		{193E505C-F5B6-470A-B4B8-2616CFABACE6} = {5F9640F7-C531-4E44-8796-C020BF039E4F}
		{14F72AA9-D7A9-45E4-8499-2BE03D036FA4} = {5F9640F7-C531-4E44-8796-C020BF039E4F}
		{7E5172F2-4923-4F7B-A06F-6468530DE117} = {5F9640F7-C531-4E44-8796-C020BF039E4F}
		{CC13170B-2C2B-45EF-B943-9EA5CFCE70D8} = {5F9640F7-C531-4E44-8796-C020BF039E4F}
		{B2AFDD1C-3C09-41A5-8EF0-6249E730B98F} = {5F9640F7-C531-4E44-8796-C020BF039E4F}
		{97458CD9-0D8D-4897-8A50-742D8106E5E2} = {5F9640F7-C531-4E44-8796-C020BF039E4F}
		{C642D59E-11FE-481C-ABBF-F537FB694F09} = {5F9640F7-C531-4E44-8796-C020BF039E4F}
		{9D86BE04-D4B2-4320-AFB3-38D9C83DEFBB} = {C3AA0B5D-A2D5-46CF-8791-40D8380DED54}
		{3616E9E7-D8EC-43AE-B773-A969E8E7FF7E} = {87389326-B73F-4A5D-98B1-CA4A741B8A2B}
		{F6E6C3DC-F97C-430A-AB04-7A5D148FD6C7} = {87389326-B73F-4A5D-98B1-CA4A741B8A2B}
		{86E71447-8A6B-4382-A95D-0CB8CD58DA0E} = {87389326-B73F-4A5D-98B1-CA4A741B8A2B}
		{A6110FDD-9410-48C5-AD8C-2AA2D27EE400} = {87389326-B73F-4A5D-98B1-CA4A741B8A2B}
		{3D76E441-72F0-46EB-9DF5-4E9B81BBDF81} = {87389326-B73F-4A5D-98B1-CA4A741B8A2B}
		{F4280C3E-C449-45C8-81F4-E92DA153F9B8} = {87389326-B73F-4A5D-98B1-CA4A741B8A2B}
		{68830B48-940A-41AB-9C9D-27C993891E9F} = {87389326-B73F-4A5D-98B1-CA4A741B8A2B}
		{6628333E-81E0-498F-BB62-F3C4F323C0DE} = {87389326-B73F-4A5D-98B1-CA4A741B8A2B}
		{D76C3791-BD5B-474B-8FAE-A258936BAC16} = {87389326-B73F-4A5D-98B1-CA4A741B8A2B}
		{A847F779-638D-4069-BFC6-030E613D0A70} = {87389326-B73F-4A5D-98B1-CA4A741B8A2B}
		{439F35E3-031A-4BAF-A549-CDAB723B531B} = {87389326-B73F-4A5D-98B1-CA4A741B8A2B}
		{00F851C9-D14E-4921-A634-054A4ADCDCC7} = {87389326-B73F-4A5D-98B1-CA4A741B8A2B}
		{A839983B-1A8D-4585-9B44-3E7219A656D5} = {87389326-B73F-4A5D-98B1-CA4A741B8A2B}
		{1529D684-8DE1-49D6-8DE0-44C9943E52C2} = {87389326-B73F-4A5D-98B1-CA4A741B8A2B}
		{3A7FCFC8-2163-4B27-8846-CA017D3352FA} = {87389326-B73F-4A5D-98B1-CA4A741B8A2B}
		{01CB8D41-761A-4877-847A-5FC0E0D0E2B4} = {87389326-B73F-4A5D-98B1-CA4A741B8A2B}
		{E32865FD-D134-4697-ABA3-87384B7E8E43} = {87389326-B73F-4A5D-98B1-CA4A741B8A2B}
		{8DBDB15E-89BE-4ED1-8AB3-CDFCA9F2484A} = {87389326-B73F-4A5D-98B1-CA4A741B8A2B}
		{57F9FC36-126C-4C52-BD40-6D32F4CDBBA6} = {87389326-B73F-4A5D-98B1-CA4A741B8A2B}
		{ABA327EB-CB74-4D87-80F4-9199C47DFF07} = {87389326-B73F-4A5D-98B1-CA4A741B8A2B}
		{A83C1254-B2E6-4C5A-AB96-6D6D9A55707E} = {87389326-B73F-4A5D-98B1-CA4A741B8A2B}
		{1330AA2B-3139-4A0D-AB04-FB1C214070E8} = {87389326-B73F-4A5D-98B1-CA4A741B8A2B}
		{8EC2243A-9D9F-4CC4-92C7-35B718A087EC} = {87389326-B73F-4A5D-98B1-CA4A741B8A2B}
	EndGlobalSection
	GlobalSection(ExtensibilityGlobals) = postSolution
		SolutionGuid = {E88E3F16-F719-46CC-B69D-064D3A19E5FB}
	EndGlobalSection
EndGlobal
