
Microsoft Visual Studio Solution File, Format Version 12.00
# Visual Studio Version 16
VisualStudioVersion = 16.0.29503.13
MinimumVisualStudioVersion = 10.0.40219.1
Project("{2150E333-8FDC-42A3-9474-1A3956D46DE8}") = "src", "src", "{621D8F60-BDA8-46A3-9983-DA2B37AE6B14}"
EndProject
Project("{2150E333-8FDC-42A3-9474-1A3956D46DE8}") = "test", "test", "{1A468BB0-1F78-41D7-B399-BE67E1399886}"
EndProject
Project("{9A19103F-16F7-4668-BE54-9A1E7A4F7556}") = "AI4E.Messaging", "..\..\src\Messaging\src\AI4E.Messaging\AI4E.Messaging.csproj", "{ED9C574D-BE14-41FE-BAA6-22ED3FFB574B}"
EndProject
Project("{9A19103F-16F7-4668-BE54-9A1E7A4F7556}") = "AI4E.Messaging.Abstractions", "..\..\src\Messaging\src\AI4E.Messaging.Abstractions\AI4E.Messaging.Abstractions.csproj", "{7D4BECE0-74C3-4E0D-8B47-5FD98F921A5D}"
EndProject
Project("{9A19103F-16F7-4668-BE54-9A1E7A4F7556}") = "AI4E.Messaging.Remote", "src\AI4E.Messaging.Remote\AI4E.Messaging.Remote.csproj", "{54CF6982-0AC2-48F8-A79C-29F4C4D079C5}"
EndProject
Project("{9A19103F-16F7-4668-BE54-9A1E7A4F7556}") = "AI4E.Messaging.Remote.Abstractions", "src\AI4E.Messaging.Remote.Abstractions\AI4E.Messaging.Remote.Abstractions.csproj", "{070A1833-A676-4636-ADCF-178079BADAA2}"
EndProject
Project("{9A19103F-16F7-4668-BE54-9A1E7A4F7556}") = "AI4E.Messaging.SignalR.Client", "src\AI4E.Messaging.SignalR.Client\AI4E.Messaging.SignalR.Client.csproj", "{99FF4B52-F927-4BEE-9820-3DE999B56296}"
EndProject
Project("{9A19103F-16F7-4668-BE54-9A1E7A4F7556}") = "AI4E.Messaging.SignalR.Server", "src\AI4E.Messaging.SignalR.Server\AI4E.Messaging.SignalR.Server.csproj", "{CAD57F94-99B5-4FAA-8A37-971C7E630CBF}"
EndProject
Project("{2150E333-8FDC-42A3-9474-1A3956D46DE8}") = "dependencies", "dependencies", "{4C9135D0-966D-4382-9AEB-170E4A9827BA}"
EndProject
Project("{9A19103F-16F7-4668-BE54-9A1E7A4F7556}") = "AI4E.Utils", "..\..\src\Utils\src\AI4E.Utils\AI4E.Utils.csproj", "{FAD87639-0F18-4427-96DA-58D2ACC45314}"
EndProject
Project("{9A19103F-16F7-4668-BE54-9A1E7A4F7556}") = "AI4E.Utils.ApplicationParts", "..\..\src\Utils\src\AI4E.Utils.ApplicationParts\AI4E.Utils.ApplicationParts.csproj", "{36869F5B-AFB9-413F-A89A-F398E2FE4686}"
EndProject
Project("{9A19103F-16F7-4668-BE54-9A1E7A4F7556}") = "AI4E.Utils.Messaging.Primitives", "..\..\src\Utils\src\AI4E.Utils.Messaging.Primitives\AI4E.Utils.Messaging.Primitives.csproj", "{4DAE32AA-2413-4704-8236-B99941062870}"
EndProject
Project("{9A19103F-16F7-4668-BE54-9A1E7A4F7556}") = "AI4E.Remoting", "..\..\src\Remoting\AI4E.Remoting\AI4E.Remoting.csproj", "{848F9BFB-7650-4AA5-9296-693700243673}"
EndProject
Project("{9A19103F-16F7-4668-BE54-9A1E7A4F7556}") = "AI4E.Remoting.Abstractions", "..\..\src\Remoting\AI4E.Remoting.Abstractions\AI4E.Remoting.Abstractions.csproj", "{1B8A8DCC-DED6-4B2F-BEF6-D101C89DCF96}"
EndProject
Project("{9A19103F-16F7-4668-BE54-9A1E7A4F7556}") = "AI4E.Utils.Memory", "..\..\src\Utils\src\AI4E.Utils.Memory\AI4E.Utils.Memory.csproj", "{6C129458-8239-471E-B37E-B813B5ED5666}"
EndProject
Project("{9A19103F-16F7-4668-BE54-9A1E7A4F7556}") = "AI4E.Utils.Memory.Compatibility", "..\..\src\Utils\src\AI4E.Utils.Memory.Compatibility\AI4E.Utils.Memory.Compatibility.csproj", "{D1FCFE12-A442-4652-953B-9895C0043588}"
EndProject
Project("{9A19103F-16F7-4668-BE54-9A1E7A4F7556}") = "AI4E.Utils.ObjectClone", "..\..\src\Utils\src\AI4E.Utils.ObjectClone\AI4E.Utils.ObjectClone.csproj", "{12ED75C9-5514-4894-995C-F7C14F48A524}"
EndProject
Project("{9A19103F-16F7-4668-BE54-9A1E7A4F7556}") = "AI4E.Utils.DependencyInjection", "..\..\src\Utils\src\AI4E.Utils.DependencyInjection\AI4E.Utils.DependencyInjection.csproj", "{B076B4C1-332C-4C49-B50D-AB6A6394780D}"
EndProject
Project("{9A19103F-16F7-4668-BE54-9A1E7A4F7556}") = "AI4E.Storage.Coordination.Abstractions", "..\..\src\Storage\src\AI4E.Storage.Coordination.Abstractions\AI4E.Storage.Coordination.Abstractions.csproj", "{6A0968F8-1A1C-4DB5-A42A-E03972787C89}"
EndProject
Project("{9A19103F-16F7-4668-BE54-9A1E7A4F7556}") = "AI4E.Storage.Coordination", "..\..\src\Storage\src\AI4E.Storage.Coordination\AI4E.Storage.Coordination.csproj", "{CD8612BA-C539-4D54-BE1C-3F2184D642C5}"
EndProject
Project("{9A19103F-16F7-4668-BE54-9A1E7A4F7556}") = "AI4E.Storage.InMemory", "..\..\src\Storage\src\AI4E.Storage.InMemory\AI4E.Storage.InMemory.csproj", "{B77DB919-645E-43EA-BB38-5E0DD51C280C}"
EndProject
Project("{9A19103F-16F7-4668-BE54-9A1E7A4F7556}") = "AI4E.Storage", "..\..\src\Storage\src\AI4E.Storage\AI4E.Storage.csproj", "{E61B20BC-9F0B-477D-978B-A6F6F9C348BA}"
EndProject
Project("{9A19103F-16F7-4668-BE54-9A1E7A4F7556}") = "AI4E.Storage.Abstractions", "..\..\src\Storage\src\AI4E.Storage.Abstractions\AI4E.Storage.Abstractions.csproj", "{1978A1DA-9353-49C8-BA2B-A7D4806FDB53}"
EndProject
Project("{9A19103F-16F7-4668-BE54-9A1E7A4F7556}") = "AI4E.Utils.DependencyInjection.Autofac", "..\..\src\Utils\src\AI4E.Utils.DependencyInjection.Autofac\AI4E.Utils.DependencyInjection.Autofac.csproj", "{43A528FF-677C-47D5-BD12-43D0F917ECD3}"
EndProject
Global
	GlobalSection(SolutionConfigurationPlatforms) = preSolution
		Debug|Any CPU = Debug|Any CPU
		Release|Any CPU = Release|Any CPU
	EndGlobalSection
	GlobalSection(ProjectConfigurationPlatforms) = postSolution
		{ED9C574D-BE14-41FE-BAA6-22ED3FFB574B}.Debug|Any CPU.ActiveCfg = Debug|Any CPU
		{ED9C574D-BE14-41FE-BAA6-22ED3FFB574B}.Debug|Any CPU.Build.0 = Debug|Any CPU
		{ED9C574D-BE14-41FE-BAA6-22ED3FFB574B}.Release|Any CPU.ActiveCfg = Release|Any CPU
		{ED9C574D-BE14-41FE-BAA6-22ED3FFB574B}.Release|Any CPU.Build.0 = Release|Any CPU
		{7D4BECE0-74C3-4E0D-8B47-5FD98F921A5D}.Debug|Any CPU.ActiveCfg = Debug|Any CPU
		{7D4BECE0-74C3-4E0D-8B47-5FD98F921A5D}.Debug|Any CPU.Build.0 = Debug|Any CPU
		{7D4BECE0-74C3-4E0D-8B47-5FD98F921A5D}.Release|Any CPU.ActiveCfg = Release|Any CPU
		{7D4BECE0-74C3-4E0D-8B47-5FD98F921A5D}.Release|Any CPU.Build.0 = Release|Any CPU
		{54CF6982-0AC2-48F8-A79C-29F4C4D079C5}.Debug|Any CPU.ActiveCfg = Debug|Any CPU
		{54CF6982-0AC2-48F8-A79C-29F4C4D079C5}.Debug|Any CPU.Build.0 = Debug|Any CPU
		{54CF6982-0AC2-48F8-A79C-29F4C4D079C5}.Release|Any CPU.ActiveCfg = Release|Any CPU
		{54CF6982-0AC2-48F8-A79C-29F4C4D079C5}.Release|Any CPU.Build.0 = Release|Any CPU
		{070A1833-A676-4636-ADCF-178079BADAA2}.Debug|Any CPU.ActiveCfg = Debug|Any CPU
		{070A1833-A676-4636-ADCF-178079BADAA2}.Debug|Any CPU.Build.0 = Debug|Any CPU
		{070A1833-A676-4636-ADCF-178079BADAA2}.Release|Any CPU.ActiveCfg = Release|Any CPU
		{070A1833-A676-4636-ADCF-178079BADAA2}.Release|Any CPU.Build.0 = Release|Any CPU
		{99FF4B52-F927-4BEE-9820-3DE999B56296}.Debug|Any CPU.ActiveCfg = Debug|Any CPU
		{99FF4B52-F927-4BEE-9820-3DE999B56296}.Debug|Any CPU.Build.0 = Debug|Any CPU
		{99FF4B52-F927-4BEE-9820-3DE999B56296}.Release|Any CPU.ActiveCfg = Release|Any CPU
		{99FF4B52-F927-4BEE-9820-3DE999B56296}.Release|Any CPU.Build.0 = Release|Any CPU
		{CAD57F94-99B5-4FAA-8A37-971C7E630CBF}.Debug|Any CPU.ActiveCfg = Debug|Any CPU
		{CAD57F94-99B5-4FAA-8A37-971C7E630CBF}.Debug|Any CPU.Build.0 = Debug|Any CPU
		{CAD57F94-99B5-4FAA-8A37-971C7E630CBF}.Release|Any CPU.ActiveCfg = Release|Any CPU
		{CAD57F94-99B5-4FAA-8A37-971C7E630CBF}.Release|Any CPU.Build.0 = Release|Any CPU
		{FAD87639-0F18-4427-96DA-58D2ACC45314}.Debug|Any CPU.ActiveCfg = Debug|Any CPU
		{FAD87639-0F18-4427-96DA-58D2ACC45314}.Debug|Any CPU.Build.0 = Debug|Any CPU
		{FAD87639-0F18-4427-96DA-58D2ACC45314}.Release|Any CPU.ActiveCfg = Release|Any CPU
		{FAD87639-0F18-4427-96DA-58D2ACC45314}.Release|Any CPU.Build.0 = Release|Any CPU
		{36869F5B-AFB9-413F-A89A-F398E2FE4686}.Debug|Any CPU.ActiveCfg = Debug|Any CPU
		{36869F5B-AFB9-413F-A89A-F398E2FE4686}.Debug|Any CPU.Build.0 = Debug|Any CPU
		{36869F5B-AFB9-413F-A89A-F398E2FE4686}.Release|Any CPU.ActiveCfg = Release|Any CPU
		{36869F5B-AFB9-413F-A89A-F398E2FE4686}.Release|Any CPU.Build.0 = Release|Any CPU
		{4DAE32AA-2413-4704-8236-B99941062870}.Debug|Any CPU.ActiveCfg = Debug|Any CPU
		{4DAE32AA-2413-4704-8236-B99941062870}.Debug|Any CPU.Build.0 = Debug|Any CPU
		{4DAE32AA-2413-4704-8236-B99941062870}.Release|Any CPU.ActiveCfg = Release|Any CPU
		{4DAE32AA-2413-4704-8236-B99941062870}.Release|Any CPU.Build.0 = Release|Any CPU
		{848F9BFB-7650-4AA5-9296-693700243673}.Debug|Any CPU.ActiveCfg = Debug|Any CPU
		{848F9BFB-7650-4AA5-9296-693700243673}.Debug|Any CPU.Build.0 = Debug|Any CPU
		{848F9BFB-7650-4AA5-9296-693700243673}.Release|Any CPU.ActiveCfg = Release|Any CPU
		{848F9BFB-7650-4AA5-9296-693700243673}.Release|Any CPU.Build.0 = Release|Any CPU
		{1B8A8DCC-DED6-4B2F-BEF6-D101C89DCF96}.Debug|Any CPU.ActiveCfg = Debug|Any CPU
		{1B8A8DCC-DED6-4B2F-BEF6-D101C89DCF96}.Debug|Any CPU.Build.0 = Debug|Any CPU
		{1B8A8DCC-DED6-4B2F-BEF6-D101C89DCF96}.Release|Any CPU.ActiveCfg = Release|Any CPU
		{1B8A8DCC-DED6-4B2F-BEF6-D101C89DCF96}.Release|Any CPU.Build.0 = Release|Any CPU
		{6C129458-8239-471E-B37E-B813B5ED5666}.Debug|Any CPU.ActiveCfg = Debug|Any CPU
		{6C129458-8239-471E-B37E-B813B5ED5666}.Debug|Any CPU.Build.0 = Debug|Any CPU
		{6C129458-8239-471E-B37E-B813B5ED5666}.Release|Any CPU.ActiveCfg = Release|Any CPU
		{6C129458-8239-471E-B37E-B813B5ED5666}.Release|Any CPU.Build.0 = Release|Any CPU
		{D1FCFE12-A442-4652-953B-9895C0043588}.Debug|Any CPU.ActiveCfg = Debug|Any CPU
		{D1FCFE12-A442-4652-953B-9895C0043588}.Debug|Any CPU.Build.0 = Debug|Any CPU
		{D1FCFE12-A442-4652-953B-9895C0043588}.Release|Any CPU.ActiveCfg = Release|Any CPU
		{D1FCFE12-A442-4652-953B-9895C0043588}.Release|Any CPU.Build.0 = Release|Any CPU
		{12ED75C9-5514-4894-995C-F7C14F48A524}.Debug|Any CPU.ActiveCfg = Debug|Any CPU
		{12ED75C9-5514-4894-995C-F7C14F48A524}.Debug|Any CPU.Build.0 = Debug|Any CPU
		{12ED75C9-5514-4894-995C-F7C14F48A524}.Release|Any CPU.ActiveCfg = Release|Any CPU
		{12ED75C9-5514-4894-995C-F7C14F48A524}.Release|Any CPU.Build.0 = Release|Any CPU
		{B076B4C1-332C-4C49-B50D-AB6A6394780D}.Debug|Any CPU.ActiveCfg = Debug|Any CPU
		{B076B4C1-332C-4C49-B50D-AB6A6394780D}.Debug|Any CPU.Build.0 = Debug|Any CPU
		{B076B4C1-332C-4C49-B50D-AB6A6394780D}.Release|Any CPU.ActiveCfg = Release|Any CPU
		{B076B4C1-332C-4C49-B50D-AB6A6394780D}.Release|Any CPU.Build.0 = Release|Any CPU
		{6A0968F8-1A1C-4DB5-A42A-E03972787C89}.Debug|Any CPU.ActiveCfg = Debug|Any CPU
		{6A0968F8-1A1C-4DB5-A42A-E03972787C89}.Debug|Any CPU.Build.0 = Debug|Any CPU
		{6A0968F8-1A1C-4DB5-A42A-E03972787C89}.Release|Any CPU.ActiveCfg = Release|Any CPU
		{6A0968F8-1A1C-4DB5-A42A-E03972787C89}.Release|Any CPU.Build.0 = Release|Any CPU
		{CD8612BA-C539-4D54-BE1C-3F2184D642C5}.Debug|Any CPU.ActiveCfg = Debug|Any CPU
		{CD8612BA-C539-4D54-BE1C-3F2184D642C5}.Debug|Any CPU.Build.0 = Debug|Any CPU
		{CD8612BA-C539-4D54-BE1C-3F2184D642C5}.Release|Any CPU.ActiveCfg = Release|Any CPU
		{CD8612BA-C539-4D54-BE1C-3F2184D642C5}.Release|Any CPU.Build.0 = Release|Any CPU
		{B77DB919-645E-43EA-BB38-5E0DD51C280C}.Debug|Any CPU.ActiveCfg = Debug|Any CPU
		{B77DB919-645E-43EA-BB38-5E0DD51C280C}.Debug|Any CPU.Build.0 = Debug|Any CPU
		{B77DB919-645E-43EA-BB38-5E0DD51C280C}.Release|Any CPU.ActiveCfg = Release|Any CPU
		{B77DB919-645E-43EA-BB38-5E0DD51C280C}.Release|Any CPU.Build.0 = Release|Any CPU
		{E61B20BC-9F0B-477D-978B-A6F6F9C348BA}.Debug|Any CPU.ActiveCfg = Debug|Any CPU
		{E61B20BC-9F0B-477D-978B-A6F6F9C348BA}.Debug|Any CPU.Build.0 = Debug|Any CPU
		{E61B20BC-9F0B-477D-978B-A6F6F9C348BA}.Release|Any CPU.ActiveCfg = Release|Any CPU
		{E61B20BC-9F0B-477D-978B-A6F6F9C348BA}.Release|Any CPU.Build.0 = Release|Any CPU
		{1978A1DA-9353-49C8-BA2B-A7D4806FDB53}.Debug|Any CPU.ActiveCfg = Debug|Any CPU
		{1978A1DA-9353-49C8-BA2B-A7D4806FDB53}.Debug|Any CPU.Build.0 = Debug|Any CPU
		{1978A1DA-9353-49C8-BA2B-A7D4806FDB53}.Release|Any CPU.ActiveCfg = Release|Any CPU
		{1978A1DA-9353-49C8-BA2B-A7D4806FDB53}.Release|Any CPU.Build.0 = Release|Any CPU
		{43A528FF-677C-47D5-BD12-43D0F917ECD3}.Debug|Any CPU.ActiveCfg = Debug|Any CPU
		{43A528FF-677C-47D5-BD12-43D0F917ECD3}.Debug|Any CPU.Build.0 = Debug|Any CPU
		{43A528FF-677C-47D5-BD12-43D0F917ECD3}.Release|Any CPU.ActiveCfg = Release|Any CPU
		{43A528FF-677C-47D5-BD12-43D0F917ECD3}.Release|Any CPU.Build.0 = Release|Any CPU
	EndGlobalSection
	GlobalSection(SolutionProperties) = preSolution
		HideSolutionNode = FALSE
	EndGlobalSection
	GlobalSection(NestedProjects) = preSolution
		{ED9C574D-BE14-41FE-BAA6-22ED3FFB574B} = {4C9135D0-966D-4382-9AEB-170E4A9827BA}
		{7D4BECE0-74C3-4E0D-8B47-5FD98F921A5D} = {4C9135D0-966D-4382-9AEB-170E4A9827BA}
		{54CF6982-0AC2-48F8-A79C-29F4C4D079C5} = {621D8F60-BDA8-46A3-9983-DA2B37AE6B14}
		{070A1833-A676-4636-ADCF-178079BADAA2} = {621D8F60-BDA8-46A3-9983-DA2B37AE6B14}
		{99FF4B52-F927-4BEE-9820-3DE999B56296} = {621D8F60-BDA8-46A3-9983-DA2B37AE6B14}
		{CAD57F94-99B5-4FAA-8A37-971C7E630CBF} = {621D8F60-BDA8-46A3-9983-DA2B37AE6B14}
		{FAD87639-0F18-4427-96DA-58D2ACC45314} = {4C9135D0-966D-4382-9AEB-170E4A9827BA}
		{36869F5B-AFB9-413F-A89A-F398E2FE4686} = {4C9135D0-966D-4382-9AEB-170E4A9827BA}
		{4DAE32AA-2413-4704-8236-B99941062870} = {4C9135D0-966D-4382-9AEB-170E4A9827BA}
		{848F9BFB-7650-4AA5-9296-693700243673} = {4C9135D0-966D-4382-9AEB-170E4A9827BA}
		{1B8A8DCC-DED6-4B2F-BEF6-D101C89DCF96} = {4C9135D0-966D-4382-9AEB-170E4A9827BA}
		{6C129458-8239-471E-B37E-B813B5ED5666} = {4C9135D0-966D-4382-9AEB-170E4A9827BA}
		{D1FCFE12-A442-4652-953B-9895C0043588} = {4C9135D0-966D-4382-9AEB-170E4A9827BA}
		{12ED75C9-5514-4894-995C-F7C14F48A524} = {4C9135D0-966D-4382-9AEB-170E4A9827BA}
		{B076B4C1-332C-4C49-B50D-AB6A6394780D} = {4C9135D0-966D-4382-9AEB-170E4A9827BA}
		{6A0968F8-1A1C-4DB5-A42A-E03972787C89} = {4C9135D0-966D-4382-9AEB-170E4A9827BA}
		{CD8612BA-C539-4D54-BE1C-3F2184D642C5} = {4C9135D0-966D-4382-9AEB-170E4A9827BA}
		{B77DB919-645E-43EA-BB38-5E0DD51C280C} = {4C9135D0-966D-4382-9AEB-170E4A9827BA}
		{E61B20BC-9F0B-477D-978B-A6F6F9C348BA} = {4C9135D0-966D-4382-9AEB-170E4A9827BA}
		{1978A1DA-9353-49C8-BA2B-A7D4806FDB53} = {4C9135D0-966D-4382-9AEB-170E4A9827BA}
		{43A528FF-677C-47D5-BD12-43D0F917ECD3} = {4C9135D0-966D-4382-9AEB-170E4A9827BA}
	EndGlobalSection
	GlobalSection(ExtensibilityGlobals) = postSolution
		SolutionGuid = {BCE694B7-D9D2-439F-9225-C8693CA4C6CA}
	EndGlobalSection
EndGlobal
