
Microsoft Visual Studio Solution File, Format Version 12.00
# Visual Studio 15
VisualStudioVersion = 15.0.27130.2036
MinimumVisualStudioVersion = 10.0.40219.1
Project("{2150E333-8FDC-42A3-9474-1A3956D46DE8}") = "src", "src", "{0F6E77C0-90F0-4593-89EA-4830EE7A3084}"
EndProject
Project("{2150E333-8FDC-42A3-9474-1A3956D46DE8}") = "test", "test", "{51EBAD3B-B475-4587-A6DE-2CCDDC1952F7}"
EndProject
Project("{9A19103F-16F7-4668-BE54-9A1E7A4F7556}") = "AI4E", "src\AI4E\AI4E.csproj", "{C4D18262-A854-4CC1-9020-16360200A7E1}"
EndProject
Project("{9A19103F-16F7-4668-BE54-9A1E7A4F7556}") = "AI4E.Abstractions", "src\AI4E.Abstractions\AI4E.Abstractions.csproj", "{FB360F6D-F333-4C6F-9412-8E4041D43E47}"
EndProject
Project("{9A19103F-16F7-4668-BE54-9A1E7A4F7556}") = "AI4E.Storage.MongoDB", "src\AI4E.Storage.MongoDB\AI4E.Storage.MongoDB.csproj", "{DDA57632-8AC6-4881-9B4C-6B7CC797E79D}"
EndProject
Project("{9A19103F-16F7-4668-BE54-9A1E7A4F7556}") = "AI4E.Storage.Abstractions", "src\AI4E.Storage.Abstractions\AI4E.Storage.Abstractions.csproj", "{598FEBCE-2EA5-4771-9A16-962641293A0F}"
EndProject
Project("{9A19103F-16F7-4668-BE54-9A1E7A4F7556}") = "AI4E.Storage", "src\AI4E.Storage\AI4E.Storage.csproj", "{C3321208-2844-4BEA-8C60-042893CE2B0A}"
EndProject
Project("{9A19103F-16F7-4668-BE54-9A1E7A4F7556}") = "AI4E.Domain", "src\AI4E.Domain\AI4E.Domain.csproj", "{08B20787-8BA7-48CA-8390-E8C8351222DE}"
EndProject
Project("{9A19103F-16F7-4668-BE54-9A1E7A4F7556}") = "AI4E.Domain.Services", "src\AI4E.Domain.Services\AI4E.Domain.Services.csproj", "{A069E555-AA53-432B-B41F-A6B6BC83C60A}"
EndProject
Project("{2150E333-8FDC-42A3-9474-1A3956D46DE8}") = "Solution Items", "Solution Items", "{143B5D2D-F49E-47EC-808A-08B4E595035E}"
	ProjectSection(SolutionItems) = preProject
		Directory.Build.props = Directory.Build.props
	EndProjectSection
EndProject
Project("{2150E333-8FDC-42A3-9474-1A3956D46DE8}") = "samples", "samples", "{8682A1B5-6D4B-4176-8BC8-9F93018B12CE}"
EndProject
Project("{2150E333-8FDC-42A3-9474-1A3956D46DE8}") = "doc", "doc", "{F75BCF9E-AC6A-499D-B9F2-1E00FC6CA0EE}"
EndProject
Project("{2150E333-8FDC-42A3-9474-1A3956D46DE8}") = "tools", "tools", "{391CBBDB-848A-472B-A4EE-BA542324983E}"
EndProject
Project("{9A19103F-16F7-4668-BE54-9A1E7A4F7556}") = "AI4E.Test", "test\AI4E.Test\AI4E.Test.csproj", "{5C334379-E664-43B6-BA71-22F3C688543C}"
EndProject
Project("{9A19103F-16F7-4668-BE54-9A1E7A4F7556}") = "AI4E.Modularity.RPC.Sample", "samples\AI4E.Modularity.RPC.Sample\AI4E.Modularity.RPC.Sample.csproj", "{E2E0B8E8-6063-4BFC-A36F-D6E9DE846A2D}"
EndProject
Project("{9A19103F-16F7-4668-BE54-9A1E7A4F7556}") = "AI4E.Storage.InMemory", "src\AI4E.Storage.InMemory\AI4E.Storage.InMemory.csproj", "{F3D1468C-1005-43FC-A786-4E0094DACED7}"
EndProject
Project("{9A19103F-16F7-4668-BE54-9A1E7A4F7556}") = "AI4E.Messaging.InMemory.Sample", "samples\AI4E.Messaging.InMemory.Sample\AI4E.Messaging.InMemory.Sample.csproj", "{DA158552-2650-49C3-B08E-3DB7A8F11054}"
EndProject
Project("{2150E333-8FDC-42A3-9474-1A3956D46DE8}") = "messaging", "messaging", "{4C10141F-F277-48F3-8611-82E0D315C433}"
EndProject
Project("{9A19103F-16F7-4668-BE54-9A1E7A4F7556}") = "Host", "samples\messaging\Host\Host.csproj", "{B5A90B57-36A8-4AD8-804E-26E0553CCF02}"
EndProject
Project("{9A19103F-16F7-4668-BE54-9A1E7A4F7556}") = "Module", "samples\messaging\Module\Module.csproj", "{2FB4087F-72D8-4871-97F8-0D622D966031}"
EndProject
Project("{9A19103F-16F7-4668-BE54-9A1E7A4F7556}") = "Shared", "samples\messaging\Shared\Shared.csproj", "{A3AF4FDA-8FE9-4BED-ABF2-B82EE83662C9}"
EndProject
Project("{9A19103F-16F7-4668-BE54-9A1E7A4F7556}") = "AI4E.Storage.Transactions.StressTest", "test\AI4E.Storage.Transactions.StressTest\AI4E.Storage.Transactions.StressTest.csproj", "{7F92B95B-AA54-4473-B4F0-61C9ABDB6742}"
EndProject
Project("{2150E333-8FDC-42A3-9474-1A3956D46DE8}") = "Common", "Common", "{4836898A-A46F-4139-A085-536903EE5E5A}"
	ProjectSection(SolutionItems) = preProject
		src\Common\AsyncEnumerableExtensions.cs = src\Common\AsyncEnumerableExtensions.cs
		src\Common\CancellationTokenExtension.cs = src\Common\CancellationTokenExtension.cs
		src\Common\CompressionHelper.cs = src\Common\CompressionHelper.cs
		src\Common\ConcurrentDictionaryExtension.cs = src\Common\ConcurrentDictionaryExtension.cs
		src\Common\CustomAttributeProviderExtension.cs = src\Common\CustomAttributeProviderExtension.cs
		src\Common\DataPropertyHelper.cs = src\Common\DataPropertyHelper.cs
		src\Common\DebugEx.cs = src\Common\DebugEx.cs
		src\Common\DeepCopyByExpressionTrees.cs = src\Common\DeepCopyByExpressionTrees.cs
		src\Common\DictionaryExtension.cs = src\Common\DictionaryExtension.cs
		src\Common\EntryPathHelper.cs = src\Common\EntryPathHelper.cs
		src\Common\EnumerableExtension.cs = src\Common\EnumerableExtension.cs
		src\Common\EscapeHelper.cs = src\Common\EscapeHelper.cs
		src\Common\FileInfoExtensions.cs = src\Common\FileInfoExtensions.cs
		src\Common\IdEqualityComparer.cs = src\Common\IdEqualityComparer.cs
		src\Common\IdGenerator.cs = src\Common\IdGenerator.cs
		src\Common\ImmutableArrayExtension.cs = src\Common\ImmutableArrayExtension.cs
		src\Common\ListExtension.cs = src\Common\ListExtension.cs
		src\Common\ObjectExtension.cs = src\Common\ObjectExtension.cs
		src\Common\ParameterExpressionReplacer.cs = src\Common\ParameterExpressionReplacer.cs
		src\Common\ServiceCollectionExtension.cs = src\Common\ServiceCollectionExtension.cs
		src\Common\SGuid.cs = src\Common\SGuid.cs
		src\Common\StreamExtension.cs = src\Common\StreamExtension.cs
		src\Common\StringBuilderExtension.cs = src\Common\StringBuilderExtension.cs
		src\Common\TaskExtension.cs = src\Common\TaskExtension.cs
		src\Common\TypeExtension.cs = src\Common\TypeExtension.cs
		src\Common\TypeLoadHelper.cs = src\Common\TypeLoadHelper.cs
	EndProjectSection
EndProject
Project("{9A19103F-16F7-4668-BE54-9A1E7A4F7556}") = "AI4E.Modularity", "src\AI4E.Modularity\AI4E.Modularity.csproj", "{849A3BE7-363E-482E-AAC5-2E317EBFB216}"
EndProject
Project("{9A19103F-16F7-4668-BE54-9A1E7A4F7556}") = "AI4E.Modularity.Abstractions", "src\AI4E.Modularity.Abstractions\AI4E.Modularity.Abstractions.csproj", "{B14633BB-5793-4241-904F-848BD537B536}"
EndProject
Project("{9A19103F-16F7-4668-BE54-9A1E7A4F7556}") = "AI4E.Proxying", "src\AI4E.Proxying\AI4E.Proxying.csproj", "{DF925EFC-0AD1-4EB8-88F1-31AC0A550841}"
EndProject
Project("{9A19103F-16F7-4668-BE54-9A1E7A4F7556}") = "AI4E.Routing", "src\AI4E.Routing\AI4E.Routing.csproj", "{5B41CE4C-91E4-4822-B2B2-5C8007164B03}"
EndProject
Project("{9A19103F-16F7-4668-BE54-9A1E7A4F7556}") = "AI4E.Routing.Abstractions", "src\AI4E.Routing.Abstractions\AI4E.Routing.Abstractions.csproj", "{6B26D5C8-B3D4-434E-A18F-209D11514DC3}"
EndProject
Project("{9A19103F-16F7-4668-BE54-9A1E7A4F7556}") = "AI4E.Coordination", "src\AI4E.Coordination\AI4E.Coordination.csproj", "{527A478C-E586-44F1-AB4F-EA667B79D438}"
EndProject
Project("{9A19103F-16F7-4668-BE54-9A1E7A4F7556}") = "AI4E.Coordination.Abstractions", "src\AI4E.Coordination.Abstractions\AI4E.Coordination.Abstractions.csproj", "{7913D018-8716-41D8-92AC-888279CEBC3C}"
EndProject
Project("{9A19103F-16F7-4668-BE54-9A1E7A4F7556}") = "AI4E.Remoting", "src\AI4E.Remoting\AI4E.Remoting.csproj", "{DDC04251-EA38-4319-BC4D-3983FC35DEEF}"
EndProject
Project("{9A19103F-16F7-4668-BE54-9A1E7A4F7556}") = "AI4E.Remoting.Abstractions", "src\AI4E.Remoting.Abstractions\AI4E.Remoting.Abstractions.csproj", "{41D73642-4F5A-4F3E-991B-D3D17D8682D5}"
EndProject
Project("{9A19103F-16F7-4668-BE54-9A1E7A4F7556}") = "AI4E.Storage.Sample", "samples\AI4E.Storage.Sample\AI4E.Storage.Sample.csproj", "{4FB9CB32-DF46-4EF6-B8F3-EA440581FB52}"
EndProject
Project("{9A19103F-16F7-4668-BE54-9A1E7A4F7556}") = "AI4E.Modularity.Hosting.Sample", "samples\AI4E.Modularity.Hosting.Sample\AI4E.Modularity.Hosting.Sample.csproj", "{349DE147-59E8-423A-9689-D32DC85231DE}"
EndProject
Project("{9A19103F-16F7-4668-BE54-9A1E7A4F7556}") = "AI4E.Storage.Projection.Dependency.Test", "samples\AI4E.Storage.Projection.Dependency.Test\AI4E.Storage.Projection.Dependency.Test.csproj", "{467489CF-06C4-49A1-B4C4-8548716F8142}"
EndProject
Project("{FAE04EC0-301F-11D3-BF4B-00C04F79EFBC}") = "AI4E.Modularity.Hosting.Sample.TestModule", "samples\AI4E.Modularity.Hosting.Sample.TestModule\AI4E.Modularity.Hosting.Sample.TestModule.csproj", "{0E9DEDF0-5B0B-4CD7-A412-96493D01CB8F}"
EndProject
Global
	GlobalSection(SolutionConfigurationPlatforms) = preSolution
		Debug|Any CPU = Debug|Any CPU
		Release|Any CPU = Release|Any CPU
	EndGlobalSection
	GlobalSection(ProjectConfigurationPlatforms) = postSolution
		{C4D18262-A854-4CC1-9020-16360200A7E1}.Debug|Any CPU.ActiveCfg = Debug|Any CPU
		{C4D18262-A854-4CC1-9020-16360200A7E1}.Debug|Any CPU.Build.0 = Debug|Any CPU
		{C4D18262-A854-4CC1-9020-16360200A7E1}.Release|Any CPU.ActiveCfg = Release|Any CPU
		{C4D18262-A854-4CC1-9020-16360200A7E1}.Release|Any CPU.Build.0 = Release|Any CPU
		{FB360F6D-F333-4C6F-9412-8E4041D43E47}.Debug|Any CPU.ActiveCfg = Debug|Any CPU
		{FB360F6D-F333-4C6F-9412-8E4041D43E47}.Debug|Any CPU.Build.0 = Debug|Any CPU
		{FB360F6D-F333-4C6F-9412-8E4041D43E47}.Release|Any CPU.ActiveCfg = Release|Any CPU
		{FB360F6D-F333-4C6F-9412-8E4041D43E47}.Release|Any CPU.Build.0 = Release|Any CPU
		{DDA57632-8AC6-4881-9B4C-6B7CC797E79D}.Debug|Any CPU.ActiveCfg = Debug|Any CPU
		{DDA57632-8AC6-4881-9B4C-6B7CC797E79D}.Debug|Any CPU.Build.0 = Debug|Any CPU
		{DDA57632-8AC6-4881-9B4C-6B7CC797E79D}.Release|Any CPU.ActiveCfg = Release|Any CPU
		{DDA57632-8AC6-4881-9B4C-6B7CC797E79D}.Release|Any CPU.Build.0 = Release|Any CPU
		{598FEBCE-2EA5-4771-9A16-962641293A0F}.Debug|Any CPU.ActiveCfg = Debug|Any CPU
		{598FEBCE-2EA5-4771-9A16-962641293A0F}.Debug|Any CPU.Build.0 = Debug|Any CPU
		{598FEBCE-2EA5-4771-9A16-962641293A0F}.Release|Any CPU.ActiveCfg = Release|Any CPU
		{598FEBCE-2EA5-4771-9A16-962641293A0F}.Release|Any CPU.Build.0 = Release|Any CPU
		{C3321208-2844-4BEA-8C60-042893CE2B0A}.Debug|Any CPU.ActiveCfg = Debug|Any CPU
		{C3321208-2844-4BEA-8C60-042893CE2B0A}.Debug|Any CPU.Build.0 = Debug|Any CPU
		{C3321208-2844-4BEA-8C60-042893CE2B0A}.Release|Any CPU.ActiveCfg = Release|Any CPU
		{C3321208-2844-4BEA-8C60-042893CE2B0A}.Release|Any CPU.Build.0 = Release|Any CPU
		{08B20787-8BA7-48CA-8390-E8C8351222DE}.Debug|Any CPU.ActiveCfg = Debug|Any CPU
		{08B20787-8BA7-48CA-8390-E8C8351222DE}.Debug|Any CPU.Build.0 = Debug|Any CPU
		{08B20787-8BA7-48CA-8390-E8C8351222DE}.Release|Any CPU.ActiveCfg = Release|Any CPU
		{08B20787-8BA7-48CA-8390-E8C8351222DE}.Release|Any CPU.Build.0 = Release|Any CPU
		{A069E555-AA53-432B-B41F-A6B6BC83C60A}.Debug|Any CPU.ActiveCfg = Debug|Any CPU
		{A069E555-AA53-432B-B41F-A6B6BC83C60A}.Debug|Any CPU.Build.0 = Debug|Any CPU
		{A069E555-AA53-432B-B41F-A6B6BC83C60A}.Release|Any CPU.ActiveCfg = Release|Any CPU
		{A069E555-AA53-432B-B41F-A6B6BC83C60A}.Release|Any CPU.Build.0 = Release|Any CPU
		{5C334379-E664-43B6-BA71-22F3C688543C}.Debug|Any CPU.ActiveCfg = Debug|Any CPU
		{5C334379-E664-43B6-BA71-22F3C688543C}.Debug|Any CPU.Build.0 = Debug|Any CPU
		{5C334379-E664-43B6-BA71-22F3C688543C}.Release|Any CPU.ActiveCfg = Release|Any CPU
		{5C334379-E664-43B6-BA71-22F3C688543C}.Release|Any CPU.Build.0 = Release|Any CPU
		{E2E0B8E8-6063-4BFC-A36F-D6E9DE846A2D}.Debug|Any CPU.ActiveCfg = Debug|Any CPU
		{E2E0B8E8-6063-4BFC-A36F-D6E9DE846A2D}.Debug|Any CPU.Build.0 = Debug|Any CPU
		{E2E0B8E8-6063-4BFC-A36F-D6E9DE846A2D}.Release|Any CPU.ActiveCfg = Release|Any CPU
		{E2E0B8E8-6063-4BFC-A36F-D6E9DE846A2D}.Release|Any CPU.Build.0 = Release|Any CPU
		{F3D1468C-1005-43FC-A786-4E0094DACED7}.Debug|Any CPU.ActiveCfg = Debug|Any CPU
		{F3D1468C-1005-43FC-A786-4E0094DACED7}.Debug|Any CPU.Build.0 = Debug|Any CPU
		{F3D1468C-1005-43FC-A786-4E0094DACED7}.Release|Any CPU.ActiveCfg = Release|Any CPU
		{F3D1468C-1005-43FC-A786-4E0094DACED7}.Release|Any CPU.Build.0 = Release|Any CPU
		{DA158552-2650-49C3-B08E-3DB7A8F11054}.Debug|Any CPU.ActiveCfg = Debug|Any CPU
		{DA158552-2650-49C3-B08E-3DB7A8F11054}.Debug|Any CPU.Build.0 = Debug|Any CPU
		{DA158552-2650-49C3-B08E-3DB7A8F11054}.Release|Any CPU.ActiveCfg = Release|Any CPU
		{DA158552-2650-49C3-B08E-3DB7A8F11054}.Release|Any CPU.Build.0 = Release|Any CPU
		{B5A90B57-36A8-4AD8-804E-26E0553CCF02}.Debug|Any CPU.ActiveCfg = Debug|Any CPU
		{B5A90B57-36A8-4AD8-804E-26E0553CCF02}.Debug|Any CPU.Build.0 = Debug|Any CPU
		{B5A90B57-36A8-4AD8-804E-26E0553CCF02}.Release|Any CPU.ActiveCfg = Release|Any CPU
		{B5A90B57-36A8-4AD8-804E-26E0553CCF02}.Release|Any CPU.Build.0 = Release|Any CPU
		{2FB4087F-72D8-4871-97F8-0D622D966031}.Debug|Any CPU.ActiveCfg = Debug|Any CPU
		{2FB4087F-72D8-4871-97F8-0D622D966031}.Debug|Any CPU.Build.0 = Debug|Any CPU
		{2FB4087F-72D8-4871-97F8-0D622D966031}.Release|Any CPU.ActiveCfg = Release|Any CPU
		{2FB4087F-72D8-4871-97F8-0D622D966031}.Release|Any CPU.Build.0 = Release|Any CPU
		{A3AF4FDA-8FE9-4BED-ABF2-B82EE83662C9}.Debug|Any CPU.ActiveCfg = Debug|Any CPU
		{A3AF4FDA-8FE9-4BED-ABF2-B82EE83662C9}.Debug|Any CPU.Build.0 = Debug|Any CPU
		{A3AF4FDA-8FE9-4BED-ABF2-B82EE83662C9}.Release|Any CPU.ActiveCfg = Release|Any CPU
		{A3AF4FDA-8FE9-4BED-ABF2-B82EE83662C9}.Release|Any CPU.Build.0 = Release|Any CPU
		{7F92B95B-AA54-4473-B4F0-61C9ABDB6742}.Debug|Any CPU.ActiveCfg = Debug|Any CPU
		{7F92B95B-AA54-4473-B4F0-61C9ABDB6742}.Debug|Any CPU.Build.0 = Debug|Any CPU
		{7F92B95B-AA54-4473-B4F0-61C9ABDB6742}.Release|Any CPU.ActiveCfg = Release|Any CPU
		{7F92B95B-AA54-4473-B4F0-61C9ABDB6742}.Release|Any CPU.Build.0 = Release|Any CPU
		{849A3BE7-363E-482E-AAC5-2E317EBFB216}.Debug|Any CPU.ActiveCfg = Debug|Any CPU
		{849A3BE7-363E-482E-AAC5-2E317EBFB216}.Debug|Any CPU.Build.0 = Debug|Any CPU
		{849A3BE7-363E-482E-AAC5-2E317EBFB216}.Release|Any CPU.ActiveCfg = Release|Any CPU
		{849A3BE7-363E-482E-AAC5-2E317EBFB216}.Release|Any CPU.Build.0 = Release|Any CPU
		{B14633BB-5793-4241-904F-848BD537B536}.Debug|Any CPU.ActiveCfg = Debug|Any CPU
		{B14633BB-5793-4241-904F-848BD537B536}.Debug|Any CPU.Build.0 = Debug|Any CPU
		{B14633BB-5793-4241-904F-848BD537B536}.Release|Any CPU.ActiveCfg = Release|Any CPU
		{B14633BB-5793-4241-904F-848BD537B536}.Release|Any CPU.Build.0 = Release|Any CPU
		{DF925EFC-0AD1-4EB8-88F1-31AC0A550841}.Debug|Any CPU.ActiveCfg = Debug|Any CPU
		{DF925EFC-0AD1-4EB8-88F1-31AC0A550841}.Debug|Any CPU.Build.0 = Debug|Any CPU
		{DF925EFC-0AD1-4EB8-88F1-31AC0A550841}.Release|Any CPU.ActiveCfg = Release|Any CPU
		{DF925EFC-0AD1-4EB8-88F1-31AC0A550841}.Release|Any CPU.Build.0 = Release|Any CPU
		{5B41CE4C-91E4-4822-B2B2-5C8007164B03}.Debug|Any CPU.ActiveCfg = Debug|Any CPU
		{5B41CE4C-91E4-4822-B2B2-5C8007164B03}.Debug|Any CPU.Build.0 = Debug|Any CPU
		{5B41CE4C-91E4-4822-B2B2-5C8007164B03}.Release|Any CPU.ActiveCfg = Release|Any CPU
		{5B41CE4C-91E4-4822-B2B2-5C8007164B03}.Release|Any CPU.Build.0 = Release|Any CPU
		{6B26D5C8-B3D4-434E-A18F-209D11514DC3}.Debug|Any CPU.ActiveCfg = Debug|Any CPU
		{6B26D5C8-B3D4-434E-A18F-209D11514DC3}.Debug|Any CPU.Build.0 = Debug|Any CPU
		{6B26D5C8-B3D4-434E-A18F-209D11514DC3}.Release|Any CPU.ActiveCfg = Release|Any CPU
		{6B26D5C8-B3D4-434E-A18F-209D11514DC3}.Release|Any CPU.Build.0 = Release|Any CPU
		{527A478C-E586-44F1-AB4F-EA667B79D438}.Debug|Any CPU.ActiveCfg = Debug|Any CPU
		{527A478C-E586-44F1-AB4F-EA667B79D438}.Debug|Any CPU.Build.0 = Debug|Any CPU
		{527A478C-E586-44F1-AB4F-EA667B79D438}.Release|Any CPU.ActiveCfg = Release|Any CPU
		{527A478C-E586-44F1-AB4F-EA667B79D438}.Release|Any CPU.Build.0 = Release|Any CPU
		{7913D018-8716-41D8-92AC-888279CEBC3C}.Debug|Any CPU.ActiveCfg = Debug|Any CPU
		{7913D018-8716-41D8-92AC-888279CEBC3C}.Debug|Any CPU.Build.0 = Debug|Any CPU
		{7913D018-8716-41D8-92AC-888279CEBC3C}.Release|Any CPU.ActiveCfg = Release|Any CPU
		{7913D018-8716-41D8-92AC-888279CEBC3C}.Release|Any CPU.Build.0 = Release|Any CPU
		{DDC04251-EA38-4319-BC4D-3983FC35DEEF}.Debug|Any CPU.ActiveCfg = Debug|Any CPU
		{DDC04251-EA38-4319-BC4D-3983FC35DEEF}.Debug|Any CPU.Build.0 = Debug|Any CPU
		{DDC04251-EA38-4319-BC4D-3983FC35DEEF}.Release|Any CPU.ActiveCfg = Release|Any CPU
		{DDC04251-EA38-4319-BC4D-3983FC35DEEF}.Release|Any CPU.Build.0 = Release|Any CPU
		{41D73642-4F5A-4F3E-991B-D3D17D8682D5}.Debug|Any CPU.ActiveCfg = Debug|Any CPU
		{41D73642-4F5A-4F3E-991B-D3D17D8682D5}.Debug|Any CPU.Build.0 = Debug|Any CPU
		{41D73642-4F5A-4F3E-991B-D3D17D8682D5}.Release|Any CPU.ActiveCfg = Release|Any CPU
		{41D73642-4F5A-4F3E-991B-D3D17D8682D5}.Release|Any CPU.Build.0 = Release|Any CPU
		{4FB9CB32-DF46-4EF6-B8F3-EA440581FB52}.Debug|Any CPU.ActiveCfg = Debug|Any CPU
		{4FB9CB32-DF46-4EF6-B8F3-EA440581FB52}.Debug|Any CPU.Build.0 = Debug|Any CPU
		{4FB9CB32-DF46-4EF6-B8F3-EA440581FB52}.Release|Any CPU.ActiveCfg = Release|Any CPU
		{4FB9CB32-DF46-4EF6-B8F3-EA440581FB52}.Release|Any CPU.Build.0 = Release|Any CPU
		{349DE147-59E8-423A-9689-D32DC85231DE}.Debug|Any CPU.ActiveCfg = Debug|Any CPU
		{349DE147-59E8-423A-9689-D32DC85231DE}.Debug|Any CPU.Build.0 = Debug|Any CPU
		{349DE147-59E8-423A-9689-D32DC85231DE}.Release|Any CPU.ActiveCfg = Release|Any CPU
		{349DE147-59E8-423A-9689-D32DC85231DE}.Release|Any CPU.Build.0 = Release|Any CPU
		{467489CF-06C4-49A1-B4C4-8548716F8142}.Debug|Any CPU.ActiveCfg = Debug|Any CPU
		{467489CF-06C4-49A1-B4C4-8548716F8142}.Debug|Any CPU.Build.0 = Debug|Any CPU
		{467489CF-06C4-49A1-B4C4-8548716F8142}.Release|Any CPU.ActiveCfg = Release|Any CPU
		{467489CF-06C4-49A1-B4C4-8548716F8142}.Release|Any CPU.Build.0 = Release|Any CPU
		{0E9DEDF0-5B0B-4CD7-A412-96493D01CB8F}.Debug|Any CPU.ActiveCfg = Debug|Any CPU
		{0E9DEDF0-5B0B-4CD7-A412-96493D01CB8F}.Debug|Any CPU.Build.0 = Debug|Any CPU
		{0E9DEDF0-5B0B-4CD7-A412-96493D01CB8F}.Release|Any CPU.ActiveCfg = Release|Any CPU
		{0E9DEDF0-5B0B-4CD7-A412-96493D01CB8F}.Release|Any CPU.Build.0 = Release|Any CPU
	EndGlobalSection
	GlobalSection(SolutionProperties) = preSolution
		HideSolutionNode = FALSE
	EndGlobalSection
	GlobalSection(NestedProjects) = preSolution
		{C4D18262-A854-4CC1-9020-16360200A7E1} = {0F6E77C0-90F0-4593-89EA-4830EE7A3084}
		{FB360F6D-F333-4C6F-9412-8E4041D43E47} = {0F6E77C0-90F0-4593-89EA-4830EE7A3084}
		{DDA57632-8AC6-4881-9B4C-6B7CC797E79D} = {0F6E77C0-90F0-4593-89EA-4830EE7A3084}
		{598FEBCE-2EA5-4771-9A16-962641293A0F} = {0F6E77C0-90F0-4593-89EA-4830EE7A3084}
		{C3321208-2844-4BEA-8C60-042893CE2B0A} = {0F6E77C0-90F0-4593-89EA-4830EE7A3084}
		{08B20787-8BA7-48CA-8390-E8C8351222DE} = {0F6E77C0-90F0-4593-89EA-4830EE7A3084}
		{A069E555-AA53-432B-B41F-A6B6BC83C60A} = {0F6E77C0-90F0-4593-89EA-4830EE7A3084}
		{5C334379-E664-43B6-BA71-22F3C688543C} = {51EBAD3B-B475-4587-A6DE-2CCDDC1952F7}
		{E2E0B8E8-6063-4BFC-A36F-D6E9DE846A2D} = {8682A1B5-6D4B-4176-8BC8-9F93018B12CE}
		{F3D1468C-1005-43FC-A786-4E0094DACED7} = {0F6E77C0-90F0-4593-89EA-4830EE7A3084}
		{DA158552-2650-49C3-B08E-3DB7A8F11054} = {8682A1B5-6D4B-4176-8BC8-9F93018B12CE}
		{4C10141F-F277-48F3-8611-82E0D315C433} = {8682A1B5-6D4B-4176-8BC8-9F93018B12CE}
		{B5A90B57-36A8-4AD8-804E-26E0553CCF02} = {4C10141F-F277-48F3-8611-82E0D315C433}
		{2FB4087F-72D8-4871-97F8-0D622D966031} = {4C10141F-F277-48F3-8611-82E0D315C433}
		{A3AF4FDA-8FE9-4BED-ABF2-B82EE83662C9} = {4C10141F-F277-48F3-8611-82E0D315C433}
		{7F92B95B-AA54-4473-B4F0-61C9ABDB6742} = {51EBAD3B-B475-4587-A6DE-2CCDDC1952F7}
		{4836898A-A46F-4139-A085-536903EE5E5A} = {0F6E77C0-90F0-4593-89EA-4830EE7A3084}
		{849A3BE7-363E-482E-AAC5-2E317EBFB216} = {0F6E77C0-90F0-4593-89EA-4830EE7A3084}
		{B14633BB-5793-4241-904F-848BD537B536} = {0F6E77C0-90F0-4593-89EA-4830EE7A3084}
		{DF925EFC-0AD1-4EB8-88F1-31AC0A550841} = {0F6E77C0-90F0-4593-89EA-4830EE7A3084}
		{5B41CE4C-91E4-4822-B2B2-5C8007164B03} = {0F6E77C0-90F0-4593-89EA-4830EE7A3084}
		{6B26D5C8-B3D4-434E-A18F-209D11514DC3} = {0F6E77C0-90F0-4593-89EA-4830EE7A3084}
		{527A478C-E586-44F1-AB4F-EA667B79D438} = {0F6E77C0-90F0-4593-89EA-4830EE7A3084}
		{7913D018-8716-41D8-92AC-888279CEBC3C} = {0F6E77C0-90F0-4593-89EA-4830EE7A3084}
		{DDC04251-EA38-4319-BC4D-3983FC35DEEF} = {0F6E77C0-90F0-4593-89EA-4830EE7A3084}
		{41D73642-4F5A-4F3E-991B-D3D17D8682D5} = {0F6E77C0-90F0-4593-89EA-4830EE7A3084}
		{4FB9CB32-DF46-4EF6-B8F3-EA440581FB52} = {8682A1B5-6D4B-4176-8BC8-9F93018B12CE}
		{349DE147-59E8-423A-9689-D32DC85231DE} = {8682A1B5-6D4B-4176-8BC8-9F93018B12CE}
		{467489CF-06C4-49A1-B4C4-8548716F8142} = {8682A1B5-6D4B-4176-8BC8-9F93018B12CE}
		{0E9DEDF0-5B0B-4CD7-A412-96493D01CB8F} = {8682A1B5-6D4B-4176-8BC8-9F93018B12CE}
	EndGlobalSection
	GlobalSection(ExtensibilityGlobals) = postSolution
		SolutionGuid = {5D718ACF-C9D8-4E4A-BBA7-AD3A525FE8B8}
	EndGlobalSection
EndGlobal
