
Microsoft Visual Studio Solution File, Format Version 12.00
# Visual Studio Version 16
VisualStudioVersion = 16.0.28606.126
MinimumVisualStudioVersion = 10.0.40219.1
Project("{2150E333-8FDC-42A3-9474-1A3956D46DE8}") = "src", "src", "{0F6E77C0-90F0-4593-89EA-4830EE7A3084}"
EndProject
Project("{2150E333-8FDC-42A3-9474-1A3956D46DE8}") = "test", "test", "{51EBAD3B-B475-4587-A6DE-2CCDDC1952F7}"
EndProject
Project("{2150E333-8FDC-42A3-9474-1A3956D46DE8}") = "samples", "samples", "{8682A1B5-6D4B-4176-8BC8-9F93018B12CE}"
EndProject
Project("{2150E333-8FDC-42A3-9474-1A3956D46DE8}") = "doc", "doc", "{F75BCF9E-AC6A-499D-B9F2-1E00FC6CA0EE}"
EndProject
Project("{9A19103F-16F7-4668-BE54-9A1E7A4F7556}") = "AI4E.AspNetCore", "src\AspNetCore\AI4E.AspNetCore\AI4E.AspNetCore.csproj", "{010A7464-8342-4908-A088-AFC034443668}"
EndProject
Project("{2150E333-8FDC-42A3-9474-1A3956D46DE8}") = "Shared", "Shared", "{41409423-EB79-4E5B-A87F-A9C0FD0D97DD}"
	ProjectSection(SolutionItems) = preProject
		src\Shared\CompressionHelper.cs = src\Shared\CompressionHelper.cs
		src\Shared\DataPropertyHelper.cs = src\Shared\DataPropertyHelper.cs
		src\Shared\EscapeHelper.cs = src\Shared\EscapeHelper.cs
		src\Shared\IdEqualityComparer.cs = src\Shared\IdEqualityComparer.cs
		src\Shared\IdGenerator.cs = src\Shared\IdGenerator.cs
		src\Shared\IPEndPointConverter.cs = src\Shared\IPEndPointConverter.cs
		src\Shared\NullabilityAttributes.cs = src\Shared\NullabilityAttributes.cs
		src\Shared\PrefixCodingHelper.cs = src\Shared\PrefixCodingHelper.cs
		src\Shared\ReconnectionManagerBase.cs = src\Shared\ReconnectionManagerBase.cs
		src\Shared\Serializer.cs = src\Shared\Serializer.cs
		src\Shared\TypeConverter.cs = src\Shared\TypeConverter.cs
	EndProjectSection
EndProject
Project("{2150E333-8FDC-42A3-9474-1A3956D46DE8}") = "AspNetCore", "AspNetCore", "{70BBC4D2-0F04-4688-9B25-702502C2181A}"
EndProject
Project("{2150E333-8FDC-42A3-9474-1A3956D46DE8}") = "dependencies", "dependencies", "{38C96900-8236-4EEE-B978-2611E26B3524}"
EndProject
Project("{9A19103F-16F7-4668-BE54-9A1E7A4F7556}") = "AI4E.Utils.ApplicationParts", "src\Utils\src\AI4E.Utils.ApplicationParts\AI4E.Utils.ApplicationParts.csproj", "{EB158BCF-26CF-44F3-8726-FA3E75EB9FCC}"
EndProject
Project("{9A19103F-16F7-4668-BE54-9A1E7A4F7556}") = "AI4E.Utils.Memory", "src\Utils\src\AI4E.Utils.Memory\AI4E.Utils.Memory.csproj", "{86A1D158-1FFC-45A1-AC45-03DB104FF8A9}"
EndProject
Project("{9A19103F-16F7-4668-BE54-9A1E7A4F7556}") = "AI4E.Utils.Memory.Compatibility", "src\Utils\src\AI4E.Utils.Memory.Compatibility\AI4E.Utils.Memory.Compatibility.csproj", "{83DCB3C7-4C6D-4999-BE6B-8045F487BB32}"
EndProject
Project("{9A19103F-16F7-4668-BE54-9A1E7A4F7556}") = "AI4E.Utils.Messaging.Primitives", "src\Utils\src\AI4E.Utils.Messaging.Primitives\AI4E.Utils.Messaging.Primitives.csproj", "{F7F29BAE-B74A-43FB-958B-9BEDAFA0FE17}"
EndProject
Project("{9A19103F-16F7-4668-BE54-9A1E7A4F7556}") = "AI4E.Utils.ObjectClone", "src\Utils\src\AI4E.Utils.ObjectClone\AI4E.Utils.ObjectClone.csproj", "{75820793-5EF7-4C59-BBAF-317E99DC09BE}"
EndProject
Project("{9A19103F-16F7-4668-BE54-9A1E7A4F7556}") = "AI4E.Utils.Proxying", "src\Utils\src\AI4E.Utils.Proxying\AI4E.Utils.Proxying.csproj", "{F80CC21C-E022-4ED7-8748-A6145F8168A2}"
EndProject
Project("{9A19103F-16F7-4668-BE54-9A1E7A4F7556}") = "AI4E.Messaging.Abstractions", "src\Messaging\src\AI4E.Messaging.Abstractions\AI4E.Messaging.Abstractions.csproj", "{B96E5051-70F1-4608-A0A4-5C246C07E39C}"
EndProject
Project("{9A19103F-16F7-4668-BE54-9A1E7A4F7556}") = "AI4E.Messaging", "src\Messaging\src\AI4E.Messaging\AI4E.Messaging.csproj", "{1F031F1B-9593-4E13-90F2-3F145DB03B56}"
EndProject
Project("{9A19103F-16F7-4668-BE54-9A1E7A4F7556}") = "AI4E.Utils.DependencyInjection", "src\Utils\src\AI4E.Utils.DependencyInjection\AI4E.Utils.DependencyInjection.csproj", "{B920DD59-2D0E-4FEF-BEB3-BF6347268FEB}"
EndProject
Project("{9A19103F-16F7-4668-BE54-9A1E7A4F7556}") = "AI4E.Utils", "src\Utils\src\AI4E.Utils\AI4E.Utils.csproj", "{701F1B17-AF1A-4050-816C-5526154B7624}"
EndProject
Global
	GlobalSection(SolutionConfigurationPlatforms) = preSolution
		Debug|Any CPU = Debug|Any CPU
		Release|Any CPU = Release|Any CPU
	EndGlobalSection
	GlobalSection(ProjectConfigurationPlatforms) = postSolution
		{010A7464-8342-4908-A088-AFC034443668}.Debug|Any CPU.ActiveCfg = Debug|Any CPU
		{010A7464-8342-4908-A088-AFC034443668}.Debug|Any CPU.Build.0 = Debug|Any CPU
		{010A7464-8342-4908-A088-AFC034443668}.Release|Any CPU.ActiveCfg = Release|Any CPU
		{010A7464-8342-4908-A088-AFC034443668}.Release|Any CPU.Build.0 = Release|Any CPU
		{EB158BCF-26CF-44F3-8726-FA3E75EB9FCC}.Debug|Any CPU.ActiveCfg = Debug|Any CPU
		{EB158BCF-26CF-44F3-8726-FA3E75EB9FCC}.Debug|Any CPU.Build.0 = Debug|Any CPU
		{EB158BCF-26CF-44F3-8726-FA3E75EB9FCC}.Release|Any CPU.ActiveCfg = Release|Any CPU
		{EB158BCF-26CF-44F3-8726-FA3E75EB9FCC}.Release|Any CPU.Build.0 = Release|Any CPU
		{86A1D158-1FFC-45A1-AC45-03DB104FF8A9}.Debug|Any CPU.ActiveCfg = Debug|Any CPU
		{86A1D158-1FFC-45A1-AC45-03DB104FF8A9}.Debug|Any CPU.Build.0 = Debug|Any CPU
		{86A1D158-1FFC-45A1-AC45-03DB104FF8A9}.Release|Any CPU.ActiveCfg = Release|Any CPU
		{86A1D158-1FFC-45A1-AC45-03DB104FF8A9}.Release|Any CPU.Build.0 = Release|Any CPU
		{83DCB3C7-4C6D-4999-BE6B-8045F487BB32}.Debug|Any CPU.ActiveCfg = Debug|Any CPU
		{83DCB3C7-4C6D-4999-BE6B-8045F487BB32}.Debug|Any CPU.Build.0 = Debug|Any CPU
		{83DCB3C7-4C6D-4999-BE6B-8045F487BB32}.Release|Any CPU.ActiveCfg = Release|Any CPU
		{83DCB3C7-4C6D-4999-BE6B-8045F487BB32}.Release|Any CPU.Build.0 = Release|Any CPU
		{F7F29BAE-B74A-43FB-958B-9BEDAFA0FE17}.Debug|Any CPU.ActiveCfg = Debug|Any CPU
		{F7F29BAE-B74A-43FB-958B-9BEDAFA0FE17}.Debug|Any CPU.Build.0 = Debug|Any CPU
		{F7F29BAE-B74A-43FB-958B-9BEDAFA0FE17}.Release|Any CPU.ActiveCfg = Release|Any CPU
		{F7F29BAE-B74A-43FB-958B-9BEDAFA0FE17}.Release|Any CPU.Build.0 = Release|Any CPU
		{75820793-5EF7-4C59-BBAF-317E99DC09BE}.Debug|Any CPU.ActiveCfg = Debug|Any CPU
		{75820793-5EF7-4C59-BBAF-317E99DC09BE}.Debug|Any CPU.Build.0 = Debug|Any CPU
		{75820793-5EF7-4C59-BBAF-317E99DC09BE}.Release|Any CPU.ActiveCfg = Release|Any CPU
		{75820793-5EF7-4C59-BBAF-317E99DC09BE}.Release|Any CPU.Build.0 = Release|Any CPU
		{F80CC21C-E022-4ED7-8748-A6145F8168A2}.Debug|Any CPU.ActiveCfg = Debug|Any CPU
		{F80CC21C-E022-4ED7-8748-A6145F8168A2}.Debug|Any CPU.Build.0 = Debug|Any CPU
		{F80CC21C-E022-4ED7-8748-A6145F8168A2}.Release|Any CPU.ActiveCfg = Release|Any CPU
		{F80CC21C-E022-4ED7-8748-A6145F8168A2}.Release|Any CPU.Build.0 = Release|Any CPU
		{B96E5051-70F1-4608-A0A4-5C246C07E39C}.Debug|Any CPU.ActiveCfg = Debug|Any CPU
		{B96E5051-70F1-4608-A0A4-5C246C07E39C}.Debug|Any CPU.Build.0 = Debug|Any CPU
		{B96E5051-70F1-4608-A0A4-5C246C07E39C}.Release|Any CPU.ActiveCfg = Release|Any CPU
		{B96E5051-70F1-4608-A0A4-5C246C07E39C}.Release|Any CPU.Build.0 = Release|Any CPU
		{1F031F1B-9593-4E13-90F2-3F145DB03B56}.Debug|Any CPU.ActiveCfg = Debug|Any CPU
		{1F031F1B-9593-4E13-90F2-3F145DB03B56}.Debug|Any CPU.Build.0 = Debug|Any CPU
		{1F031F1B-9593-4E13-90F2-3F145DB03B56}.Release|Any CPU.ActiveCfg = Release|Any CPU
		{1F031F1B-9593-4E13-90F2-3F145DB03B56}.Release|Any CPU.Build.0 = Release|Any CPU
		{B920DD59-2D0E-4FEF-BEB3-BF6347268FEB}.Debug|Any CPU.ActiveCfg = Debug|Any CPU
		{B920DD59-2D0E-4FEF-BEB3-BF6347268FEB}.Debug|Any CPU.Build.0 = Debug|Any CPU
		{B920DD59-2D0E-4FEF-BEB3-BF6347268FEB}.Release|Any CPU.ActiveCfg = Release|Any CPU
		{B920DD59-2D0E-4FEF-BEB3-BF6347268FEB}.Release|Any CPU.Build.0 = Release|Any CPU
		{701F1B17-AF1A-4050-816C-5526154B7624}.Debug|Any CPU.ActiveCfg = Debug|Any CPU
		{701F1B17-AF1A-4050-816C-5526154B7624}.Debug|Any CPU.Build.0 = Debug|Any CPU
		{701F1B17-AF1A-4050-816C-5526154B7624}.Release|Any CPU.ActiveCfg = Release|Any CPU
		{701F1B17-AF1A-4050-816C-5526154B7624}.Release|Any CPU.Build.0 = Release|Any CPU
	EndGlobalSection
	GlobalSection(SolutionProperties) = preSolution
		HideSolutionNode = FALSE
	EndGlobalSection
	GlobalSection(NestedProjects) = preSolution
		{010A7464-8342-4908-A088-AFC034443668} = {70BBC4D2-0F04-4688-9B25-702502C2181A}
		{41409423-EB79-4E5B-A87F-A9C0FD0D97DD} = {0F6E77C0-90F0-4593-89EA-4830EE7A3084}
		{70BBC4D2-0F04-4688-9B25-702502C2181A} = {0F6E77C0-90F0-4593-89EA-4830EE7A3084}
		{EB158BCF-26CF-44F3-8726-FA3E75EB9FCC} = {38C96900-8236-4EEE-B978-2611E26B3524}
		{86A1D158-1FFC-45A1-AC45-03DB104FF8A9} = {38C96900-8236-4EEE-B978-2611E26B3524}
		{83DCB3C7-4C6D-4999-BE6B-8045F487BB32} = {38C96900-8236-4EEE-B978-2611E26B3524}
		{F7F29BAE-B74A-43FB-958B-9BEDAFA0FE17} = {38C96900-8236-4EEE-B978-2611E26B3524}
		{75820793-5EF7-4C59-BBAF-317E99DC09BE} = {38C96900-8236-4EEE-B978-2611E26B3524}
		{F80CC21C-E022-4ED7-8748-A6145F8168A2} = {38C96900-8236-4EEE-B978-2611E26B3524}
		{B96E5051-70F1-4608-A0A4-5C246C07E39C} = {38C96900-8236-4EEE-B978-2611E26B3524}
		{1F031F1B-9593-4E13-90F2-3F145DB03B56} = {38C96900-8236-4EEE-B978-2611E26B3524}
		{B920DD59-2D0E-4FEF-BEB3-BF6347268FEB} = {38C96900-8236-4EEE-B978-2611E26B3524}
		{701F1B17-AF1A-4050-816C-5526154B7624} = {38C96900-8236-4EEE-B978-2611E26B3524}
	EndGlobalSection
	GlobalSection(ExtensibilityGlobals) = postSolution
		SolutionGuid = {5D718ACF-C9D8-4E4A-BBA7-AD3A525FE8B8}
	EndGlobalSection
EndGlobal
