
Microsoft Visual Studio Solution File, Format Version 12.00
# Visual Studio Version 16
VisualStudioVersion = 16.0.28606.126
MinimumVisualStudioVersion = 10.0.40219.1
Project("{2150E333-8FDC-42A3-9474-1A3956D46DE8}") = "src", "src", "{0F6E77C0-90F0-4593-89EA-4830EE7A3084}"
EndProject
Project("{2150E333-8FDC-42A3-9474-1A3956D46DE8}") = "test", "test", "{51EBAD3B-B475-4587-A6DE-2CCDDC1952F7}"
EndProject
Project("{9A19103F-16F7-4668-BE54-9A1E7A4F7556}") = "AI4E.Domain", "src\Domain\AI4E.Domain\AI4E.Domain.csproj", "{08B20787-8BA7-48CA-8390-E8C8351222DE}"
EndProject
Project("{9A19103F-16F7-4668-BE54-9A1E7A4F7556}") = "AI4E.Domain.Services", "src\Domain\AI4E.Domain.Services\AI4E.Domain.Services.csproj", "{A069E555-AA53-432B-B41F-A6B6BC83C60A}"
EndProject
Project("{2150E333-8FDC-42A3-9474-1A3956D46DE8}") = "samples", "samples", "{8682A1B5-6D4B-4176-8BC8-9F93018B12CE}"
EndProject
Project("{2150E333-8FDC-42A3-9474-1A3956D46DE8}") = "doc", "doc", "{F75BCF9E-AC6A-499D-B9F2-1E00FC6CA0EE}"
EndProject
Project("{2150E333-8FDC-42A3-9474-1A3956D46DE8}") = "tools", "tools", "{391CBBDB-848A-472B-A4EE-BA542324983E}"
EndProject
Project("{9A19103F-16F7-4668-BE54-9A1E7A4F7556}") = "AI4E.Modularity", "src\Modularity\AI4E.Modularity\AI4E.Modularity.csproj", "{849A3BE7-363E-482E-AAC5-2E317EBFB216}"
EndProject
Project("{9A19103F-16F7-4668-BE54-9A1E7A4F7556}") = "AI4E.Modularity.Abstractions", "src\Modularity\AI4E.Modularity.Abstractions\AI4E.Modularity.Abstractions.csproj", "{B14633BB-5793-4241-904F-848BD537B536}"
EndProject
Project("{9A19103F-16F7-4668-BE54-9A1E7A4F7556}") = "AI4E.AspNetCore", "src\AspNetCore\AI4E.AspNetCore\AI4E.AspNetCore.csproj", "{010A7464-8342-4908-A088-AFC034443668}"
EndProject
Project("{9A19103F-16F7-4668-BE54-9A1E7A4F7556}") = "AI4E.Modularity.Host", "src\Modularity.Host\AI4E.Modularity.Host\AI4E.Modularity.Host.csproj", "{32321136-FE8A-4331-A0D2-CE1712BFBC9C}"
EndProject
Project("{9A19103F-16F7-4668-BE54-9A1E7A4F7556}") = "AI4E.Modularity.Module", "src\Modularity.Module\AI4E.Modularity.Module\AI4E.Modularity.Module.csproj", "{7AA16B8A-A2CC-4E40-BCDD-812FC91200B0}"
EndProject
Project("{9A19103F-16F7-4668-BE54-9A1E7A4F7556}") = "AI4E.Modularity.ModulePacker", "tools\AI4E.Modularity.ModulePacker\AI4E.Modularity.ModulePacker.csproj", "{DADC7AF4-04CD-4D48-9D9C-665402AB4F2A}"
EndProject
Project("{9A19103F-16F7-4668-BE54-9A1E7A4F7556}") = "AI4E.Modularity.Debug", "src\Modularity\AI4E.Modularity.Debug\AI4E.Modularity.Debug.csproj", "{86689E0F-49EB-47C7-B099-3E72524EA3A8}"
EndProject
Project("{9A19103F-16F7-4668-BE54-9A1E7A4F7556}") = "AI4E.Modularity.Host.Abstractions", "src\Modularity.Host\AI4E.Modularity.Host.Abstractions\AI4E.Modularity.Host.Abstractions.csproj", "{69EDBD83-9953-490A-81CF-C274A874D7FB}"
EndProject
Project("{9A19103F-16F7-4668-BE54-9A1E7A4F7556}") = "AI4E.Modularity.Module.Abstractions", "src\Modularity.Module\AI4E.Modularity.Module.Abstractions\AI4E.Modularity.Module.Abstractions.csproj", "{646D6E27-36BE-4E46-90BE-65DDF12EE068}"
EndProject
Project("{9A19103F-16F7-4668-BE54-9A1E7A4F7556}") = "AI4E.Modularity.Host.Debug", "src\Modularity.Host\AI4E.Modularity.Host.Debug\AI4E.Modularity.Host.Debug.csproj", "{73AB16A4-866E-4393-9AB5-43068709E069}"
EndProject
Project("{9A19103F-16F7-4668-BE54-9A1E7A4F7556}") = "AI4E.Modularity.Module.Debug", "src\Modularity.Module\AI4E.Modularity.Module.Debug\AI4E.Modularity.Module.Debug.csproj", "{A8F2064C-A033-4BE6-9AC0-3254127D4973}"
EndProject
Project("{2150E333-8FDC-42A3-9474-1A3956D46DE8}") = "Shared", "Shared", "{41409423-EB79-4E5B-A87F-A9C0FD0D97DD}"
	ProjectSection(SolutionItems) = preProject
		src\Shared\CompressionHelper.cs = src\Shared\CompressionHelper.cs
		src\Shared\DataPropertyHelper.cs = src\Shared\DataPropertyHelper.cs
		src\Shared\EscapeHelper.cs = src\Shared\EscapeHelper.cs
		src\Shared\IdEqualityComparer.cs = src\Shared\IdEqualityComparer.cs
		src\Shared\IdGenerator.cs = src\Shared\IdGenerator.cs
		src\Shared\IPEndPointConverter.cs = src\Shared\IPEndPointConverter.cs
		src\Shared\NullabilityAttributes.cs = src\Shared\NullabilityAttributes.cs
		src\Shared\PrefixCodingHelper.cs = src\Shared\PrefixCodingHelper.cs
		src\Shared\ReconnectionManagerBase.cs = src\Shared\ReconnectionManagerBase.cs
		src\Shared\Serializer.cs = src\Shared\Serializer.cs
		src\Shared\TypeConverter.cs = src\Shared\TypeConverter.cs
	EndProjectSection
EndProject
Project("{2150E333-8FDC-42A3-9474-1A3956D46DE8}") = "AspNetCore", "AspNetCore", "{70BBC4D2-0F04-4688-9B25-702502C2181A}"
EndProject
Project("{2150E333-8FDC-42A3-9474-1A3956D46DE8}") = "Domain", "Domain", "{CB904CD9-36C0-45A9-AFED-B62E838D09DD}"
EndProject
Project("{2150E333-8FDC-42A3-9474-1A3956D46DE8}") = "Modularity", "Modularity", "{C98B9E6E-F01C-41D3-A28D-076482D06861}"
EndProject
Project("{2150E333-8FDC-42A3-9474-1A3956D46DE8}") = "Modularity.Host", "Modularity.Host", "{0A723F13-962C-4629-89C6-0C9B9488EAC2}"
EndProject
Project("{2150E333-8FDC-42A3-9474-1A3956D46DE8}") = "Modularity.Module", "Modularity.Module", "{358DF0A2-D735-4A2C-9D99-9CFE52BFE63D}"
EndProject
Project("{2150E333-8FDC-42A3-9474-1A3956D46DE8}") = "dependencies", "dependencies", "{38C96900-8236-4EEE-B978-2611E26B3524}"
EndProject
Project("{9A19103F-16F7-4668-BE54-9A1E7A4F7556}") = "AI4E.Utils.ApplicationParts", "src\Utils\src\AI4E.Utils.ApplicationParts\AI4E.Utils.ApplicationParts.csproj", "{EB158BCF-26CF-44F3-8726-FA3E75EB9FCC}"
EndProject
Project("{9A19103F-16F7-4668-BE54-9A1E7A4F7556}") = "AI4E.Utils.Memory", "src\Utils\src\AI4E.Utils.Memory\AI4E.Utils.Memory.csproj", "{86A1D158-1FFC-45A1-AC45-03DB104FF8A9}"
EndProject
Project("{9A19103F-16F7-4668-BE54-9A1E7A4F7556}") = "AI4E.Utils.Memory.Compatibility", "src\Utils\src\AI4E.Utils.Memory.Compatibility\AI4E.Utils.Memory.Compatibility.csproj", "{83DCB3C7-4C6D-4999-BE6B-8045F487BB32}"
EndProject
Project("{9A19103F-16F7-4668-BE54-9A1E7A4F7556}") = "AI4E.Utils.Messaging.Primitives", "src\Utils\src\AI4E.Utils.Messaging.Primitives\AI4E.Utils.Messaging.Primitives.csproj", "{F7F29BAE-B74A-43FB-958B-9BEDAFA0FE17}"
EndProject
Project("{9A19103F-16F7-4668-BE54-9A1E7A4F7556}") = "AI4E.Utils.ObjectClone", "src\Utils\src\AI4E.Utils.ObjectClone\AI4E.Utils.ObjectClone.csproj", "{75820793-5EF7-4C59-BBAF-317E99DC09BE}"
EndProject
Project("{9A19103F-16F7-4668-BE54-9A1E7A4F7556}") = "AI4E.Utils.Proxying", "src\Utils\src\AI4E.Utils.Proxying\AI4E.Utils.Proxying.csproj", "{F80CC21C-E022-4ED7-8748-A6145F8168A2}"
EndProject
Project("{9A19103F-16F7-4668-BE54-9A1E7A4F7556}") = "AI4E.Messaging.Abstractions", "src\Messaging\src\AI4E.Messaging.Abstractions\AI4E.Messaging.Abstractions.csproj", "{B96E5051-70F1-4608-A0A4-5C246C07E39C}"
EndProject
Project("{9A19103F-16F7-4668-BE54-9A1E7A4F7556}") = "AI4E.Messaging", "src\Messaging\src\AI4E.Messaging\AI4E.Messaging.csproj", "{1F031F1B-9593-4E13-90F2-3F145DB03B56}"
EndProject
Project("{9A19103F-16F7-4668-BE54-9A1E7A4F7556}") = "AI4E.Utils.DependencyInjection", "src\Utils\src\AI4E.Utils.DependencyInjection\AI4E.Utils.DependencyInjection.csproj", "{B920DD59-2D0E-4FEF-BEB3-BF6347268FEB}"
EndProject
Project("{9A19103F-16F7-4668-BE54-9A1E7A4F7556}") = "AI4E.Utils", "src\Utils\src\AI4E.Utils\AI4E.Utils.csproj", "{701F1B17-AF1A-4050-816C-5526154B7624}"
EndProject
Project("{9A19103F-16F7-4668-BE54-9A1E7A4F7556}") = "AI4E.Storage.Abstractions", "src\Storage\src\AI4E.Storage.Abstractions\AI4E.Storage.Abstractions.csproj", "{FBC42A97-79CB-4551-8D01-AA13E66BECC9}"
EndProject
Project("{9A19103F-16F7-4668-BE54-9A1E7A4F7556}") = "AI4E.Storage", "src\Storage\src\AI4E.Storage\AI4E.Storage.csproj", "{39ACC802-E2FC-484C-888D-DBB5E35FD36E}"
EndProject
Project("{9A19103F-16F7-4668-BE54-9A1E7A4F7556}") = "AI4E.Storage.Domain", "src\Storage\src\AI4E.Storage.Domain\AI4E.Storage.Domain.csproj", "{AA5649FD-5C9F-47A0-9EFB-DFFB36AE52E1}"
EndProject
Project("{9A19103F-16F7-4668-BE54-9A1E7A4F7556}") = "AI4E.Storage.Domain.Abstractions", "src\Storage\src\AI4E.Storage.Domain.Abstractions\AI4E.Storage.Domain.Abstractions.csproj", "{A454CB2F-6321-491E-ABDD-C94918331D70}"
EndProject
Project("{9A19103F-16F7-4668-BE54-9A1E7A4F7556}") = "AI4E.Storage.Coordination.Abstractions", "src\Storage\src\AI4E.Storage.Coordination.Abstractions\AI4E.Storage.Coordination.Abstractions.csproj", "{964E413E-E680-4736-94A2-0329B3B89EA6}"
EndProject
Project("{9A19103F-16F7-4668-BE54-9A1E7A4F7556}") = "AI4E.Storage.Coordination", "src\Storage\src\AI4E.Storage.Coordination\AI4E.Storage.Coordination.csproj", "{F58F6BE2-2BB4-458F-A7F7-A60DD0E3230A}"
EndProject
Project("{9A19103F-16F7-4668-BE54-9A1E7A4F7556}") = "AI4E.Storage.Projection.Abstractions", "src\Storage\src\AI4E.Storage.Projection.Abstractions\AI4E.Storage.Projection.Abstractions.csproj", "{06A96F8D-B5A3-4C55-9636-4E2EEA60F2B2}"
EndProject
Project("{9A19103F-16F7-4668-BE54-9A1E7A4F7556}") = "AI4E.Storage.Projection", "src\Storage\src\AI4E.Storage.Projection\AI4E.Storage.Projection.csproj", "{815C8742-ECE8-4494-9869-80C03BDC864A}"
EndProject
Project("{9A19103F-16F7-4668-BE54-9A1E7A4F7556}") = "AI4E.Storage.InMemory", "src\Storage\src\AI4E.Storage.InMemory\AI4E.Storage.InMemory.csproj", "{D63ACBA7-B289-47E0-8F11-8301CFBED75F}"
EndProject
Global
	GlobalSection(SolutionConfigurationPlatforms) = preSolution
		Debug|Any CPU = Debug|Any CPU
		Release|Any CPU = Release|Any CPU
	EndGlobalSection
	GlobalSection(ProjectConfigurationPlatforms) = postSolution
		{08B20787-8BA7-48CA-8390-E8C8351222DE}.Debug|Any CPU.ActiveCfg = Debug|Any CPU
		{08B20787-8BA7-48CA-8390-E8C8351222DE}.Debug|Any CPU.Build.0 = Debug|Any CPU
		{08B20787-8BA7-48CA-8390-E8C8351222DE}.Release|Any CPU.ActiveCfg = Release|Any CPU
		{08B20787-8BA7-48CA-8390-E8C8351222DE}.Release|Any CPU.Build.0 = Release|Any CPU
		{A069E555-AA53-432B-B41F-A6B6BC83C60A}.Debug|Any CPU.ActiveCfg = Debug|Any CPU
		{A069E555-AA53-432B-B41F-A6B6BC83C60A}.Debug|Any CPU.Build.0 = Debug|Any CPU
		{A069E555-AA53-432B-B41F-A6B6BC83C60A}.Release|Any CPU.ActiveCfg = Release|Any CPU
		{A069E555-AA53-432B-B41F-A6B6BC83C60A}.Release|Any CPU.Build.0 = Release|Any CPU
		{849A3BE7-363E-482E-AAC5-2E317EBFB216}.Debug|Any CPU.ActiveCfg = Debug|Any CPU
		{849A3BE7-363E-482E-AAC5-2E317EBFB216}.Debug|Any CPU.Build.0 = Debug|Any CPU
		{849A3BE7-363E-482E-AAC5-2E317EBFB216}.Release|Any CPU.ActiveCfg = Release|Any CPU
		{849A3BE7-363E-482E-AAC5-2E317EBFB216}.Release|Any CPU.Build.0 = Release|Any CPU
		{B14633BB-5793-4241-904F-848BD537B536}.Debug|Any CPU.ActiveCfg = Debug|Any CPU
		{B14633BB-5793-4241-904F-848BD537B536}.Debug|Any CPU.Build.0 = Debug|Any CPU
		{B14633BB-5793-4241-904F-848BD537B536}.Release|Any CPU.ActiveCfg = Release|Any CPU
		{B14633BB-5793-4241-904F-848BD537B536}.Release|Any CPU.Build.0 = Release|Any CPU
		{010A7464-8342-4908-A088-AFC034443668}.Debug|Any CPU.ActiveCfg = Debug|Any CPU
		{010A7464-8342-4908-A088-AFC034443668}.Debug|Any CPU.Build.0 = Debug|Any CPU
		{010A7464-8342-4908-A088-AFC034443668}.Release|Any CPU.ActiveCfg = Release|Any CPU
		{010A7464-8342-4908-A088-AFC034443668}.Release|Any CPU.Build.0 = Release|Any CPU
		{32321136-FE8A-4331-A0D2-CE1712BFBC9C}.Debug|Any CPU.ActiveCfg = Debug|Any CPU
		{32321136-FE8A-4331-A0D2-CE1712BFBC9C}.Debug|Any CPU.Build.0 = Debug|Any CPU
		{32321136-FE8A-4331-A0D2-CE1712BFBC9C}.Release|Any CPU.ActiveCfg = Release|Any CPU
		{32321136-FE8A-4331-A0D2-CE1712BFBC9C}.Release|Any CPU.Build.0 = Release|Any CPU
		{7AA16B8A-A2CC-4E40-BCDD-812FC91200B0}.Debug|Any CPU.ActiveCfg = Debug|Any CPU
		{7AA16B8A-A2CC-4E40-BCDD-812FC91200B0}.Debug|Any CPU.Build.0 = Debug|Any CPU
		{7AA16B8A-A2CC-4E40-BCDD-812FC91200B0}.Release|Any CPU.ActiveCfg = Release|Any CPU
		{7AA16B8A-A2CC-4E40-BCDD-812FC91200B0}.Release|Any CPU.Build.0 = Release|Any CPU
		{DADC7AF4-04CD-4D48-9D9C-665402AB4F2A}.Debug|Any CPU.ActiveCfg = Debug|Any CPU
		{DADC7AF4-04CD-4D48-9D9C-665402AB4F2A}.Debug|Any CPU.Build.0 = Debug|Any CPU
		{DADC7AF4-04CD-4D48-9D9C-665402AB4F2A}.Release|Any CPU.ActiveCfg = Release|Any CPU
		{DADC7AF4-04CD-4D48-9D9C-665402AB4F2A}.Release|Any CPU.Build.0 = Release|Any CPU
		{86689E0F-49EB-47C7-B099-3E72524EA3A8}.Debug|Any CPU.ActiveCfg = Debug|Any CPU
		{86689E0F-49EB-47C7-B099-3E72524EA3A8}.Debug|Any CPU.Build.0 = Debug|Any CPU
		{86689E0F-49EB-47C7-B099-3E72524EA3A8}.Release|Any CPU.ActiveCfg = Release|Any CPU
		{86689E0F-49EB-47C7-B099-3E72524EA3A8}.Release|Any CPU.Build.0 = Release|Any CPU
		{69EDBD83-9953-490A-81CF-C274A874D7FB}.Debug|Any CPU.ActiveCfg = Debug|Any CPU
		{69EDBD83-9953-490A-81CF-C274A874D7FB}.Debug|Any CPU.Build.0 = Debug|Any CPU
		{69EDBD83-9953-490A-81CF-C274A874D7FB}.Release|Any CPU.ActiveCfg = Release|Any CPU
		{69EDBD83-9953-490A-81CF-C274A874D7FB}.Release|Any CPU.Build.0 = Release|Any CPU
		{646D6E27-36BE-4E46-90BE-65DDF12EE068}.Debug|Any CPU.ActiveCfg = Debug|Any CPU
		{646D6E27-36BE-4E46-90BE-65DDF12EE068}.Debug|Any CPU.Build.0 = Debug|Any CPU
		{646D6E27-36BE-4E46-90BE-65DDF12EE068}.Release|Any CPU.ActiveCfg = Release|Any CPU
		{646D6E27-36BE-4E46-90BE-65DDF12EE068}.Release|Any CPU.Build.0 = Release|Any CPU
		{73AB16A4-866E-4393-9AB5-43068709E069}.Debug|Any CPU.ActiveCfg = Debug|Any CPU
		{73AB16A4-866E-4393-9AB5-43068709E069}.Debug|Any CPU.Build.0 = Debug|Any CPU
		{73AB16A4-866E-4393-9AB5-43068709E069}.Release|Any CPU.ActiveCfg = Release|Any CPU
		{73AB16A4-866E-4393-9AB5-43068709E069}.Release|Any CPU.Build.0 = Release|Any CPU
		{A8F2064C-A033-4BE6-9AC0-3254127D4973}.Debug|Any CPU.ActiveCfg = Debug|Any CPU
		{A8F2064C-A033-4BE6-9AC0-3254127D4973}.Debug|Any CPU.Build.0 = Debug|Any CPU
		{A8F2064C-A033-4BE6-9AC0-3254127D4973}.Release|Any CPU.ActiveCfg = Release|Any CPU
		{A8F2064C-A033-4BE6-9AC0-3254127D4973}.Release|Any CPU.Build.0 = Release|Any CPU
		{EB158BCF-26CF-44F3-8726-FA3E75EB9FCC}.Debug|Any CPU.ActiveCfg = Debug|Any CPU
		{EB158BCF-26CF-44F3-8726-FA3E75EB9FCC}.Debug|Any CPU.Build.0 = Debug|Any CPU
		{EB158BCF-26CF-44F3-8726-FA3E75EB9FCC}.Release|Any CPU.ActiveCfg = Release|Any CPU
		{EB158BCF-26CF-44F3-8726-FA3E75EB9FCC}.Release|Any CPU.Build.0 = Release|Any CPU
		{86A1D158-1FFC-45A1-AC45-03DB104FF8A9}.Debug|Any CPU.ActiveCfg = Debug|Any CPU
		{86A1D158-1FFC-45A1-AC45-03DB104FF8A9}.Debug|Any CPU.Build.0 = Debug|Any CPU
		{86A1D158-1FFC-45A1-AC45-03DB104FF8A9}.Release|Any CPU.ActiveCfg = Release|Any CPU
		{86A1D158-1FFC-45A1-AC45-03DB104FF8A9}.Release|Any CPU.Build.0 = Release|Any CPU
		{83DCB3C7-4C6D-4999-BE6B-8045F487BB32}.Debug|Any CPU.ActiveCfg = Debug|Any CPU
		{83DCB3C7-4C6D-4999-BE6B-8045F487BB32}.Debug|Any CPU.Build.0 = Debug|Any CPU
		{83DCB3C7-4C6D-4999-BE6B-8045F487BB32}.Release|Any CPU.ActiveCfg = Release|Any CPU
		{83DCB3C7-4C6D-4999-BE6B-8045F487BB32}.Release|Any CPU.Build.0 = Release|Any CPU
		{F7F29BAE-B74A-43FB-958B-9BEDAFA0FE17}.Debug|Any CPU.ActiveCfg = Debug|Any CPU
		{F7F29BAE-B74A-43FB-958B-9BEDAFA0FE17}.Debug|Any CPU.Build.0 = Debug|Any CPU
		{F7F29BAE-B74A-43FB-958B-9BEDAFA0FE17}.Release|Any CPU.ActiveCfg = Release|Any CPU
		{F7F29BAE-B74A-43FB-958B-9BEDAFA0FE17}.Release|Any CPU.Build.0 = Release|Any CPU
		{75820793-5EF7-4C59-BBAF-317E99DC09BE}.Debug|Any CPU.ActiveCfg = Debug|Any CPU
		{75820793-5EF7-4C59-BBAF-317E99DC09BE}.Debug|Any CPU.Build.0 = Debug|Any CPU
		{75820793-5EF7-4C59-BBAF-317E99DC09BE}.Release|Any CPU.ActiveCfg = Release|Any CPU
		{75820793-5EF7-4C59-BBAF-317E99DC09BE}.Release|Any CPU.Build.0 = Release|Any CPU
		{F80CC21C-E022-4ED7-8748-A6145F8168A2}.Debug|Any CPU.ActiveCfg = Debug|Any CPU
		{F80CC21C-E022-4ED7-8748-A6145F8168A2}.Debug|Any CPU.Build.0 = Debug|Any CPU
		{F80CC21C-E022-4ED7-8748-A6145F8168A2}.Release|Any CPU.ActiveCfg = Release|Any CPU
		{F80CC21C-E022-4ED7-8748-A6145F8168A2}.Release|Any CPU.Build.0 = Release|Any CPU
		{B96E5051-70F1-4608-A0A4-5C246C07E39C}.Debug|Any CPU.ActiveCfg = Debug|Any CPU
		{B96E5051-70F1-4608-A0A4-5C246C07E39C}.Debug|Any CPU.Build.0 = Debug|Any CPU
		{B96E5051-70F1-4608-A0A4-5C246C07E39C}.Release|Any CPU.ActiveCfg = Release|Any CPU
		{B96E5051-70F1-4608-A0A4-5C246C07E39C}.Release|Any CPU.Build.0 = Release|Any CPU
		{1F031F1B-9593-4E13-90F2-3F145DB03B56}.Debug|Any CPU.ActiveCfg = Debug|Any CPU
		{1F031F1B-9593-4E13-90F2-3F145DB03B56}.Debug|Any CPU.Build.0 = Debug|Any CPU
		{1F031F1B-9593-4E13-90F2-3F145DB03B56}.Release|Any CPU.ActiveCfg = Release|Any CPU
		{1F031F1B-9593-4E13-90F2-3F145DB03B56}.Release|Any CPU.Build.0 = Release|Any CPU
		{B920DD59-2D0E-4FEF-BEB3-BF6347268FEB}.Debug|Any CPU.ActiveCfg = Debug|Any CPU
		{B920DD59-2D0E-4FEF-BEB3-BF6347268FEB}.Debug|Any CPU.Build.0 = Debug|Any CPU
		{B920DD59-2D0E-4FEF-BEB3-BF6347268FEB}.Release|Any CPU.ActiveCfg = Release|Any CPU
		{B920DD59-2D0E-4FEF-BEB3-BF6347268FEB}.Release|Any CPU.Build.0 = Release|Any CPU
		{701F1B17-AF1A-4050-816C-5526154B7624}.Debug|Any CPU.ActiveCfg = Debug|Any CPU
		{701F1B17-AF1A-4050-816C-5526154B7624}.Debug|Any CPU.Build.0 = Debug|Any CPU
		{701F1B17-AF1A-4050-816C-5526154B7624}.Release|Any CPU.ActiveCfg = Release|Any CPU
		{701F1B17-AF1A-4050-816C-5526154B7624}.Release|Any CPU.Build.0 = Release|Any CPU
		{FBC42A97-79CB-4551-8D01-AA13E66BECC9}.Debug|Any CPU.ActiveCfg = Debug|Any CPU
		{FBC42A97-79CB-4551-8D01-AA13E66BECC9}.Debug|Any CPU.Build.0 = Debug|Any CPU
		{FBC42A97-79CB-4551-8D01-AA13E66BECC9}.Release|Any CPU.ActiveCfg = Release|Any CPU
		{FBC42A97-79CB-4551-8D01-AA13E66BECC9}.Release|Any CPU.Build.0 = Release|Any CPU
		{39ACC802-E2FC-484C-888D-DBB5E35FD36E}.Debug|Any CPU.ActiveCfg = Debug|Any CPU
		{39ACC802-E2FC-484C-888D-DBB5E35FD36E}.Debug|Any CPU.Build.0 = Debug|Any CPU
		{39ACC802-E2FC-484C-888D-DBB5E35FD36E}.Release|Any CPU.ActiveCfg = Release|Any CPU
		{39ACC802-E2FC-484C-888D-DBB5E35FD36E}.Release|Any CPU.Build.0 = Release|Any CPU
		{AA5649FD-5C9F-47A0-9EFB-DFFB36AE52E1}.Debug|Any CPU.ActiveCfg = Debug|Any CPU
		{AA5649FD-5C9F-47A0-9EFB-DFFB36AE52E1}.Debug|Any CPU.Build.0 = Debug|Any CPU
		{AA5649FD-5C9F-47A0-9EFB-DFFB36AE52E1}.Release|Any CPU.ActiveCfg = Release|Any CPU
		{AA5649FD-5C9F-47A0-9EFB-DFFB36AE52E1}.Release|Any CPU.Build.0 = Release|Any CPU
		{A454CB2F-6321-491E-ABDD-C94918331D70}.Debug|Any CPU.ActiveCfg = Debug|Any CPU
		{A454CB2F-6321-491E-ABDD-C94918331D70}.Debug|Any CPU.Build.0 = Debug|Any CPU
		{A454CB2F-6321-491E-ABDD-C94918331D70}.Release|Any CPU.ActiveCfg = Release|Any CPU
		{A454CB2F-6321-491E-ABDD-C94918331D70}.Release|Any CPU.Build.0 = Release|Any CPU
		{964E413E-E680-4736-94A2-0329B3B89EA6}.Debug|Any CPU.ActiveCfg = Debug|Any CPU
		{964E413E-E680-4736-94A2-0329B3B89EA6}.Debug|Any CPU.Build.0 = Debug|Any CPU
		{964E413E-E680-4736-94A2-0329B3B89EA6}.Release|Any CPU.ActiveCfg = Release|Any CPU
		{964E413E-E680-4736-94A2-0329B3B89EA6}.Release|Any CPU.Build.0 = Release|Any CPU
		{F58F6BE2-2BB4-458F-A7F7-A60DD0E3230A}.Debug|Any CPU.ActiveCfg = Debug|Any CPU
		{F58F6BE2-2BB4-458F-A7F7-A60DD0E3230A}.Debug|Any CPU.Build.0 = Debug|Any CPU
		{F58F6BE2-2BB4-458F-A7F7-A60DD0E3230A}.Release|Any CPU.ActiveCfg = Release|Any CPU
		{F58F6BE2-2BB4-458F-A7F7-A60DD0E3230A}.Release|Any CPU.Build.0 = Release|Any CPU
		{06A96F8D-B5A3-4C55-9636-4E2EEA60F2B2}.Debug|Any CPU.ActiveCfg = Debug|Any CPU
		{06A96F8D-B5A3-4C55-9636-4E2EEA60F2B2}.Debug|Any CPU.Build.0 = Debug|Any CPU
		{06A96F8D-B5A3-4C55-9636-4E2EEA60F2B2}.Release|Any CPU.ActiveCfg = Release|Any CPU
		{06A96F8D-B5A3-4C55-9636-4E2EEA60F2B2}.Release|Any CPU.Build.0 = Release|Any CPU
		{815C8742-ECE8-4494-9869-80C03BDC864A}.Debug|Any CPU.ActiveCfg = Debug|Any CPU
		{815C8742-ECE8-4494-9869-80C03BDC864A}.Debug|Any CPU.Build.0 = Debug|Any CPU
		{815C8742-ECE8-4494-9869-80C03BDC864A}.Release|Any CPU.ActiveCfg = Release|Any CPU
		{815C8742-ECE8-4494-9869-80C03BDC864A}.Release|Any CPU.Build.0 = Release|Any CPU
		{D63ACBA7-B289-47E0-8F11-8301CFBED75F}.Debug|Any CPU.ActiveCfg = Debug|Any CPU
		{D63ACBA7-B289-47E0-8F11-8301CFBED75F}.Debug|Any CPU.Build.0 = Debug|Any CPU
		{D63ACBA7-B289-47E0-8F11-8301CFBED75F}.Release|Any CPU.ActiveCfg = Release|Any CPU
		{D63ACBA7-B289-47E0-8F11-8301CFBED75F}.Release|Any CPU.Build.0 = Release|Any CPU
	EndGlobalSection
	GlobalSection(SolutionProperties) = preSolution
		HideSolutionNode = FALSE
	EndGlobalSection
	GlobalSection(NestedProjects) = preSolution
		{08B20787-8BA7-48CA-8390-E8C8351222DE} = {CB904CD9-36C0-45A9-AFED-B62E838D09DD}
		{A069E555-AA53-432B-B41F-A6B6BC83C60A} = {CB904CD9-36C0-45A9-AFED-B62E838D09DD}
		{849A3BE7-363E-482E-AAC5-2E317EBFB216} = {C98B9E6E-F01C-41D3-A28D-076482D06861}
		{B14633BB-5793-4241-904F-848BD537B536} = {C98B9E6E-F01C-41D3-A28D-076482D06861}
		{010A7464-8342-4908-A088-AFC034443668} = {70BBC4D2-0F04-4688-9B25-702502C2181A}
		{32321136-FE8A-4331-A0D2-CE1712BFBC9C} = {0A723F13-962C-4629-89C6-0C9B9488EAC2}
		{7AA16B8A-A2CC-4E40-BCDD-812FC91200B0} = {358DF0A2-D735-4A2C-9D99-9CFE52BFE63D}
		{DADC7AF4-04CD-4D48-9D9C-665402AB4F2A} = {391CBBDB-848A-472B-A4EE-BA542324983E}
		{86689E0F-49EB-47C7-B099-3E72524EA3A8} = {C98B9E6E-F01C-41D3-A28D-076482D06861}
		{69EDBD83-9953-490A-81CF-C274A874D7FB} = {0A723F13-962C-4629-89C6-0C9B9488EAC2}
		{646D6E27-36BE-4E46-90BE-65DDF12EE068} = {358DF0A2-D735-4A2C-9D99-9CFE52BFE63D}
		{73AB16A4-866E-4393-9AB5-43068709E069} = {0A723F13-962C-4629-89C6-0C9B9488EAC2}
		{A8F2064C-A033-4BE6-9AC0-3254127D4973} = {358DF0A2-D735-4A2C-9D99-9CFE52BFE63D}
		{41409423-EB79-4E5B-A87F-A9C0FD0D97DD} = {0F6E77C0-90F0-4593-89EA-4830EE7A3084}
		{70BBC4D2-0F04-4688-9B25-702502C2181A} = {0F6E77C0-90F0-4593-89EA-4830EE7A3084}
		{CB904CD9-36C0-45A9-AFED-B62E838D09DD} = {0F6E77C0-90F0-4593-89EA-4830EE7A3084}
		{C98B9E6E-F01C-41D3-A28D-076482D06861} = {0F6E77C0-90F0-4593-89EA-4830EE7A3084}
		{0A723F13-962C-4629-89C6-0C9B9488EAC2} = {0F6E77C0-90F0-4593-89EA-4830EE7A3084}
		{358DF0A2-D735-4A2C-9D99-9CFE52BFE63D} = {0F6E77C0-90F0-4593-89EA-4830EE7A3084}
		{EB158BCF-26CF-44F3-8726-FA3E75EB9FCC} = {38C96900-8236-4EEE-B978-2611E26B3524}
		{86A1D158-1FFC-45A1-AC45-03DB104FF8A9} = {38C96900-8236-4EEE-B978-2611E26B3524}
		{83DCB3C7-4C6D-4999-BE6B-8045F487BB32} = {38C96900-8236-4EEE-B978-2611E26B3524}
		{F7F29BAE-B74A-43FB-958B-9BEDAFA0FE17} = {38C96900-8236-4EEE-B978-2611E26B3524}
		{75820793-5EF7-4C59-BBAF-317E99DC09BE} = {38C96900-8236-4EEE-B978-2611E26B3524}
		{F80CC21C-E022-4ED7-8748-A6145F8168A2} = {38C96900-8236-4EEE-B978-2611E26B3524}
		{B96E5051-70F1-4608-A0A4-5C246C07E39C} = {38C96900-8236-4EEE-B978-2611E26B3524}
		{1F031F1B-9593-4E13-90F2-3F145DB03B56} = {38C96900-8236-4EEE-B978-2611E26B3524}
		{B920DD59-2D0E-4FEF-BEB3-BF6347268FEB} = {38C96900-8236-4EEE-B978-2611E26B3524}
		{701F1B17-AF1A-4050-816C-5526154B7624} = {38C96900-8236-4EEE-B978-2611E26B3524}
		{FBC42A97-79CB-4551-8D01-AA13E66BECC9} = {38C96900-8236-4EEE-B978-2611E26B3524}
		{39ACC802-E2FC-484C-888D-DBB5E35FD36E} = {38C96900-8236-4EEE-B978-2611E26B3524}
		{AA5649FD-5C9F-47A0-9EFB-DFFB36AE52E1} = {38C96900-8236-4EEE-B978-2611E26B3524}
		{A454CB2F-6321-491E-ABDD-C94918331D70} = {38C96900-8236-4EEE-B978-2611E26B3524}
		{964E413E-E680-4736-94A2-0329B3B89EA6} = {38C96900-8236-4EEE-B978-2611E26B3524}
		{F58F6BE2-2BB4-458F-A7F7-A60DD0E3230A} = {38C96900-8236-4EEE-B978-2611E26B3524}
		{06A96F8D-B5A3-4C55-9636-4E2EEA60F2B2} = {38C96900-8236-4EEE-B978-2611E26B3524}
		{815C8742-ECE8-4494-9869-80C03BDC864A} = {38C96900-8236-4EEE-B978-2611E26B3524}
		{D63ACBA7-B289-47E0-8F11-8301CFBED75F} = {38C96900-8236-4EEE-B978-2611E26B3524}
	EndGlobalSection
	GlobalSection(ExtensibilityGlobals) = postSolution
		SolutionGuid = {5D718ACF-C9D8-4E4A-BBA7-AD3A525FE8B8}
	EndGlobalSection
EndGlobal
