
Microsoft Visual Studio Solution File, Format Version 12.00
# Visual Studio Version 16
VisualStudioVersion = 16.0.30011.22
MinimumVisualStudioVersion = 10.0.40219.1
Project("{2150E333-8FDC-42A3-9474-1A3956D46DE8}") = "src", "src", "{AA6DAE69-A2CD-4432-B00C-3FA8DBC58195}"
EndProject
Project("{9A19103F-16F7-4668-BE54-9A1E7A4F7556}") = "AI4E.Domain", "src\AI4E.Domain\AI4E.Domain.csproj", "{F3F46CDA-3D91-4D7E-AE49-2DB722AFE842}"
EndProject
Project("{9A19103F-16F7-4668-BE54-9A1E7A4F7556}") = "AI4E.Domain.Services", "src\AI4E.Domain.Services\AI4E.Domain.Services.csproj", "{ABAC2B6E-E425-4E19-9EF7-F17132556090}"
EndProject
Project("{2150E333-8FDC-42A3-9474-1A3956D46DE8}") = "dependencies", "dependencies", "{DAF6CCB5-76BA-433D-89FB-024883DED10F}"
EndProject
Project("{9A19103F-16F7-4668-BE54-9A1E7A4F7556}") = "AI4E.Messaging.Abstractions", "..\Messaging\src\AI4E.Messaging.Abstractions\AI4E.Messaging.Abstractions.csproj", "{F4643984-A2F8-49BA-BE80-2E5D914337B3}"
EndProject
Project("{9A19103F-16F7-4668-BE54-9A1E7A4F7556}") = "AI4E.Messaging", "..\Messaging\src\AI4E.Messaging\AI4E.Messaging.csproj", "{6EF9782B-EE78-4A51-9956-6777A5A8BDC9}"
EndProject
Project("{9A19103F-16F7-4668-BE54-9A1E7A4F7556}") = "AI4E.Storage", "..\Storage\src\AI4E.Storage\AI4E.Storage.csproj", "{9617AC07-E92E-47C9-BDAC-1A5905E610DB}"
EndProject
Project("{9A19103F-16F7-4668-BE54-9A1E7A4F7556}") = "AI4E.Storage.Domain.Abstractions", "..\Storage\src\AI4E.Storage.Domain.Abstractions\AI4E.Storage.Domain.Abstractions.csproj", "{3C038AA2-F2D5-4D9D-AE2E-AEC8811270E9}"
EndProject
Project("{9A19103F-16F7-4668-BE54-9A1E7A4F7556}") = "AI4E.Storage.Abstractions", "..\Storage\src\AI4E.Storage.Abstractions\AI4E.Storage.Abstractions.csproj", "{AA866B6B-5217-4EA5-97F1-6D8A02F3CC77}"
EndProject
Project("{9A19103F-16F7-4668-BE54-9A1E7A4F7556}") = "AI4E.Utils.Messaging.Primitives", "..\Utils\src\AI4E.Utils.Messaging.Primitives\AI4E.Utils.Messaging.Primitives.csproj", "{887254BD-E318-4C2E-B02D-F3692502450E}"
EndProject
Project("{9A19103F-16F7-4668-BE54-9A1E7A4F7556}") = "AI4E.Utils.Memory", "..\Utils\src\AI4E.Utils.Memory\AI4E.Utils.Memory.csproj", "{6A2273CF-A81D-4611-8D30-0E9A81287FC3}"
EndProject
Project("{9A19103F-16F7-4668-BE54-9A1E7A4F7556}") = "AI4E.Utils.ApplicationParts", "..\Utils\src\AI4E.Utils.ApplicationParts\AI4E.Utils.ApplicationParts.csproj", "{B4723C2F-8D14-4BDD-86A2-65A62914DB5F}"
EndProject
Project("{9A19103F-16F7-4668-BE54-9A1E7A4F7556}") = "AI4E.Utils.DependencyInjection", "..\Utils\src\AI4E.Utils.DependencyInjection\AI4E.Utils.DependencyInjection.csproj", "{A029E77C-AF92-4C34-BE80-EF66780CDA79}"
EndProject
Project("{9A19103F-16F7-4668-BE54-9A1E7A4F7556}") = "AI4E.Utils", "..\Utils\src\AI4E.Utils\AI4E.Utils.csproj", "{6DA5F606-8C07-4FB6-A9F6-03E7FB6BAACC}"
EndProject
Global
	GlobalSection(SolutionConfigurationPlatforms) = preSolution
		Debug|Any CPU = Debug|Any CPU
		Release|Any CPU = Release|Any CPU
	EndGlobalSection
	GlobalSection(ProjectConfigurationPlatforms) = postSolution
		{F3F46CDA-3D91-4D7E-AE49-2DB722AFE842}.Debug|Any CPU.ActiveCfg = Debug|Any CPU
		{F3F46CDA-3D91-4D7E-AE49-2DB722AFE842}.Debug|Any CPU.Build.0 = Debug|Any CPU
		{F3F46CDA-3D91-4D7E-AE49-2DB722AFE842}.Release|Any CPU.ActiveCfg = Release|Any CPU
		{F3F46CDA-3D91-4D7E-AE49-2DB722AFE842}.Release|Any CPU.Build.0 = Release|Any CPU
		{ABAC2B6E-E425-4E19-9EF7-F17132556090}.Debug|Any CPU.ActiveCfg = Debug|Any CPU
		{ABAC2B6E-E425-4E19-9EF7-F17132556090}.Debug|Any CPU.Build.0 = Debug|Any CPU
		{ABAC2B6E-E425-4E19-9EF7-F17132556090}.Release|Any CPU.ActiveCfg = Release|Any CPU
		{ABAC2B6E-E425-4E19-9EF7-F17132556090}.Release|Any CPU.Build.0 = Release|Any CPU
		{F4643984-A2F8-49BA-BE80-2E5D914337B3}.Debug|Any CPU.ActiveCfg = Debug|Any CPU
		{F4643984-A2F8-49BA-BE80-2E5D914337B3}.Debug|Any CPU.Build.0 = Debug|Any CPU
		{F4643984-A2F8-49BA-BE80-2E5D914337B3}.Release|Any CPU.ActiveCfg = Release|Any CPU
		{F4643984-A2F8-49BA-BE80-2E5D914337B3}.Release|Any CPU.Build.0 = Release|Any CPU
		{6EF9782B-EE78-4A51-9956-6777A5A8BDC9}.Debug|Any CPU.ActiveCfg = Debug|Any CPU
		{6EF9782B-EE78-4A51-9956-6777A5A8BDC9}.Debug|Any CPU.Build.0 = Debug|Any CPU
		{6EF9782B-EE78-4A51-9956-6777A5A8BDC9}.Release|Any CPU.ActiveCfg = Release|Any CPU
		{6EF9782B-EE78-4A51-9956-6777A5A8BDC9}.Release|Any CPU.Build.0 = Release|Any CPU
		{9617AC07-E92E-47C9-BDAC-1A5905E610DB}.Debug|Any CPU.ActiveCfg = Debug|Any CPU
		{9617AC07-E92E-47C9-BDAC-1A5905E610DB}.Debug|Any CPU.Build.0 = Debug|Any CPU
		{9617AC07-E92E-47C9-BDAC-1A5905E610DB}.Release|Any CPU.ActiveCfg = Release|Any CPU
		{9617AC07-E92E-47C9-BDAC-1A5905E610DB}.Release|Any CPU.Build.0 = Release|Any CPU
		{3C038AA2-F2D5-4D9D-AE2E-AEC8811270E9}.Debug|Any CPU.ActiveCfg = Debug|Any CPU
		{3C038AA2-F2D5-4D9D-AE2E-AEC8811270E9}.Debug|Any CPU.Build.0 = Debug|Any CPU
		{3C038AA2-F2D5-4D9D-AE2E-AEC8811270E9}.Release|Any CPU.ActiveCfg = Release|Any CPU
		{3C038AA2-F2D5-4D9D-AE2E-AEC8811270E9}.Release|Any CPU.Build.0 = Release|Any CPU
		{AA866B6B-5217-4EA5-97F1-6D8A02F3CC77}.Debug|Any CPU.ActiveCfg = Debug|Any CPU
		{AA866B6B-5217-4EA5-97F1-6D8A02F3CC77}.Debug|Any CPU.Build.0 = Debug|Any CPU
		{AA866B6B-5217-4EA5-97F1-6D8A02F3CC77}.Release|Any CPU.ActiveCfg = Release|Any CPU
		{AA866B6B-5217-4EA5-97F1-6D8A02F3CC77}.Release|Any CPU.Build.0 = Release|Any CPU
		{887254BD-E318-4C2E-B02D-F3692502450E}.Debug|Any CPU.ActiveCfg = Debug|Any CPU
		{887254BD-E318-4C2E-B02D-F3692502450E}.Debug|Any CPU.Build.0 = Debug|Any CPU
		{887254BD-E318-4C2E-B02D-F3692502450E}.Release|Any CPU.ActiveCfg = Release|Any CPU
		{887254BD-E318-4C2E-B02D-F3692502450E}.Release|Any CPU.Build.0 = Release|Any CPU
		{6A2273CF-A81D-4611-8D30-0E9A81287FC3}.Debug|Any CPU.ActiveCfg = Debug|Any CPU
		{6A2273CF-A81D-4611-8D30-0E9A81287FC3}.Debug|Any CPU.Build.0 = Debug|Any CPU
		{6A2273CF-A81D-4611-8D30-0E9A81287FC3}.Release|Any CPU.ActiveCfg = Release|Any CPU
		{6A2273CF-A81D-4611-8D30-0E9A81287FC3}.Release|Any CPU.Build.0 = Release|Any CPU
		{B4723C2F-8D14-4BDD-86A2-65A62914DB5F}.Debug|Any CPU.ActiveCfg = Debug|Any CPU
		{B4723C2F-8D14-4BDD-86A2-65A62914DB5F}.Debug|Any CPU.Build.0 = Debug|Any CPU
		{B4723C2F-8D14-4BDD-86A2-65A62914DB5F}.Release|Any CPU.ActiveCfg = Release|Any CPU
		{B4723C2F-8D14-4BDD-86A2-65A62914DB5F}.Release|Any CPU.Build.0 = Release|Any CPU
		{A029E77C-AF92-4C34-BE80-EF66780CDA79}.Debug|Any CPU.ActiveCfg = Debug|Any CPU
		{A029E77C-AF92-4C34-BE80-EF66780CDA79}.Debug|Any CPU.Build.0 = Debug|Any CPU
		{A029E77C-AF92-4C34-BE80-EF66780CDA79}.Release|Any CPU.ActiveCfg = Release|Any CPU
		{A029E77C-AF92-4C34-BE80-EF66780CDA79}.Release|Any CPU.Build.0 = Release|Any CPU
		{6DA5F606-8C07-4FB6-A9F6-03E7FB6BAACC}.Debug|Any CPU.ActiveCfg = Debug|Any CPU
		{6DA5F606-8C07-4FB6-A9F6-03E7FB6BAACC}.Debug|Any CPU.Build.0 = Debug|Any CPU
		{6DA5F606-8C07-4FB6-A9F6-03E7FB6BAACC}.Release|Any CPU.ActiveCfg = Release|Any CPU
		{6DA5F606-8C07-4FB6-A9F6-03E7FB6BAACC}.Release|Any CPU.Build.0 = Release|Any CPU
	EndGlobalSection
	GlobalSection(SolutionProperties) = preSolution
		HideSolutionNode = FALSE
	EndGlobalSection
	GlobalSection(NestedProjects) = preSolution
		{F3F46CDA-3D91-4D7E-AE49-2DB722AFE842} = {AA6DAE69-A2CD-4432-B00C-3FA8DBC58195}
		{ABAC2B6E-E425-4E19-9EF7-F17132556090} = {AA6DAE69-A2CD-4432-B00C-3FA8DBC58195}
		{F4643984-A2F8-49BA-BE80-2E5D914337B3} = {DAF6CCB5-76BA-433D-89FB-024883DED10F}
		{6EF9782B-EE78-4A51-9956-6777A5A8BDC9} = {DAF6CCB5-76BA-433D-89FB-024883DED10F}
		{9617AC07-E92E-47C9-BDAC-1A5905E610DB} = {DAF6CCB5-76BA-433D-89FB-024883DED10F}
		{3C038AA2-F2D5-4D9D-AE2E-AEC8811270E9} = {DAF6CCB5-76BA-433D-89FB-024883DED10F}
		{AA866B6B-5217-4EA5-97F1-6D8A02F3CC77} = {DAF6CCB5-76BA-433D-89FB-024883DED10F}
		{887254BD-E318-4C2E-B02D-F3692502450E} = {DAF6CCB5-76BA-433D-89FB-024883DED10F}
		{6A2273CF-A81D-4611-8D30-0E9A81287FC3} = {DAF6CCB5-76BA-433D-89FB-024883DED10F}
		{B4723C2F-8D14-4BDD-86A2-65A62914DB5F} = {DAF6CCB5-76BA-433D-89FB-024883DED10F}
		{A029E77C-AF92-4C34-BE80-EF66780CDA79} = {DAF6CCB5-76BA-433D-89FB-024883DED10F}
		{6DA5F606-8C07-4FB6-A9F6-03E7FB6BAACC} = {DAF6CCB5-76BA-433D-89FB-024883DED10F}
	EndGlobalSection
	GlobalSection(ExtensibilityGlobals) = postSolution
		SolutionGuid = {C5419B14-170C-4054-9271-C3B4B76A6218}
	EndGlobalSection
EndGlobal
