
Microsoft Visual Studio Solution File, Format Version 12.00
# Visual Studio Version 16
VisualStudioVersion = 16.0.30011.22
MinimumVisualStudioVersion = 10.0.40219.1
Project("{2150E333-8FDC-42A3-9474-1A3956D46DE8}") = "src", "src", "{A08005BE-31D1-4194-860E-5E99A8E254BB}"
EndProject
Project("{9A19103F-16F7-4668-BE54-9A1E7A4F7556}") = "AI4E.Remoting.Abstractions", "src\AI4E.Remoting.Abstractions\AI4E.Remoting.Abstractions.csproj", "{21921799-7992-46D3-B5C6-1342457BC06B}"
EndProject
Project("{9A19103F-16F7-4668-BE54-9A1E7A4F7556}") = "AI4E.Remoting", "src\AI4E.Remoting\AI4E.Remoting.csproj", "{92A5B8F9-C2D2-4AFA-8EF3-7FC321AD2A77}"
EndProject
Project("{2150E333-8FDC-42A3-9474-1A3956D46DE8}") = "dependencies", "dependencies", "{28A15202-F793-47AF-B228-EE442CF60A84}"
EndProject
Project("{2150E333-8FDC-42A3-9474-1A3956D46DE8}") = "test", "test", "{0F54A508-AC48-47DF-AA4B-906BC838737B}"
EndProject
Project("{9A19103F-16F7-4668-BE54-9A1E7A4F7556}") = "AI4E.Remoting.Test", "test\AI4E.Remoting.Test\AI4E.Remoting.Test.csproj", "{BC39276F-937A-4CBF-963A-B00CA17E7808}"
EndProject
Project("{9A19103F-16F7-4668-BE54-9A1E7A4F7556}") = "AI4E.Utils.Memory", "..\..\src\Utils\src\AI4E.Utils.Memory\AI4E.Utils.Memory.csproj", "{7DCF1742-6412-4308-BCCF-001F4C625DAA}"
EndProject
Project("{9A19103F-16F7-4668-BE54-9A1E7A4F7556}") = "AI4E.Utils.Messaging.Primitives", "..\..\src\Utils\src\AI4E.Utils.Messaging.Primitives\AI4E.Utils.Messaging.Primitives.csproj", "{ABCECD24-C9DE-4F88-8821-D074FBF215AB}"
EndProject
Project("{9A19103F-16F7-4668-BE54-9A1E7A4F7556}") = "AI4E.Utils", "..\..\src\Utils\src\AI4E.Utils\AI4E.Utils.csproj", "{A78025C6-AFA1-4534-BAED-3F06A0DBAD87}"
EndProject
Project("{9A19103F-16F7-4668-BE54-9A1E7A4F7556}") = "AI4E.Utils.Memory.Compatibility", "..\..\src\Utils\src\AI4E.Utils.Memory.Compatibility\AI4E.Utils.Memory.Compatibility.csproj", "{78FD7E63-B772-4783-A4BF-A61B2B050203}"
EndProject
Global
	GlobalSection(SolutionConfigurationPlatforms) = preSolution
		Debug|Any CPU = Debug|Any CPU
		Release|Any CPU = Release|Any CPU
	EndGlobalSection
	GlobalSection(ProjectConfigurationPlatforms) = postSolution
		{21921799-7992-46D3-B5C6-1342457BC06B}.Debug|Any CPU.ActiveCfg = Debug|Any CPU
		{21921799-7992-46D3-B5C6-1342457BC06B}.Debug|Any CPU.Build.0 = Debug|Any CPU
		{21921799-7992-46D3-B5C6-1342457BC06B}.Release|Any CPU.ActiveCfg = Release|Any CPU
		{21921799-7992-46D3-B5C6-1342457BC06B}.Release|Any CPU.Build.0 = Release|Any CPU
		{92A5B8F9-C2D2-4AFA-8EF3-7FC321AD2A77}.Debug|Any CPU.ActiveCfg = Debug|Any CPU
		{92A5B8F9-C2D2-4AFA-8EF3-7FC321AD2A77}.Debug|Any CPU.Build.0 = Debug|Any CPU
		{92A5B8F9-C2D2-4AFA-8EF3-7FC321AD2A77}.Release|Any CPU.ActiveCfg = Release|Any CPU
		{92A5B8F9-C2D2-4AFA-8EF3-7FC321AD2A77}.Release|Any CPU.Build.0 = Release|Any CPU
		{BC39276F-937A-4CBF-963A-B00CA17E7808}.Debug|Any CPU.ActiveCfg = Debug|Any CPU
		{BC39276F-937A-4CBF-963A-B00CA17E7808}.Debug|Any CPU.Build.0 = Debug|Any CPU
		{BC39276F-937A-4CBF-963A-B00CA17E7808}.Release|Any CPU.ActiveCfg = Release|Any CPU
		{BC39276F-937A-4CBF-963A-B00CA17E7808}.Release|Any CPU.Build.0 = Release|Any CPU
		{7DCF1742-6412-4308-BCCF-001F4C625DAA}.Debug|Any CPU.ActiveCfg = Debug|Any CPU
		{7DCF1742-6412-4308-BCCF-001F4C625DAA}.Debug|Any CPU.Build.0 = Debug|Any CPU
		{7DCF1742-6412-4308-BCCF-001F4C625DAA}.Release|Any CPU.ActiveCfg = Release|Any CPU
		{7DCF1742-6412-4308-BCCF-001F4C625DAA}.Release|Any CPU.Build.0 = Release|Any CPU
		{ABCECD24-C9DE-4F88-8821-D074FBF215AB}.Debug|Any CPU.ActiveCfg = Debug|Any CPU
		{ABCECD24-C9DE-4F88-8821-D074FBF215AB}.Debug|Any CPU.Build.0 = Debug|Any CPU
		{ABCECD24-C9DE-4F88-8821-D074FBF215AB}.Release|Any CPU.ActiveCfg = Release|Any CPU
		{ABCECD24-C9DE-4F88-8821-D074FBF215AB}.Release|Any CPU.Build.0 = Release|Any CPU
		{A78025C6-AFA1-4534-BAED-3F06A0DBAD87}.Debug|Any CPU.ActiveCfg = Debug|Any CPU
		{A78025C6-AFA1-4534-BAED-3F06A0DBAD87}.Debug|Any CPU.Build.0 = Debug|Any CPU
		{A78025C6-AFA1-4534-BAED-3F06A0DBAD87}.Release|Any CPU.ActiveCfg = Release|Any CPU
		{A78025C6-AFA1-4534-BAED-3F06A0DBAD87}.Release|Any CPU.Build.0 = Release|Any CPU
		{78FD7E63-B772-4783-A4BF-A61B2B050203}.Debug|Any CPU.ActiveCfg = Debug|Any CPU
		{78FD7E63-B772-4783-A4BF-A61B2B050203}.Debug|Any CPU.Build.0 = Debug|Any CPU
		{78FD7E63-B772-4783-A4BF-A61B2B050203}.Release|Any CPU.ActiveCfg = Release|Any CPU
		{78FD7E63-B772-4783-A4BF-A61B2B050203}.Release|Any CPU.Build.0 = Release|Any CPU
	EndGlobalSection
	GlobalSection(SolutionProperties) = preSolution
		HideSolutionNode = FALSE
	EndGlobalSection
	GlobalSection(NestedProjects) = preSolution
		{21921799-7992-46D3-B5C6-1342457BC06B} = {A08005BE-31D1-4194-860E-5E99A8E254BB}
		{92A5B8F9-C2D2-4AFA-8EF3-7FC321AD2A77} = {A08005BE-31D1-4194-860E-5E99A8E254BB}
		{BC39276F-937A-4CBF-963A-B00CA17E7808} = {0F54A508-AC48-47DF-AA4B-906BC838737B}
		{7DCF1742-6412-4308-BCCF-001F4C625DAA} = {28A15202-F793-47AF-B228-EE442CF60A84}
		{ABCECD24-C9DE-4F88-8821-D074FBF215AB} = {28A15202-F793-47AF-B228-EE442CF60A84}
		{A78025C6-AFA1-4534-BAED-3F06A0DBAD87} = {28A15202-F793-47AF-B228-EE442CF60A84}
		{78FD7E63-B772-4783-A4BF-A61B2B050203} = {28A15202-F793-47AF-B228-EE442CF60A84}
	EndGlobalSection
	GlobalSection(ExtensibilityGlobals) = postSolution
		SolutionGuid = {DFEB2765-686A-4E7C-820A-0F198451E62B}
	EndGlobalSection
EndGlobal
