
Microsoft Visual Studio Solution File, Format Version 12.00
# Visual Studio Version 16
VisualStudioVersion = 16.0.29503.13
MinimumVisualStudioVersion = 10.0.40219.1
Project("{2150E333-8FDC-42A3-9474-1A3956D46DE8}") = "src", "src", "{621D8F60-BDA8-46A3-9983-DA2B37AE6B14}"
EndProject
Project("{2150E333-8FDC-42A3-9474-1A3956D46DE8}") = "test", "test", "{1A468BB0-1F78-41D7-B399-BE67E1399886}"
EndProject
Project("{9A19103F-16F7-4668-BE54-9A1E7A4F7556}") = "AI4E.Messaging", "src\AI4E.Messaging\AI4E.Messaging.csproj", "{ED9C574D-BE14-41FE-BAA6-22ED3FFB574B}"
EndProject
Project("{9A19103F-16F7-4668-BE54-9A1E7A4F7556}") = "AI4E.Messaging.Abstractions", "src\AI4E.Messaging.Abstractions\AI4E.Messaging.Abstractions.csproj", "{7D4BECE0-74C3-4E0D-8B47-5FD98F921A5D}"
EndProject
Project("{9A19103F-16F7-4668-BE54-9A1E7A4F7556}") = "AI4E.Messaging.EndToEndTest", "test\AI4E.Messaging.EndToEndTest\AI4E.Messaging.EndToEndTest.csproj", "{265F191A-EADB-4265-B05A-4C2C2BD8EB5D}"
EndProject
Project("{9A19103F-16F7-4668-BE54-9A1E7A4F7556}") = "AI4E.Messaging.Test", "test\AI4E.Messaging.Test\AI4E.Messaging.Test.csproj", "{4E2DF1BA-AF45-4A60-9174-846D45859709}"
EndProject
Project("{2150E333-8FDC-42A3-9474-1A3956D46DE8}") = "dependencies", "dependencies", "{4C9135D0-966D-4382-9AEB-170E4A9827BA}"
EndProject
Project("{9A19103F-16F7-4668-BE54-9A1E7A4F7556}") = "AI4E.Utils", "..\Utils\src\AI4E.Utils\AI4E.Utils.csproj", "{FAD87639-0F18-4427-96DA-58D2ACC45314}"
EndProject
Project("{9A19103F-16F7-4668-BE54-9A1E7A4F7556}") = "AI4E.Utils.Memory", "..\Utils\src\AI4E.Utils.Memory\AI4E.Utils.Memory.csproj", "{6C129458-8239-471E-B37E-B813B5ED5666}"
EndProject
Project("{9A19103F-16F7-4668-BE54-9A1E7A4F7556}") = "AI4E.Utils.DependencyInjection", "..\Utils\src\AI4E.Utils.DependencyInjection\AI4E.Utils.DependencyInjection.csproj", "{B076B4C1-332C-4C49-B50D-AB6A6394780D}"
EndProject
Project("{9A19103F-16F7-4668-BE54-9A1E7A4F7556}") = "AI4E.Utils.DependencyInjection.Autofac", "..\Utils\src\AI4E.Utils.DependencyInjection.Autofac\AI4E.Utils.DependencyInjection.Autofac.csproj", "{43A528FF-677C-47D5-BD12-43D0F917ECD3}"
EndProject
Project("{9A19103F-16F7-4668-BE54-9A1E7A4F7556}") = "AI4E.Common", "..\Common\src\AI4E.Common\AI4E.Common.csproj", "{AC289DD4-7BC0-4FA9-B8E6-8EA149A74049}"
EndProject
Project("{9A19103F-16F7-4668-BE54-9A1E7A4F7556}") = "AI4E.Messaging.Primitives.Test", "test\AI4E.Messaging.Primitives.Test\AI4E.Messaging.Primitives.Test.csproj", "{A8E62A9C-9053-4FE7-9538-CF224F8714DC}"
EndProject
Project("{9A19103F-16F7-4668-BE54-9A1E7A4F7556}") = "AI4E.Messaging.Primitives", "src\AI4E.Messaging.Primitives\AI4E.Messaging.Primitives.csproj", "{F998DE8C-12AD-432D-BE73-634E61BE6885}"
EndProject
Global
	GlobalSection(SolutionConfigurationPlatforms) = preSolution
		Debug|Any CPU = Debug|Any CPU
		Release|Any CPU = Release|Any CPU
	EndGlobalSection
	GlobalSection(ProjectConfigurationPlatforms) = postSolution
		{ED9C574D-BE14-41FE-BAA6-22ED3FFB574B}.Debug|Any CPU.ActiveCfg = Debug|Any CPU
		{ED9C574D-BE14-41FE-BAA6-22ED3FFB574B}.Debug|Any CPU.Build.0 = Debug|Any CPU
		{ED9C574D-BE14-41FE-BAA6-22ED3FFB574B}.Release|Any CPU.ActiveCfg = Release|Any CPU
		{ED9C574D-BE14-41FE-BAA6-22ED3FFB574B}.Release|Any CPU.Build.0 = Release|Any CPU
		{7D4BECE0-74C3-4E0D-8B47-5FD98F921A5D}.Debug|Any CPU.ActiveCfg = Debug|Any CPU
		{7D4BECE0-74C3-4E0D-8B47-5FD98F921A5D}.Debug|Any CPU.Build.0 = Debug|Any CPU
		{7D4BECE0-74C3-4E0D-8B47-5FD98F921A5D}.Release|Any CPU.ActiveCfg = Release|Any CPU
		{7D4BECE0-74C3-4E0D-8B47-5FD98F921A5D}.Release|Any CPU.Build.0 = Release|Any CPU
		{265F191A-EADB-4265-B05A-4C2C2BD8EB5D}.Debug|Any CPU.ActiveCfg = Debug|Any CPU
		{265F191A-EADB-4265-B05A-4C2C2BD8EB5D}.Debug|Any CPU.Build.0 = Debug|Any CPU
		{265F191A-EADB-4265-B05A-4C2C2BD8EB5D}.Release|Any CPU.ActiveCfg = Release|Any CPU
		{265F191A-EADB-4265-B05A-4C2C2BD8EB5D}.Release|Any CPU.Build.0 = Release|Any CPU
		{4E2DF1BA-AF45-4A60-9174-846D45859709}.Debug|Any CPU.ActiveCfg = Debug|Any CPU
		{4E2DF1BA-AF45-4A60-9174-846D45859709}.Debug|Any CPU.Build.0 = Debug|Any CPU
		{4E2DF1BA-AF45-4A60-9174-846D45859709}.Release|Any CPU.ActiveCfg = Release|Any CPU
		{4E2DF1BA-AF45-4A60-9174-846D45859709}.Release|Any CPU.Build.0 = Release|Any CPU
		{FAD87639-0F18-4427-96DA-58D2ACC45314}.Debug|Any CPU.ActiveCfg = Debug|Any CPU
		{FAD87639-0F18-4427-96DA-58D2ACC45314}.Debug|Any CPU.Build.0 = Debug|Any CPU
		{FAD87639-0F18-4427-96DA-58D2ACC45314}.Release|Any CPU.ActiveCfg = Release|Any CPU
		{FAD87639-0F18-4427-96DA-58D2ACC45314}.Release|Any CPU.Build.0 = Release|Any CPU
		{6C129458-8239-471E-B37E-B813B5ED5666}.Debug|Any CPU.ActiveCfg = Debug|Any CPU
		{6C129458-8239-471E-B37E-B813B5ED5666}.Debug|Any CPU.Build.0 = Debug|Any CPU
		{6C129458-8239-471E-B37E-B813B5ED5666}.Release|Any CPU.ActiveCfg = Release|Any CPU
		{6C129458-8239-471E-B37E-B813B5ED5666}.Release|Any CPU.Build.0 = Release|Any CPU
		{B076B4C1-332C-4C49-B50D-AB6A6394780D}.Debug|Any CPU.ActiveCfg = Debug|Any CPU
		{B076B4C1-332C-4C49-B50D-AB6A6394780D}.Debug|Any CPU.Build.0 = Debug|Any CPU
		{B076B4C1-332C-4C49-B50D-AB6A6394780D}.Release|Any CPU.ActiveCfg = Release|Any CPU
		{B076B4C1-332C-4C49-B50D-AB6A6394780D}.Release|Any CPU.Build.0 = Release|Any CPU
		{43A528FF-677C-47D5-BD12-43D0F917ECD3}.Debug|Any CPU.ActiveCfg = Debug|Any CPU
		{43A528FF-677C-47D5-BD12-43D0F917ECD3}.Debug|Any CPU.Build.0 = Debug|Any CPU
		{43A528FF-677C-47D5-BD12-43D0F917ECD3}.Release|Any CPU.ActiveCfg = Release|Any CPU
		{43A528FF-677C-47D5-BD12-43D0F917ECD3}.Release|Any CPU.Build.0 = Release|Any CPU
		{AC289DD4-7BC0-4FA9-B8E6-8EA149A74049}.Debug|Any CPU.ActiveCfg = Debug|Any CPU
		{AC289DD4-7BC0-4FA9-B8E6-8EA149A74049}.Debug|Any CPU.Build.0 = Debug|Any CPU
		{AC289DD4-7BC0-4FA9-B8E6-8EA149A74049}.Release|Any CPU.ActiveCfg = Release|Any CPU
		{AC289DD4-7BC0-4FA9-B8E6-8EA149A74049}.Release|Any CPU.Build.0 = Release|Any CPU
		{A8E62A9C-9053-4FE7-9538-CF224F8714DC}.Debug|Any CPU.ActiveCfg = Debug|Any CPU
		{A8E62A9C-9053-4FE7-9538-CF224F8714DC}.Debug|Any CPU.Build.0 = Debug|Any CPU
		{A8E62A9C-9053-4FE7-9538-CF224F8714DC}.Release|Any CPU.ActiveCfg = Release|Any CPU
		{A8E62A9C-9053-4FE7-9538-CF224F8714DC}.Release|Any CPU.Build.0 = Release|Any CPU
		{F998DE8C-12AD-432D-BE73-634E61BE6885}.Debug|Any CPU.ActiveCfg = Debug|Any CPU
		{F998DE8C-12AD-432D-BE73-634E61BE6885}.Debug|Any CPU.Build.0 = Debug|Any CPU
		{F998DE8C-12AD-432D-BE73-634E61BE6885}.Release|Any CPU.ActiveCfg = Release|Any CPU
		{F998DE8C-12AD-432D-BE73-634E61BE6885}.Release|Any CPU.Build.0 = Release|Any CPU
	EndGlobalSection
	GlobalSection(SolutionProperties) = preSolution
		HideSolutionNode = FALSE
	EndGlobalSection
	GlobalSection(NestedProjects) = preSolution
		{ED9C574D-BE14-41FE-BAA6-22ED3FFB574B} = {621D8F60-BDA8-46A3-9983-DA2B37AE6B14}
		{7D4BECE0-74C3-4E0D-8B47-5FD98F921A5D} = {621D8F60-BDA8-46A3-9983-DA2B37AE6B14}
		{265F191A-EADB-4265-B05A-4C2C2BD8EB5D} = {1A468BB0-1F78-41D7-B399-BE67E1399886}
		{4E2DF1BA-AF45-4A60-9174-846D45859709} = {1A468BB0-1F78-41D7-B399-BE67E1399886}
		{FAD87639-0F18-4427-96DA-58D2ACC45314} = {4C9135D0-966D-4382-9AEB-170E4A9827BA}
		{6C129458-8239-471E-B37E-B813B5ED5666} = {4C9135D0-966D-4382-9AEB-170E4A9827BA}
		{B076B4C1-332C-4C49-B50D-AB6A6394780D} = {4C9135D0-966D-4382-9AEB-170E4A9827BA}
		{43A528FF-677C-47D5-BD12-43D0F917ECD3} = {4C9135D0-966D-4382-9AEB-170E4A9827BA}
		{AC289DD4-7BC0-4FA9-B8E6-8EA149A74049} = {4C9135D0-966D-4382-9AEB-170E4A9827BA}
		{A8E62A9C-9053-4FE7-9538-CF224F8714DC} = {1A468BB0-1F78-41D7-B399-BE67E1399886}
		{F998DE8C-12AD-432D-BE73-634E61BE6885} = {621D8F60-BDA8-46A3-9983-DA2B37AE6B14}
	EndGlobalSection
	GlobalSection(ExtensibilityGlobals) = postSolution
		SolutionGuid = {BCE694B7-D9D2-439F-9225-C8693CA4C6CA}
	EndGlobalSection
EndGlobal
