
Microsoft Visual Studio Solution File, Format Version 12.00
# Visual Studio Version 16
VisualStudioVersion = 16.0.29503.13
MinimumVisualStudioVersion = 10.0.40219.1
Project("{2150E333-8FDC-42A3-9474-1A3956D46DE8}") = "src", "src", "{621D8F60-BDA8-46A3-9983-DA2B37AE6B14}"
EndProject
Project("{2150E333-8FDC-42A3-9474-1A3956D46DE8}") = "test", "test", "{1A468BB0-1F78-41D7-B399-BE67E1399886}"
EndProject
Project("{9A19103F-16F7-4668-BE54-9A1E7A4F7556}") = "AI4E.Messaging", "src\AI4E.Messaging\AI4E.Messaging.csproj", "{ED9C574D-BE14-41FE-BAA6-22ED3FFB574B}"
EndProject
Project("{9A19103F-16F7-4668-BE54-9A1E7A4F7556}") = "AI4E.Messaging.Abstractions", "src\AI4E.Messaging.Abstractions\AI4E.Messaging.Abstractions.csproj", "{7D4BECE0-74C3-4E0D-8B47-5FD98F921A5D}"
EndProject
Project("{9A19103F-16F7-4668-BE54-9A1E7A4F7556}") = "AI4E.Messaging.Remote", "src\AI4E.Messaging.Remote\AI4E.Messaging.Remote.csproj", "{54CF6982-0AC2-48F8-A79C-29F4C4D079C5}"
EndProject
Project("{9A19103F-16F7-4668-BE54-9A1E7A4F7556}") = "AI4E.Messaging.Remote.Abstractions", "src\AI4E.Messaging.Remote.Abstractions\AI4E.Messaging.Remote.Abstractions.csproj", "{070A1833-A676-4636-ADCF-178079BADAA2}"
EndProject
Project("{9A19103F-16F7-4668-BE54-9A1E7A4F7556}") = "AI4E.Messaging.SignalR.Client", "src\AI4E.Messaging.SignalR.Client\AI4E.Messaging.SignalR.Client.csproj", "{99FF4B52-F927-4BEE-9820-3DE999B56296}"
EndProject
Project("{9A19103F-16F7-4668-BE54-9A1E7A4F7556}") = "AI4E.Messaging.SignalR.Server", "src\AI4E.Messaging.SignalR.Server\AI4E.Messaging.SignalR.Server.csproj", "{CAD57F94-99B5-4FAA-8A37-971C7E630CBF}"
EndProject
Project("{9A19103F-16F7-4668-BE54-9A1E7A4F7556}") = "AI4E.Messaging.EndToEndTest", "test\AI4E.Messaging.EndToEndTest\AI4E.Messaging.EndToEndTest.csproj", "{265F191A-EADB-4265-B05A-4C2C2BD8EB5D}"
EndProject
Project("{9A19103F-16F7-4668-BE54-9A1E7A4F7556}") = "AI4E.Messaging.Test", "test\AI4E.Messaging.Test\AI4E.Messaging.Test.csproj", "{4E2DF1BA-AF45-4A60-9174-846D45859709}"
EndProject
Project("{2150E333-8FDC-42A3-9474-1A3956D46DE8}") = "dependencies", "dependencies", "{4C9135D0-966D-4382-9AEB-170E4A9827BA}"
EndProject
Project("{9A19103F-16F7-4668-BE54-9A1E7A4F7556}") = "AI4E.Utils", "..\Utils\src\AI4E.Utils\AI4E.Utils.csproj", "{FAD87639-0F18-4427-96DA-58D2ACC45314}"
EndProject
Project("{9A19103F-16F7-4668-BE54-9A1E7A4F7556}") = "AI4E.Utils.ApplicationParts", "..\Utils\src\AI4E.Utils.ApplicationParts\AI4E.Utils.ApplicationParts.csproj", "{36869F5B-AFB9-413F-A89A-F398E2FE4686}"
EndProject
Project("{9A19103F-16F7-4668-BE54-9A1E7A4F7556}") = "AI4E.Utils.Messaging.Primitives", "..\Utils\src\AI4E.Utils.Messaging.Primitives\AI4E.Utils.Messaging.Primitives.csproj", "{4DAE32AA-2413-4704-8236-B99941062870}"
EndProject
Project("{9A19103F-16F7-4668-BE54-9A1E7A4F7556}") = "AI4E.Coordination", "..\Storage.Coordination\AI4E.Coordination\AI4E.Coordination.csproj", "{5167F7A5-C35F-4BFA-BA50-D1891DE7969E}"
EndProject
Project("{9A19103F-16F7-4668-BE54-9A1E7A4F7556}") = "AI4E.Remoting", "..\Remoting\AI4E.Remoting\AI4E.Remoting.csproj", "{848F9BFB-7650-4AA5-9296-693700243673}"
EndProject
Project("{9A19103F-16F7-4668-BE54-9A1E7A4F7556}") = "AI4E.Remoting.Abstractions", "..\Remoting\AI4E.Remoting.Abstractions\AI4E.Remoting.Abstractions.csproj", "{1B8A8DCC-DED6-4B2F-BEF6-D101C89DCF96}"
EndProject
Project("{9A19103F-16F7-4668-BE54-9A1E7A4F7556}") = "AI4E.Coordination.Abstractions", "..\Storage.Coordination\AI4E.Coordination.Abstractions\AI4E.Coordination.Abstractions.csproj", "{FEBA5EF8-8E43-41B0-AF86-858730D3FA41}"
EndProject
Project("{9A19103F-16F7-4668-BE54-9A1E7A4F7556}") = "AI4E.Storage.Abstractions", "..\Storage\AI4E.Storage.Abstractions\AI4E.Storage.Abstractions.csproj", "{D2007CBB-EA3C-438B-B785-1B8EF8ABE6C7}"
EndProject
Project("{9A19103F-16F7-4668-BE54-9A1E7A4F7556}") = "AI4E.Utils.Memory", "..\Utils\src\AI4E.Utils.Memory\AI4E.Utils.Memory.csproj", "{6C129458-8239-471E-B37E-B813B5ED5666}"
EndProject
Project("{9A19103F-16F7-4668-BE54-9A1E7A4F7556}") = "AI4E.Utils.Memory.Compatibility", "..\Utils\src\AI4E.Utils.Memory.Compatibility\AI4E.Utils.Memory.Compatibility.csproj", "{D1FCFE12-A442-4652-953B-9895C0043588}"
EndProject
Project("{9A19103F-16F7-4668-BE54-9A1E7A4F7556}") = "AI4E.Storage.InMemory", "..\Storage\AI4E.Storage.InMemory\AI4E.Storage.InMemory.csproj", "{7C35FFD4-BDBB-4579-9484-8ECE5299BC4F}"
EndProject
Project("{9A19103F-16F7-4668-BE54-9A1E7A4F7556}") = "AI4E.Storage", "..\Storage\AI4E.Storage\AI4E.Storage.csproj", "{0570ED27-B5BB-45E4-B0E1-72DE97C3A6AC}"
EndProject
Project("{9A19103F-16F7-4668-BE54-9A1E7A4F7556}") = "AI4E.Utils.ObjectClone", "..\Utils\src\AI4E.Utils.ObjectClone\AI4E.Utils.ObjectClone.csproj", "{12ED75C9-5514-4894-995C-F7C14F48A524}"
EndProject
Global
	GlobalSection(SolutionConfigurationPlatforms) = preSolution
		Debug|Any CPU = Debug|Any CPU
		Release|Any CPU = Release|Any CPU
	EndGlobalSection
	GlobalSection(ProjectConfigurationPlatforms) = postSolution
		{ED9C574D-BE14-41FE-BAA6-22ED3FFB574B}.Debug|Any CPU.ActiveCfg = Debug|Any CPU
		{ED9C574D-BE14-41FE-BAA6-22ED3FFB574B}.Debug|Any CPU.Build.0 = Debug|Any CPU
		{ED9C574D-BE14-41FE-BAA6-22ED3FFB574B}.Release|Any CPU.ActiveCfg = Release|Any CPU
		{ED9C574D-BE14-41FE-BAA6-22ED3FFB574B}.Release|Any CPU.Build.0 = Release|Any CPU
		{7D4BECE0-74C3-4E0D-8B47-5FD98F921A5D}.Debug|Any CPU.ActiveCfg = Debug|Any CPU
		{7D4BECE0-74C3-4E0D-8B47-5FD98F921A5D}.Debug|Any CPU.Build.0 = Debug|Any CPU
		{7D4BECE0-74C3-4E0D-8B47-5FD98F921A5D}.Release|Any CPU.ActiveCfg = Release|Any CPU
		{7D4BECE0-74C3-4E0D-8B47-5FD98F921A5D}.Release|Any CPU.Build.0 = Release|Any CPU
		{54CF6982-0AC2-48F8-A79C-29F4C4D079C5}.Debug|Any CPU.ActiveCfg = Debug|Any CPU
		{54CF6982-0AC2-48F8-A79C-29F4C4D079C5}.Debug|Any CPU.Build.0 = Debug|Any CPU
		{54CF6982-0AC2-48F8-A79C-29F4C4D079C5}.Release|Any CPU.ActiveCfg = Release|Any CPU
		{54CF6982-0AC2-48F8-A79C-29F4C4D079C5}.Release|Any CPU.Build.0 = Release|Any CPU
		{070A1833-A676-4636-ADCF-178079BADAA2}.Debug|Any CPU.ActiveCfg = Debug|Any CPU
		{070A1833-A676-4636-ADCF-178079BADAA2}.Debug|Any CPU.Build.0 = Debug|Any CPU
		{070A1833-A676-4636-ADCF-178079BADAA2}.Release|Any CPU.ActiveCfg = Release|Any CPU
		{070A1833-A676-4636-ADCF-178079BADAA2}.Release|Any CPU.Build.0 = Release|Any CPU
		{99FF4B52-F927-4BEE-9820-3DE999B56296}.Debug|Any CPU.ActiveCfg = Debug|Any CPU
		{99FF4B52-F927-4BEE-9820-3DE999B56296}.Debug|Any CPU.Build.0 = Debug|Any CPU
		{99FF4B52-F927-4BEE-9820-3DE999B56296}.Release|Any CPU.ActiveCfg = Release|Any CPU
		{99FF4B52-F927-4BEE-9820-3DE999B56296}.Release|Any CPU.Build.0 = Release|Any CPU
		{CAD57F94-99B5-4FAA-8A37-971C7E630CBF}.Debug|Any CPU.ActiveCfg = Debug|Any CPU
		{CAD57F94-99B5-4FAA-8A37-971C7E630CBF}.Debug|Any CPU.Build.0 = Debug|Any CPU
		{CAD57F94-99B5-4FAA-8A37-971C7E630CBF}.Release|Any CPU.ActiveCfg = Release|Any CPU
		{CAD57F94-99B5-4FAA-8A37-971C7E630CBF}.Release|Any CPU.Build.0 = Release|Any CPU
		{265F191A-EADB-4265-B05A-4C2C2BD8EB5D}.Debug|Any CPU.ActiveCfg = Debug|Any CPU
		{265F191A-EADB-4265-B05A-4C2C2BD8EB5D}.Debug|Any CPU.Build.0 = Debug|Any CPU
		{265F191A-EADB-4265-B05A-4C2C2BD8EB5D}.Release|Any CPU.ActiveCfg = Release|Any CPU
		{265F191A-EADB-4265-B05A-4C2C2BD8EB5D}.Release|Any CPU.Build.0 = Release|Any CPU
		{4E2DF1BA-AF45-4A60-9174-846D45859709}.Debug|Any CPU.ActiveCfg = Debug|Any CPU
		{4E2DF1BA-AF45-4A60-9174-846D45859709}.Debug|Any CPU.Build.0 = Debug|Any CPU
		{4E2DF1BA-AF45-4A60-9174-846D45859709}.Release|Any CPU.ActiveCfg = Release|Any CPU
		{4E2DF1BA-AF45-4A60-9174-846D45859709}.Release|Any CPU.Build.0 = Release|Any CPU
		{FAD87639-0F18-4427-96DA-58D2ACC45314}.Debug|Any CPU.ActiveCfg = Debug|Any CPU
		{FAD87639-0F18-4427-96DA-58D2ACC45314}.Debug|Any CPU.Build.0 = Debug|Any CPU
		{FAD87639-0F18-4427-96DA-58D2ACC45314}.Release|Any CPU.ActiveCfg = Release|Any CPU
		{FAD87639-0F18-4427-96DA-58D2ACC45314}.Release|Any CPU.Build.0 = Release|Any CPU
		{36869F5B-AFB9-413F-A89A-F398E2FE4686}.Debug|Any CPU.ActiveCfg = Debug|Any CPU
		{36869F5B-AFB9-413F-A89A-F398E2FE4686}.Debug|Any CPU.Build.0 = Debug|Any CPU
		{36869F5B-AFB9-413F-A89A-F398E2FE4686}.Release|Any CPU.ActiveCfg = Release|Any CPU
		{36869F5B-AFB9-413F-A89A-F398E2FE4686}.Release|Any CPU.Build.0 = Release|Any CPU
		{4DAE32AA-2413-4704-8236-B99941062870}.Debug|Any CPU.ActiveCfg = Debug|Any CPU
		{4DAE32AA-2413-4704-8236-B99941062870}.Debug|Any CPU.Build.0 = Debug|Any CPU
		{4DAE32AA-2413-4704-8236-B99941062870}.Release|Any CPU.ActiveCfg = Release|Any CPU
		{4DAE32AA-2413-4704-8236-B99941062870}.Release|Any CPU.Build.0 = Release|Any CPU
		{5167F7A5-C35F-4BFA-BA50-D1891DE7969E}.Debug|Any CPU.ActiveCfg = Debug|Any CPU
		{5167F7A5-C35F-4BFA-BA50-D1891DE7969E}.Debug|Any CPU.Build.0 = Debug|Any CPU
		{5167F7A5-C35F-4BFA-BA50-D1891DE7969E}.Release|Any CPU.ActiveCfg = Release|Any CPU
		{5167F7A5-C35F-4BFA-BA50-D1891DE7969E}.Release|Any CPU.Build.0 = Release|Any CPU
		{848F9BFB-7650-4AA5-9296-693700243673}.Debug|Any CPU.ActiveCfg = Debug|Any CPU
		{848F9BFB-7650-4AA5-9296-693700243673}.Debug|Any CPU.Build.0 = Debug|Any CPU
		{848F9BFB-7650-4AA5-9296-693700243673}.Release|Any CPU.ActiveCfg = Release|Any CPU
		{848F9BFB-7650-4AA5-9296-693700243673}.Release|Any CPU.Build.0 = Release|Any CPU
		{1B8A8DCC-DED6-4B2F-BEF6-D101C89DCF96}.Debug|Any CPU.ActiveCfg = Debug|Any CPU
		{1B8A8DCC-DED6-4B2F-BEF6-D101C89DCF96}.Debug|Any CPU.Build.0 = Debug|Any CPU
		{1B8A8DCC-DED6-4B2F-BEF6-D101C89DCF96}.Release|Any CPU.ActiveCfg = Release|Any CPU
		{1B8A8DCC-DED6-4B2F-BEF6-D101C89DCF96}.Release|Any CPU.Build.0 = Release|Any CPU
		{FEBA5EF8-8E43-41B0-AF86-858730D3FA41}.Debug|Any CPU.ActiveCfg = Debug|Any CPU
		{FEBA5EF8-8E43-41B0-AF86-858730D3FA41}.Debug|Any CPU.Build.0 = Debug|Any CPU
		{FEBA5EF8-8E43-41B0-AF86-858730D3FA41}.Release|Any CPU.ActiveCfg = Release|Any CPU
		{FEBA5EF8-8E43-41B0-AF86-858730D3FA41}.Release|Any CPU.Build.0 = Release|Any CPU
		{D2007CBB-EA3C-438B-B785-1B8EF8ABE6C7}.Debug|Any CPU.ActiveCfg = Debug|Any CPU
		{D2007CBB-EA3C-438B-B785-1B8EF8ABE6C7}.Debug|Any CPU.Build.0 = Debug|Any CPU
		{D2007CBB-EA3C-438B-B785-1B8EF8ABE6C7}.Release|Any CPU.ActiveCfg = Release|Any CPU
		{D2007CBB-EA3C-438B-B785-1B8EF8ABE6C7}.Release|Any CPU.Build.0 = Release|Any CPU
		{6C129458-8239-471E-B37E-B813B5ED5666}.Debug|Any CPU.ActiveCfg = Debug|Any CPU
		{6C129458-8239-471E-B37E-B813B5ED5666}.Debug|Any CPU.Build.0 = Debug|Any CPU
		{6C129458-8239-471E-B37E-B813B5ED5666}.Release|Any CPU.ActiveCfg = Release|Any CPU
		{6C129458-8239-471E-B37E-B813B5ED5666}.Release|Any CPU.Build.0 = Release|Any CPU
		{D1FCFE12-A442-4652-953B-9895C0043588}.Debug|Any CPU.ActiveCfg = Debug|Any CPU
		{D1FCFE12-A442-4652-953B-9895C0043588}.Debug|Any CPU.Build.0 = Debug|Any CPU
		{D1FCFE12-A442-4652-953B-9895C0043588}.Release|Any CPU.ActiveCfg = Release|Any CPU
		{D1FCFE12-A442-4652-953B-9895C0043588}.Release|Any CPU.Build.0 = Release|Any CPU
		{7C35FFD4-BDBB-4579-9484-8ECE5299BC4F}.Debug|Any CPU.ActiveCfg = Debug|Any CPU
		{7C35FFD4-BDBB-4579-9484-8ECE5299BC4F}.Debug|Any CPU.Build.0 = Debug|Any CPU
		{7C35FFD4-BDBB-4579-9484-8ECE5299BC4F}.Release|Any CPU.ActiveCfg = Release|Any CPU
		{7C35FFD4-BDBB-4579-9484-8ECE5299BC4F}.Release|Any CPU.Build.0 = Release|Any CPU
		{0570ED27-B5BB-45E4-B0E1-72DE97C3A6AC}.Debug|Any CPU.ActiveCfg = Debug|Any CPU
		{0570ED27-B5BB-45E4-B0E1-72DE97C3A6AC}.Debug|Any CPU.Build.0 = Debug|Any CPU
		{0570ED27-B5BB-45E4-B0E1-72DE97C3A6AC}.Release|Any CPU.ActiveCfg = Release|Any CPU
		{0570ED27-B5BB-45E4-B0E1-72DE97C3A6AC}.Release|Any CPU.Build.0 = Release|Any CPU
		{12ED75C9-5514-4894-995C-F7C14F48A524}.Debug|Any CPU.ActiveCfg = Debug|Any CPU
		{12ED75C9-5514-4894-995C-F7C14F48A524}.Debug|Any CPU.Build.0 = Debug|Any CPU
		{12ED75C9-5514-4894-995C-F7C14F48A524}.Release|Any CPU.ActiveCfg = Release|Any CPU
		{12ED75C9-5514-4894-995C-F7C14F48A524}.Release|Any CPU.Build.0 = Release|Any CPU
	EndGlobalSection
	GlobalSection(SolutionProperties) = preSolution
		HideSolutionNode = FALSE
	EndGlobalSection
	GlobalSection(NestedProjects) = preSolution
		{ED9C574D-BE14-41FE-BAA6-22ED3FFB574B} = {621D8F60-BDA8-46A3-9983-DA2B37AE6B14}
		{7D4BECE0-74C3-4E0D-8B47-5FD98F921A5D} = {621D8F60-BDA8-46A3-9983-DA2B37AE6B14}
		{54CF6982-0AC2-48F8-A79C-29F4C4D079C5} = {621D8F60-BDA8-46A3-9983-DA2B37AE6B14}
		{070A1833-A676-4636-ADCF-178079BADAA2} = {621D8F60-BDA8-46A3-9983-DA2B37AE6B14}
		{99FF4B52-F927-4BEE-9820-3DE999B56296} = {621D8F60-BDA8-46A3-9983-DA2B37AE6B14}
		{CAD57F94-99B5-4FAA-8A37-971C7E630CBF} = {621D8F60-BDA8-46A3-9983-DA2B37AE6B14}
		{265F191A-EADB-4265-B05A-4C2C2BD8EB5D} = {1A468BB0-1F78-41D7-B399-BE67E1399886}
		{4E2DF1BA-AF45-4A60-9174-846D45859709} = {1A468BB0-1F78-41D7-B399-BE67E1399886}
		{FAD87639-0F18-4427-96DA-58D2ACC45314} = {4C9135D0-966D-4382-9AEB-170E4A9827BA}
		{36869F5B-AFB9-413F-A89A-F398E2FE4686} = {4C9135D0-966D-4382-9AEB-170E4A9827BA}
		{4DAE32AA-2413-4704-8236-B99941062870} = {4C9135D0-966D-4382-9AEB-170E4A9827BA}
		{5167F7A5-C35F-4BFA-BA50-D1891DE7969E} = {4C9135D0-966D-4382-9AEB-170E4A9827BA}
		{848F9BFB-7650-4AA5-9296-693700243673} = {4C9135D0-966D-4382-9AEB-170E4A9827BA}
		{1B8A8DCC-DED6-4B2F-BEF6-D101C89DCF96} = {4C9135D0-966D-4382-9AEB-170E4A9827BA}
		{FEBA5EF8-8E43-41B0-AF86-858730D3FA41} = {4C9135D0-966D-4382-9AEB-170E4A9827BA}
		{D2007CBB-EA3C-438B-B785-1B8EF8ABE6C7} = {4C9135D0-966D-4382-9AEB-170E4A9827BA}
		{6C129458-8239-471E-B37E-B813B5ED5666} = {4C9135D0-966D-4382-9AEB-170E4A9827BA}
		{D1FCFE12-A442-4652-953B-9895C0043588} = {4C9135D0-966D-4382-9AEB-170E4A9827BA}
		{7C35FFD4-BDBB-4579-9484-8ECE5299BC4F} = {4C9135D0-966D-4382-9AEB-170E4A9827BA}
		{0570ED27-B5BB-45E4-B0E1-72DE97C3A6AC} = {4C9135D0-966D-4382-9AEB-170E4A9827BA}
		{12ED75C9-5514-4894-995C-F7C14F48A524} = {4C9135D0-966D-4382-9AEB-170E4A9827BA}
	EndGlobalSection
	GlobalSection(ExtensibilityGlobals) = postSolution
		SolutionGuid = {BCE694B7-D9D2-439F-9225-C8693CA4C6CA}
	EndGlobalSection
EndGlobal
