
Microsoft Visual Studio Solution File, Format Version 12.00
# Visual Studio Version 16
VisualStudioVersion = 16.0.29503.13
MinimumVisualStudioVersion = 10.0.40219.1
Project("{2150E333-8FDC-42A3-9474-1A3956D46DE8}") = "src", "src", "{3B6B0FAD-F3C4-482B-82F1-381DE7481AB7}"
EndProject
Project("{2150E333-8FDC-42A3-9474-1A3956D46DE8}") = "test", "test", "{94B79D28-001C-4717-AD57-03838CB7C832}"
EndProject
Project("{9A19103F-16F7-4668-BE54-9A1E7A4F7556}") = "AI4E.Utils", "src\AI4E.Utils\AI4E.Utils.csproj", "{BA1D2709-16AE-483B-9F0D-479713E091C9}"
EndProject
Project("{9A19103F-16F7-4668-BE54-9A1E7A4F7556}") = "AI4E.Utils.ApplicationParts", "src\AI4E.Utils.ApplicationParts\AI4E.Utils.ApplicationParts.csproj", "{39769D25-B5B8-4AEA-BA33-7C2F0D951505}"
EndProject
Project("{9A19103F-16F7-4668-BE54-9A1E7A4F7556}") = "AI4E.Utils.Memory", "src\AI4E.Utils.Memory\AI4E.Utils.Memory.csproj", "{502D03D7-2D0D-4E64-AFCC-1A9537C6AA19}"
EndProject
Project("{9A19103F-16F7-4668-BE54-9A1E7A4F7556}") = "AI4E.Utils.Memory.Compatibility", "src\AI4E.Utils.Memory.Compatibility\AI4E.Utils.Memory.Compatibility.csproj", "{AFE575E0-F0D5-41AC-99A8-DFE4B13DCDA4}"
EndProject
Project("{9A19103F-16F7-4668-BE54-9A1E7A4F7556}") = "AI4E.Utils.Messaging.Primitives", "src\AI4E.Utils.Messaging.Primitives\AI4E.Utils.Messaging.Primitives.csproj", "{1CCBCB3C-124C-4A42-8555-43BF7A61CAD8}"
EndProject
Project("{9A19103F-16F7-4668-BE54-9A1E7A4F7556}") = "AI4E.Utils.ObjectClone", "src\AI4E.Utils.ObjectClone\AI4E.Utils.ObjectClone.csproj", "{70757FA6-196D-4A72-BC23-4B2BDB3B42E4}"
EndProject
Project("{9A19103F-16F7-4668-BE54-9A1E7A4F7556}") = "AI4E.Utils.Proxying", "src\AI4E.Utils.Proxying\AI4E.Utils.Proxying.csproj", "{003DC117-6194-4D37-B37C-0D1902BA3B85}"
EndProject
Project("{9A19103F-16F7-4668-BE54-9A1E7A4F7556}") = "AI4E.Utils.ApplicationParts.Test", "test\AI4E.Utils.ApplicationParts.Test\AI4E.Utils.ApplicationParts.Test.csproj", "{7131D57A-C260-41CA-AD27-72A9908B633B}"
EndProject
Project("{9A19103F-16F7-4668-BE54-9A1E7A4F7556}") = "AI4E.Utils.Memory.Test", "test\AI4E.Utils.Memory.Test\AI4E.Utils.Memory.Test.csproj", "{30D8D55F-56F9-40FF-8C0A-4381789934F4}"
EndProject
Project("{9A19103F-16F7-4668-BE54-9A1E7A4F7556}") = "AI4E.Utils.Messaging.Primitives.Test", "test\AI4E.Utils.Messaging.Primitives.Test\AI4E.Utils.Messaging.Primitives.Test.csproj", "{DB4209CD-9668-46FF-8B8F-7B9B5238F273}"
EndProject
Project("{9A19103F-16F7-4668-BE54-9A1E7A4F7556}") = "AI4E.Utils.ObjectClone.Test", "test\AI4E.Utils.ObjectClone.Test\AI4E.Utils.ObjectClone.Test.csproj", "{6B4F7EC4-0097-40A5-8343-7B1E84373EE7}"
EndProject
Project("{9A19103F-16F7-4668-BE54-9A1E7A4F7556}") = "AI4E.Utils.Proxying.Test", "test\AI4E.Utils.Proxying.Test\AI4E.Utils.Proxying.Test.csproj", "{185CF821-CCE1-49B5-A285-2659CAF2103A}"
EndProject
Project("{9A19103F-16F7-4668-BE54-9A1E7A4F7556}") = "AI4E.Utils.Test", "test\AI4E.Utils.Test\AI4E.Utils.Test.csproj", "{75288922-18BB-4C9F-BB8B-D6712D0F52EE}"
EndProject
Project("{9A19103F-16F7-4668-BE54-9A1E7A4F7556}") = "AI4E.Utils.DependencyInjection", "src\AI4E.Utils.DependencyInjection\AI4E.Utils.DependencyInjection.csproj", "{C4835005-0E28-4148-93FD-B5FDACCE78BE}"
EndProject
Project("{9A19103F-16F7-4668-BE54-9A1E7A4F7556}") = "AI4E.Utils.WeakReflectionContext", "src\AI4E.Utils.WeakReflectionContext\AI4E.Utils.WeakReflectionContext.csproj", "{A6D606A1-B8EA-432B-9BCE-96C3AB08AF03}"
EndProject
Project("{9A19103F-16F7-4668-BE54-9A1E7A4F7556}") = "AI4E.Utils.DependencyInjection.Autofac", "src\AI4E.Utils.DependencyInjection.Autofac\AI4E.Utils.DependencyInjection.Autofac.csproj", "{ED54621D-BAFA-4890-B990-44D4CC7B69FA}"
EndProject
Project("{9A19103F-16F7-4668-BE54-9A1E7A4F7556}") = "AI4E.Utils.DependencyInjection.Autofac.Test", "test\AI4E.Utils.DependencyInjection.Autofac.Test\AI4E.Utils.DependencyInjection.Autofac.Test.csproj", "{76926F5E-2CED-494C-81CE-005B3CFB83C3}"
EndProject
Global
	GlobalSection(SolutionConfigurationPlatforms) = preSolution
		Debug|Any CPU = Debug|Any CPU
		Release|Any CPU = Release|Any CPU
	EndGlobalSection
	GlobalSection(ProjectConfigurationPlatforms) = postSolution
		{BA1D2709-16AE-483B-9F0D-479713E091C9}.Debug|Any CPU.ActiveCfg = Debug|Any CPU
		{BA1D2709-16AE-483B-9F0D-479713E091C9}.Debug|Any CPU.Build.0 = Debug|Any CPU
		{BA1D2709-16AE-483B-9F0D-479713E091C9}.Release|Any CPU.ActiveCfg = Release|Any CPU
		{BA1D2709-16AE-483B-9F0D-479713E091C9}.Release|Any CPU.Build.0 = Release|Any CPU
		{39769D25-B5B8-4AEA-BA33-7C2F0D951505}.Debug|Any CPU.ActiveCfg = Debug|Any CPU
		{39769D25-B5B8-4AEA-BA33-7C2F0D951505}.Debug|Any CPU.Build.0 = Debug|Any CPU
		{39769D25-B5B8-4AEA-BA33-7C2F0D951505}.Release|Any CPU.ActiveCfg = Release|Any CPU
		{39769D25-B5B8-4AEA-BA33-7C2F0D951505}.Release|Any CPU.Build.0 = Release|Any CPU
		{502D03D7-2D0D-4E64-AFCC-1A9537C6AA19}.Debug|Any CPU.ActiveCfg = Debug|Any CPU
		{502D03D7-2D0D-4E64-AFCC-1A9537C6AA19}.Debug|Any CPU.Build.0 = Debug|Any CPU
		{502D03D7-2D0D-4E64-AFCC-1A9537C6AA19}.Release|Any CPU.ActiveCfg = Release|Any CPU
		{502D03D7-2D0D-4E64-AFCC-1A9537C6AA19}.Release|Any CPU.Build.0 = Release|Any CPU
		{AFE575E0-F0D5-41AC-99A8-DFE4B13DCDA4}.Debug|Any CPU.ActiveCfg = Debug|Any CPU
		{AFE575E0-F0D5-41AC-99A8-DFE4B13DCDA4}.Debug|Any CPU.Build.0 = Debug|Any CPU
		{AFE575E0-F0D5-41AC-99A8-DFE4B13DCDA4}.Release|Any CPU.ActiveCfg = Release|Any CPU
		{AFE575E0-F0D5-41AC-99A8-DFE4B13DCDA4}.Release|Any CPU.Build.0 = Release|Any CPU
		{1CCBCB3C-124C-4A42-8555-43BF7A61CAD8}.Debug|Any CPU.ActiveCfg = Debug|Any CPU
		{1CCBCB3C-124C-4A42-8555-43BF7A61CAD8}.Debug|Any CPU.Build.0 = Debug|Any CPU
		{1CCBCB3C-124C-4A42-8555-43BF7A61CAD8}.Release|Any CPU.ActiveCfg = Release|Any CPU
		{1CCBCB3C-124C-4A42-8555-43BF7A61CAD8}.Release|Any CPU.Build.0 = Release|Any CPU
		{70757FA6-196D-4A72-BC23-4B2BDB3B42E4}.Debug|Any CPU.ActiveCfg = Debug|Any CPU
		{70757FA6-196D-4A72-BC23-4B2BDB3B42E4}.Debug|Any CPU.Build.0 = Debug|Any CPU
		{70757FA6-196D-4A72-BC23-4B2BDB3B42E4}.Release|Any CPU.ActiveCfg = Release|Any CPU
		{70757FA6-196D-4A72-BC23-4B2BDB3B42E4}.Release|Any CPU.Build.0 = Release|Any CPU
		{003DC117-6194-4D37-B37C-0D1902BA3B85}.Debug|Any CPU.ActiveCfg = Debug|Any CPU
		{003DC117-6194-4D37-B37C-0D1902BA3B85}.Debug|Any CPU.Build.0 = Debug|Any CPU
		{003DC117-6194-4D37-B37C-0D1902BA3B85}.Release|Any CPU.ActiveCfg = Release|Any CPU
		{003DC117-6194-4D37-B37C-0D1902BA3B85}.Release|Any CPU.Build.0 = Release|Any CPU
		{7131D57A-C260-41CA-AD27-72A9908B633B}.Debug|Any CPU.ActiveCfg = Debug|Any CPU
		{7131D57A-C260-41CA-AD27-72A9908B633B}.Debug|Any CPU.Build.0 = Debug|Any CPU
		{7131D57A-C260-41CA-AD27-72A9908B633B}.Release|Any CPU.ActiveCfg = Release|Any CPU
		{7131D57A-C260-41CA-AD27-72A9908B633B}.Release|Any CPU.Build.0 = Release|Any CPU
		{30D8D55F-56F9-40FF-8C0A-4381789934F4}.Debug|Any CPU.ActiveCfg = Debug|Any CPU
		{30D8D55F-56F9-40FF-8C0A-4381789934F4}.Debug|Any CPU.Build.0 = Debug|Any CPU
		{30D8D55F-56F9-40FF-8C0A-4381789934F4}.Release|Any CPU.ActiveCfg = Release|Any CPU
		{30D8D55F-56F9-40FF-8C0A-4381789934F4}.Release|Any CPU.Build.0 = Release|Any CPU
		{DB4209CD-9668-46FF-8B8F-7B9B5238F273}.Debug|Any CPU.ActiveCfg = Debug|Any CPU
		{DB4209CD-9668-46FF-8B8F-7B9B5238F273}.Debug|Any CPU.Build.0 = Debug|Any CPU
		{DB4209CD-9668-46FF-8B8F-7B9B5238F273}.Release|Any CPU.ActiveCfg = Release|Any CPU
		{DB4209CD-9668-46FF-8B8F-7B9B5238F273}.Release|Any CPU.Build.0 = Release|Any CPU
		{6B4F7EC4-0097-40A5-8343-7B1E84373EE7}.Debug|Any CPU.ActiveCfg = Debug|Any CPU
		{6B4F7EC4-0097-40A5-8343-7B1E84373EE7}.Debug|Any CPU.Build.0 = Debug|Any CPU
		{6B4F7EC4-0097-40A5-8343-7B1E84373EE7}.Release|Any CPU.ActiveCfg = Release|Any CPU
		{6B4F7EC4-0097-40A5-8343-7B1E84373EE7}.Release|Any CPU.Build.0 = Release|Any CPU
		{185CF821-CCE1-49B5-A285-2659CAF2103A}.Debug|Any CPU.ActiveCfg = Debug|Any CPU
		{185CF821-CCE1-49B5-A285-2659CAF2103A}.Debug|Any CPU.Build.0 = Debug|Any CPU
		{185CF821-CCE1-49B5-A285-2659CAF2103A}.Release|Any CPU.ActiveCfg = Release|Any CPU
		{185CF821-CCE1-49B5-A285-2659CAF2103A}.Release|Any CPU.Build.0 = Release|Any CPU
		{75288922-18BB-4C9F-BB8B-D6712D0F52EE}.Debug|Any CPU.ActiveCfg = Debug|Any CPU
		{75288922-18BB-4C9F-BB8B-D6712D0F52EE}.Debug|Any CPU.Build.0 = Debug|Any CPU
		{75288922-18BB-4C9F-BB8B-D6712D0F52EE}.Release|Any CPU.ActiveCfg = Release|Any CPU
		{75288922-18BB-4C9F-BB8B-D6712D0F52EE}.Release|Any CPU.Build.0 = Release|Any CPU
		{C4835005-0E28-4148-93FD-B5FDACCE78BE}.Debug|Any CPU.ActiveCfg = Debug|Any CPU
		{C4835005-0E28-4148-93FD-B5FDACCE78BE}.Debug|Any CPU.Build.0 = Debug|Any CPU
		{C4835005-0E28-4148-93FD-B5FDACCE78BE}.Release|Any CPU.ActiveCfg = Release|Any CPU
		{C4835005-0E28-4148-93FD-B5FDACCE78BE}.Release|Any CPU.Build.0 = Release|Any CPU
		{A6D606A1-B8EA-432B-9BCE-96C3AB08AF03}.Debug|Any CPU.ActiveCfg = Debug|Any CPU
		{A6D606A1-B8EA-432B-9BCE-96C3AB08AF03}.Debug|Any CPU.Build.0 = Debug|Any CPU
		{A6D606A1-B8EA-432B-9BCE-96C3AB08AF03}.Release|Any CPU.ActiveCfg = Release|Any CPU
		{A6D606A1-B8EA-432B-9BCE-96C3AB08AF03}.Release|Any CPU.Build.0 = Release|Any CPU
		{ED54621D-BAFA-4890-B990-44D4CC7B69FA}.Debug|Any CPU.ActiveCfg = Debug|Any CPU
		{ED54621D-BAFA-4890-B990-44D4CC7B69FA}.Debug|Any CPU.Build.0 = Debug|Any CPU
		{ED54621D-BAFA-4890-B990-44D4CC7B69FA}.Release|Any CPU.ActiveCfg = Release|Any CPU
		{ED54621D-BAFA-4890-B990-44D4CC7B69FA}.Release|Any CPU.Build.0 = Release|Any CPU
		{76926F5E-2CED-494C-81CE-005B3CFB83C3}.Debug|Any CPU.ActiveCfg = Debug|Any CPU
		{76926F5E-2CED-494C-81CE-005B3CFB83C3}.Debug|Any CPU.Build.0 = Debug|Any CPU
		{76926F5E-2CED-494C-81CE-005B3CFB83C3}.Release|Any CPU.ActiveCfg = Release|Any CPU
		{76926F5E-2CED-494C-81CE-005B3CFB83C3}.Release|Any CPU.Build.0 = Release|Any CPU
	EndGlobalSection
	GlobalSection(SolutionProperties) = preSolution
		HideSolutionNode = FALSE
	EndGlobalSection
	GlobalSection(NestedProjects) = preSolution
		{BA1D2709-16AE-483B-9F0D-479713E091C9} = {3B6B0FAD-F3C4-482B-82F1-381DE7481AB7}
		{39769D25-B5B8-4AEA-BA33-7C2F0D951505} = {3B6B0FAD-F3C4-482B-82F1-381DE7481AB7}
		{502D03D7-2D0D-4E64-AFCC-1A9537C6AA19} = {3B6B0FAD-F3C4-482B-82F1-381DE7481AB7}
		{AFE575E0-F0D5-41AC-99A8-DFE4B13DCDA4} = {3B6B0FAD-F3C4-482B-82F1-381DE7481AB7}
		{1CCBCB3C-124C-4A42-8555-43BF7A61CAD8} = {3B6B0FAD-F3C4-482B-82F1-381DE7481AB7}
		{70757FA6-196D-4A72-BC23-4B2BDB3B42E4} = {3B6B0FAD-F3C4-482B-82F1-381DE7481AB7}
		{003DC117-6194-4D37-B37C-0D1902BA3B85} = {3B6B0FAD-F3C4-482B-82F1-381DE7481AB7}
		{7131D57A-C260-41CA-AD27-72A9908B633B} = {94B79D28-001C-4717-AD57-03838CB7C832}
		{30D8D55F-56F9-40FF-8C0A-4381789934F4} = {94B79D28-001C-4717-AD57-03838CB7C832}
		{DB4209CD-9668-46FF-8B8F-7B9B5238F273} = {94B79D28-001C-4717-AD57-03838CB7C832}
		{6B4F7EC4-0097-40A5-8343-7B1E84373EE7} = {94B79D28-001C-4717-AD57-03838CB7C832}
		{185CF821-CCE1-49B5-A285-2659CAF2103A} = {94B79D28-001C-4717-AD57-03838CB7C832}
		{75288922-18BB-4C9F-BB8B-D6712D0F52EE} = {94B79D28-001C-4717-AD57-03838CB7C832}
		{C4835005-0E28-4148-93FD-B5FDACCE78BE} = {3B6B0FAD-F3C4-482B-82F1-381DE7481AB7}
		{A6D606A1-B8EA-432B-9BCE-96C3AB08AF03} = {3B6B0FAD-F3C4-482B-82F1-381DE7481AB7}
		{ED54621D-BAFA-4890-B990-44D4CC7B69FA} = {3B6B0FAD-F3C4-482B-82F1-381DE7481AB7}
		{76926F5E-2CED-494C-81CE-005B3CFB83C3} = {94B79D28-001C-4717-AD57-03838CB7C832}
	EndGlobalSection
	GlobalSection(ExtensibilityGlobals) = postSolution
		SolutionGuid = {B54D4CCD-2221-4B44-99D4-5222EB9410A3}
	EndGlobalSection
EndGlobal
