
Microsoft Visual Studio Solution File, Format Version 12.00
# Visual Studio Version 16
VisualStudioVersion = 16.0.29424.173
MinimumVisualStudioVersion = 10.0.40219.1
Project("{2150E333-8FDC-42A3-9474-1A3956D46DE8}") = "src", "src", "{3BFE31C6-7563-4A5D-97E7-2DA621FD949D}"
EndProject
Project("{2150E333-8FDC-42A3-9474-1A3956D46DE8}") = "samples", "samples", "{CF0181A9-9F7B-444A-B14D-6E1606BA6CE6}"
EndProject
Project("{2150E333-8FDC-42A3-9474-1A3956D46DE8}") = "test", "test", "{365927B2-2E03-4170-BC4B-E8022FB748C0}"
EndProject
Project("{9A19103F-16F7-4668-BE54-9A1E7A4F7556}") = "AI4E.AspNetCore.Blazor", "src\AI4E.AspNetCore.Blazor\AI4E.AspNetCore.Blazor.csproj", "{59174BB7-07E1-497D-B739-59BCC1421307}"
EndProject
Project("{9A19103F-16F7-4668-BE54-9A1E7A4F7556}") = "AI4E.AspNetCore.Blazor.Logging", "src\AI4E.AspNetCore.Blazor.Logging\AI4E.AspNetCore.Blazor.Logging.csproj", "{C1A371F6-1E9F-49FD-8280-FF47D15A6554}"
EndProject
Project("{9A19103F-16F7-4668-BE54-9A1E7A4F7556}") = "AI4E.AspNetCore.Blazor.Server", "src\AI4E.AspNetCore.Blazor.Server\AI4E.AspNetCore.Blazor.Server.csproj", "{6D0841DC-543C-4FED-AA0D-04A14861AAA1}"
EndProject
Project("{9A19103F-16F7-4668-BE54-9A1E7A4F7556}") = "AI4E.AspNetCore.Blazor.SignalR", "src\AI4E.AspNetCore.Blazor.SignalR\AI4E.AspNetCore.Blazor.SignalR.csproj", "{CD9DCE7C-4F9E-4F0F-8BCE-57ADE91975DF}"
EndProject
Project("{9A19103F-16F7-4668-BE54-9A1E7A4F7556}") = "AI4E.AspNetCore.Components", "src\AI4E.AspNetCore.Components\AI4E.AspNetCore.Components.csproj", "{5846F336-DF9D-4CA2-8881-BAC7AF07C8B9}"
EndProject
Project("{9A19103F-16F7-4668-BE54-9A1E7A4F7556}") = "AI4E.AspNetCore.Components.Extensibility", "src\AI4E.AspNetCore.Components.Extensibility\AI4E.AspNetCore.Components.Extensibility.csproj", "{E15C6395-4C54-41D7-8F06-B1D9B9138E2A}"
EndProject
Project("{9A19103F-16F7-4668-BE54-9A1E7A4F7556}") = "AI4E.AspNetCore.Components.Notifications", "src\AI4E.AspNetCore.Components.Notifications\AI4E.AspNetCore.Components.Notifications.csproj", "{7486BCDF-3EA7-48A9-86A9-6B61D1E258E1}"
EndProject
Project("{9A19103F-16F7-4668-BE54-9A1E7A4F7556}") = "AI4E.AspNetCore.Components.Routing", "src\AI4E.AspNetCore.Components.Routing\AI4E.AspNetCore.Components.Routing.csproj", "{E37DB91A-C8DC-41FE-B004-6E540F13070A}"
EndProject
Project("{9A19103F-16F7-4668-BE54-9A1E7A4F7556}") = "ComponentBaseTest", "samples\ComponentBaseTest\ComponentBaseTest.csproj", "{A6AD9520-F355-4555-86AA-A54E4D934B0C}"
EndProject
Project("{9A19103F-16F7-4668-BE54-9A1E7A4F7556}") = "Notifications.Sample", "samples\Notifications.Sample\Notifications.Sample.csproj", "{E8A690F6-6D43-464D-8F43-5B1A99BC7ACD}"
EndProject
Project("{9A19103F-16F7-4668-BE54-9A1E7A4F7556}") = "Routing.DefaultRouterSample", "samples\Routing.DefaultRouterSample\Routing.DefaultRouterSample.csproj", "{BDD1F46F-A7A2-4357-B0EE-3CBCC74155B5}"
EndProject
Project("{2150E333-8FDC-42A3-9474-1A3956D46DE8}") = "SignalR.Sample", "SignalR.Sample", "{EA6425C5-1941-4ECF-BD6F-EFE73FB6572C}"
EndProject
Project("{2150E333-8FDC-42A3-9474-1A3956D46DE8}") = "Logging.Sample", "Logging.Sample", "{2F37C100-7BAD-452F-A42F-B55786D7AE04}"
EndProject
Project("{9A19103F-16F7-4668-BE54-9A1E7A4F7556}") = "Logging.Sample.Client", "samples\Logging.Sample\Logging.Sample.Client\Logging.Sample.Client.csproj", "{CD6237F0-480E-4FE8-B47A-23DAFEABCAFE}"
EndProject
Project("{9A19103F-16F7-4668-BE54-9A1E7A4F7556}") = "Logging.Sample.Server", "samples\Logging.Sample\Logging.Sample.Server\Logging.Sample.Server.csproj", "{34C5A84E-23B4-486A-800E-9104DF29BC2B}"
EndProject
Project("{9A19103F-16F7-4668-BE54-9A1E7A4F7556}") = "SignalR.Sample.App", "samples\SignalR.Sample\SignalR.Sample.App\SignalR.Sample.App.csproj", "{EABB7249-E958-4077-A48C-B5CBAB2E497F}"
EndProject
Project("{9A19103F-16F7-4668-BE54-9A1E7A4F7556}") = "SignalR.Sample.Server", "samples\SignalR.Sample\SignalR.Sample.Server\SignalR.Sample.Server.csproj", "{9E0EDFFC-E2E4-4117-83CA-ED41702C94E5}"
EndProject
Project("{2150E333-8FDC-42A3-9474-1A3956D46DE8}") = "refs", "refs", "{D51B21EF-F729-4357-ADCB-CABC59C6FB5B}"
EndProject
Project("{9A19103F-16F7-4668-BE54-9A1E7A4F7556}") = "AI4E.Utils", "..\Utils\AI4E.Utils\AI4E.Utils.csproj", "{434A0B14-711E-460F-B63E-802EC0671C9D}"
EndProject
Project("{9A19103F-16F7-4668-BE54-9A1E7A4F7556}") = "AI4E.Utils.Memory.Compatibility", "..\Utils\AI4E.Utils.Memory.Compatibility\AI4E.Utils.Memory.Compatibility.csproj", "{F6AD3372-D326-4CBB-BAB7-DFB97F820B2B}"
EndProject
Project("{9A19103F-16F7-4668-BE54-9A1E7A4F7556}") = "AI4E.Messaging.Abstractions", "..\Messaging\AI4E.Messaging.Abstractions\AI4E.Messaging.Abstractions.csproj", "{9444F1B8-A17F-475E-9B89-09913AF1E277}"
EndProject
Project("{9A19103F-16F7-4668-BE54-9A1E7A4F7556}") = "AI4E.Messaging", "..\Messaging\AI4E.Messaging\AI4E.Messaging.csproj", "{B29A592B-4BDB-4E5A-86B2-0AEA1C210369}"
EndProject
Project("{9A19103F-16F7-4668-BE54-9A1E7A4F7556}") = "AI4E.Utils.Messaging.Primitives", "..\Utils\AI4E.Utils.Messaging.Primitives\AI4E.Utils.Messaging.Primitives.csproj", "{11A55076-43A6-42E9-BE07-DDE74FDF3DDC}"
EndProject
Project("{9A19103F-16F7-4668-BE54-9A1E7A4F7556}") = "AI4E.Utils.Memory", "..\Utils\AI4E.Utils.Memory\AI4E.Utils.Memory.csproj", "{8CB1A67D-2A0F-4FA6-9500-0DB17C4EB1EE}"
EndProject
Project("{9A19103F-16F7-4668-BE54-9A1E7A4F7556}") = "AI4E.Utils.ApplicationParts", "..\Utils\AI4E.Utils.ApplicationParts\AI4E.Utils.ApplicationParts.csproj", "{924495A0-F88F-4A02-8B5F-335E55848B70}"
EndProject
Project("{9A19103F-16F7-4668-BE54-9A1E7A4F7556}") = "AI4E.Modularity.Abstractions", "..\Modularity\AI4E.Modularity.Abstractions\AI4E.Modularity.Abstractions.csproj", "{9D9AF157-593F-4B44-B297-609F7F097CE2}"
EndProject
Project("{9A19103F-16F7-4668-BE54-9A1E7A4F7556}") = "AI4E.Messaging.SignalR.Client", "..\Messaging.SignalR\AI4E.Messaging.SignalR.Client\AI4E.Messaging.SignalR.Client.csproj", "{7D1E7C56-11ED-413D-850B-88A03572FC71}"
EndProject
Project("{2150E333-8FDC-42A3-9474-1A3956D46DE8}") = "Modularity.Sample", "Modularity.Sample", "{CBC890B3-2425-4424-A272-CE3C4FAFA6BC}"
EndProject
Project("{9A19103F-16F7-4668-BE54-9A1E7A4F7556}") = "Routing.Modularity.Sample.Shared", "samples\Modularity.Sample\Routing.Modularity.Sample.Shared\Routing.Modularity.Sample.Shared.csproj", "{B55B9BCC-5812-49B7-9E3D-612B8BF5078F}"
EndProject
Project("{9A19103F-16F7-4668-BE54-9A1E7A4F7556}") = "Routing.Modularity.Sample.PluginA", "samples\Modularity.Sample\Routing.Modularity.Sample.PluginA\Routing.Modularity.Sample.PluginA.csproj", "{2444BDEB-6AA4-4B2F-960A-8015FAFE910C}"
EndProject
Project("{9A19103F-16F7-4668-BE54-9A1E7A4F7556}") = "Routing.Modularity.Sample", "samples\Modularity.Sample\Routing.Modularity.Sample\Routing.Modularity.Sample.csproj", "{5C797788-BAA0-476D-858F-9C601F67FE19}"
EndProject
Project("{9A19103F-16F7-4668-BE54-9A1E7A4F7556}") = "Routing.Modularity.Sample.PluginB", "samples\Modularity.Sample\Routing.Modularity.Sample.PluginB\Routing.Modularity.Sample.PluginB.csproj", "{110875D9-1233-422F-BB2C-AEAAE320989D}"
EndProject
Project("{9A19103F-16F7-4668-BE54-9A1E7A4F7556}") = "AI4E.AspNetCore", "..\AspNetCore\AI4E.AspNetCore\AI4E.AspNetCore.csproj", "{EFB30ED5-C7D9-48C4-A316-AF00D40BA160}"
EndProject
Global
	GlobalSection(SolutionConfigurationPlatforms) = preSolution
		Debug|Any CPU = Debug|Any CPU
		Release|Any CPU = Release|Any CPU
	EndGlobalSection
	GlobalSection(ProjectConfigurationPlatforms) = postSolution
		{59174BB7-07E1-497D-B739-59BCC1421307}.Debug|Any CPU.ActiveCfg = Debug|Any CPU
		{59174BB7-07E1-497D-B739-59BCC1421307}.Debug|Any CPU.Build.0 = Debug|Any CPU
		{59174BB7-07E1-497D-B739-59BCC1421307}.Release|Any CPU.ActiveCfg = Release|Any CPU
		{59174BB7-07E1-497D-B739-59BCC1421307}.Release|Any CPU.Build.0 = Release|Any CPU
		{C1A371F6-1E9F-49FD-8280-FF47D15A6554}.Debug|Any CPU.ActiveCfg = Debug|Any CPU
		{C1A371F6-1E9F-49FD-8280-FF47D15A6554}.Debug|Any CPU.Build.0 = Debug|Any CPU
		{C1A371F6-1E9F-49FD-8280-FF47D15A6554}.Release|Any CPU.ActiveCfg = Release|Any CPU
		{C1A371F6-1E9F-49FD-8280-FF47D15A6554}.Release|Any CPU.Build.0 = Release|Any CPU
		{6D0841DC-543C-4FED-AA0D-04A14861AAA1}.Debug|Any CPU.ActiveCfg = Debug|Any CPU
		{6D0841DC-543C-4FED-AA0D-04A14861AAA1}.Debug|Any CPU.Build.0 = Debug|Any CPU
		{6D0841DC-543C-4FED-AA0D-04A14861AAA1}.Release|Any CPU.ActiveCfg = Release|Any CPU
		{6D0841DC-543C-4FED-AA0D-04A14861AAA1}.Release|Any CPU.Build.0 = Release|Any CPU
		{CD9DCE7C-4F9E-4F0F-8BCE-57ADE91975DF}.Debug|Any CPU.ActiveCfg = Debug|Any CPU
		{CD9DCE7C-4F9E-4F0F-8BCE-57ADE91975DF}.Debug|Any CPU.Build.0 = Debug|Any CPU
		{CD9DCE7C-4F9E-4F0F-8BCE-57ADE91975DF}.Release|Any CPU.ActiveCfg = Release|Any CPU
		{CD9DCE7C-4F9E-4F0F-8BCE-57ADE91975DF}.Release|Any CPU.Build.0 = Release|Any CPU
		{5846F336-DF9D-4CA2-8881-BAC7AF07C8B9}.Debug|Any CPU.ActiveCfg = Debug|Any CPU
		{5846F336-DF9D-4CA2-8881-BAC7AF07C8B9}.Debug|Any CPU.Build.0 = Debug|Any CPU
		{5846F336-DF9D-4CA2-8881-BAC7AF07C8B9}.Release|Any CPU.ActiveCfg = Release|Any CPU
		{5846F336-DF9D-4CA2-8881-BAC7AF07C8B9}.Release|Any CPU.Build.0 = Release|Any CPU
		{E15C6395-4C54-41D7-8F06-B1D9B9138E2A}.Debug|Any CPU.ActiveCfg = Debug|Any CPU
		{E15C6395-4C54-41D7-8F06-B1D9B9138E2A}.Debug|Any CPU.Build.0 = Debug|Any CPU
		{E15C6395-4C54-41D7-8F06-B1D9B9138E2A}.Release|Any CPU.ActiveCfg = Release|Any CPU
		{E15C6395-4C54-41D7-8F06-B1D9B9138E2A}.Release|Any CPU.Build.0 = Release|Any CPU
		{7486BCDF-3EA7-48A9-86A9-6B61D1E258E1}.Debug|Any CPU.ActiveCfg = Debug|Any CPU
		{7486BCDF-3EA7-48A9-86A9-6B61D1E258E1}.Debug|Any CPU.Build.0 = Debug|Any CPU
		{7486BCDF-3EA7-48A9-86A9-6B61D1E258E1}.Release|Any CPU.ActiveCfg = Release|Any CPU
		{7486BCDF-3EA7-48A9-86A9-6B61D1E258E1}.Release|Any CPU.Build.0 = Release|Any CPU
		{E37DB91A-C8DC-41FE-B004-6E540F13070A}.Debug|Any CPU.ActiveCfg = Debug|Any CPU
		{E37DB91A-C8DC-41FE-B004-6E540F13070A}.Debug|Any CPU.Build.0 = Debug|Any CPU
		{E37DB91A-C8DC-41FE-B004-6E540F13070A}.Release|Any CPU.ActiveCfg = Release|Any CPU
		{E37DB91A-C8DC-41FE-B004-6E540F13070A}.Release|Any CPU.Build.0 = Release|Any CPU
		{A6AD9520-F355-4555-86AA-A54E4D934B0C}.Debug|Any CPU.ActiveCfg = Debug|Any CPU
		{A6AD9520-F355-4555-86AA-A54E4D934B0C}.Debug|Any CPU.Build.0 = Debug|Any CPU
		{A6AD9520-F355-4555-86AA-A54E4D934B0C}.Release|Any CPU.ActiveCfg = Release|Any CPU
		{A6AD9520-F355-4555-86AA-A54E4D934B0C}.Release|Any CPU.Build.0 = Release|Any CPU
		{E8A690F6-6D43-464D-8F43-5B1A99BC7ACD}.Debug|Any CPU.ActiveCfg = Debug|Any CPU
		{E8A690F6-6D43-464D-8F43-5B1A99BC7ACD}.Debug|Any CPU.Build.0 = Debug|Any CPU
		{E8A690F6-6D43-464D-8F43-5B1A99BC7ACD}.Release|Any CPU.ActiveCfg = Release|Any CPU
		{E8A690F6-6D43-464D-8F43-5B1A99BC7ACD}.Release|Any CPU.Build.0 = Release|Any CPU
		{BDD1F46F-A7A2-4357-B0EE-3CBCC74155B5}.Debug|Any CPU.ActiveCfg = Debug|Any CPU
		{BDD1F46F-A7A2-4357-B0EE-3CBCC74155B5}.Debug|Any CPU.Build.0 = Debug|Any CPU
		{BDD1F46F-A7A2-4357-B0EE-3CBCC74155B5}.Release|Any CPU.ActiveCfg = Release|Any CPU
		{BDD1F46F-A7A2-4357-B0EE-3CBCC74155B5}.Release|Any CPU.Build.0 = Release|Any CPU
		{CD6237F0-480E-4FE8-B47A-23DAFEABCAFE}.Debug|Any CPU.ActiveCfg = Debug|Any CPU
		{CD6237F0-480E-4FE8-B47A-23DAFEABCAFE}.Debug|Any CPU.Build.0 = Debug|Any CPU
		{CD6237F0-480E-4FE8-B47A-23DAFEABCAFE}.Release|Any CPU.ActiveCfg = Release|Any CPU
		{CD6237F0-480E-4FE8-B47A-23DAFEABCAFE}.Release|Any CPU.Build.0 = Release|Any CPU
		{34C5A84E-23B4-486A-800E-9104DF29BC2B}.Debug|Any CPU.ActiveCfg = Debug|Any CPU
		{34C5A84E-23B4-486A-800E-9104DF29BC2B}.Debug|Any CPU.Build.0 = Debug|Any CPU
		{34C5A84E-23B4-486A-800E-9104DF29BC2B}.Release|Any CPU.ActiveCfg = Release|Any CPU
		{34C5A84E-23B4-486A-800E-9104DF29BC2B}.Release|Any CPU.Build.0 = Release|Any CPU
		{EABB7249-E958-4077-A48C-B5CBAB2E497F}.Debug|Any CPU.ActiveCfg = Debug|Any CPU
		{EABB7249-E958-4077-A48C-B5CBAB2E497F}.Debug|Any CPU.Build.0 = Debug|Any CPU
		{EABB7249-E958-4077-A48C-B5CBAB2E497F}.Release|Any CPU.ActiveCfg = Release|Any CPU
		{EABB7249-E958-4077-A48C-B5CBAB2E497F}.Release|Any CPU.Build.0 = Release|Any CPU
		{9E0EDFFC-E2E4-4117-83CA-ED41702C94E5}.Debug|Any CPU.ActiveCfg = Debug|Any CPU
		{9E0EDFFC-E2E4-4117-83CA-ED41702C94E5}.Debug|Any CPU.Build.0 = Debug|Any CPU
		{9E0EDFFC-E2E4-4117-83CA-ED41702C94E5}.Release|Any CPU.ActiveCfg = Release|Any CPU
		{9E0EDFFC-E2E4-4117-83CA-ED41702C94E5}.Release|Any CPU.Build.0 = Release|Any CPU
		{434A0B14-711E-460F-B63E-802EC0671C9D}.Debug|Any CPU.ActiveCfg = Debug|Any CPU
		{434A0B14-711E-460F-B63E-802EC0671C9D}.Debug|Any CPU.Build.0 = Debug|Any CPU
		{434A0B14-711E-460F-B63E-802EC0671C9D}.Release|Any CPU.ActiveCfg = Release|Any CPU
		{434A0B14-711E-460F-B63E-802EC0671C9D}.Release|Any CPU.Build.0 = Release|Any CPU
		{F6AD3372-D326-4CBB-BAB7-DFB97F820B2B}.Debug|Any CPU.ActiveCfg = Debug|Any CPU
		{F6AD3372-D326-4CBB-BAB7-DFB97F820B2B}.Debug|Any CPU.Build.0 = Debug|Any CPU
		{F6AD3372-D326-4CBB-BAB7-DFB97F820B2B}.Release|Any CPU.ActiveCfg = Release|Any CPU
		{F6AD3372-D326-4CBB-BAB7-DFB97F820B2B}.Release|Any CPU.Build.0 = Release|Any CPU
		{9444F1B8-A17F-475E-9B89-09913AF1E277}.Debug|Any CPU.ActiveCfg = Debug|Any CPU
		{9444F1B8-A17F-475E-9B89-09913AF1E277}.Debug|Any CPU.Build.0 = Debug|Any CPU
		{9444F1B8-A17F-475E-9B89-09913AF1E277}.Release|Any CPU.ActiveCfg = Release|Any CPU
		{9444F1B8-A17F-475E-9B89-09913AF1E277}.Release|Any CPU.Build.0 = Release|Any CPU
		{B29A592B-4BDB-4E5A-86B2-0AEA1C210369}.Debug|Any CPU.ActiveCfg = Debug|Any CPU
		{B29A592B-4BDB-4E5A-86B2-0AEA1C210369}.Debug|Any CPU.Build.0 = Debug|Any CPU
		{B29A592B-4BDB-4E5A-86B2-0AEA1C210369}.Release|Any CPU.ActiveCfg = Release|Any CPU
		{B29A592B-4BDB-4E5A-86B2-0AEA1C210369}.Release|Any CPU.Build.0 = Release|Any CPU
		{11A55076-43A6-42E9-BE07-DDE74FDF3DDC}.Debug|Any CPU.ActiveCfg = Debug|Any CPU
		{11A55076-43A6-42E9-BE07-DDE74FDF3DDC}.Debug|Any CPU.Build.0 = Debug|Any CPU
		{11A55076-43A6-42E9-BE07-DDE74FDF3DDC}.Release|Any CPU.ActiveCfg = Release|Any CPU
		{11A55076-43A6-42E9-BE07-DDE74FDF3DDC}.Release|Any CPU.Build.0 = Release|Any CPU
		{8CB1A67D-2A0F-4FA6-9500-0DB17C4EB1EE}.Debug|Any CPU.ActiveCfg = Debug|Any CPU
		{8CB1A67D-2A0F-4FA6-9500-0DB17C4EB1EE}.Debug|Any CPU.Build.0 = Debug|Any CPU
		{8CB1A67D-2A0F-4FA6-9500-0DB17C4EB1EE}.Release|Any CPU.ActiveCfg = Release|Any CPU
		{8CB1A67D-2A0F-4FA6-9500-0DB17C4EB1EE}.Release|Any CPU.Build.0 = Release|Any CPU
		{924495A0-F88F-4A02-8B5F-335E55848B70}.Debug|Any CPU.ActiveCfg = Debug|Any CPU
		{924495A0-F88F-4A02-8B5F-335E55848B70}.Debug|Any CPU.Build.0 = Debug|Any CPU
		{924495A0-F88F-4A02-8B5F-335E55848B70}.Release|Any CPU.ActiveCfg = Release|Any CPU
		{924495A0-F88F-4A02-8B5F-335E55848B70}.Release|Any CPU.Build.0 = Release|Any CPU
		{9D9AF157-593F-4B44-B297-609F7F097CE2}.Debug|Any CPU.ActiveCfg = Debug|Any CPU
		{9D9AF157-593F-4B44-B297-609F7F097CE2}.Debug|Any CPU.Build.0 = Debug|Any CPU
		{9D9AF157-593F-4B44-B297-609F7F097CE2}.Release|Any CPU.ActiveCfg = Release|Any CPU
		{9D9AF157-593F-4B44-B297-609F7F097CE2}.Release|Any CPU.Build.0 = Release|Any CPU
		{7D1E7C56-11ED-413D-850B-88A03572FC71}.Debug|Any CPU.ActiveCfg = Debug|Any CPU
		{7D1E7C56-11ED-413D-850B-88A03572FC71}.Debug|Any CPU.Build.0 = Debug|Any CPU
		{7D1E7C56-11ED-413D-850B-88A03572FC71}.Release|Any CPU.ActiveCfg = Release|Any CPU
		{7D1E7C56-11ED-413D-850B-88A03572FC71}.Release|Any CPU.Build.0 = Release|Any CPU
		{B55B9BCC-5812-49B7-9E3D-612B8BF5078F}.Debug|Any CPU.ActiveCfg = Debug|Any CPU
		{B55B9BCC-5812-49B7-9E3D-612B8BF5078F}.Debug|Any CPU.Build.0 = Debug|Any CPU
		{B55B9BCC-5812-49B7-9E3D-612B8BF5078F}.Release|Any CPU.ActiveCfg = Release|Any CPU
		{B55B9BCC-5812-49B7-9E3D-612B8BF5078F}.Release|Any CPU.Build.0 = Release|Any CPU
		{2444BDEB-6AA4-4B2F-960A-8015FAFE910C}.Debug|Any CPU.ActiveCfg = Debug|Any CPU
		{2444BDEB-6AA4-4B2F-960A-8015FAFE910C}.Debug|Any CPU.Build.0 = Debug|Any CPU
		{2444BDEB-6AA4-4B2F-960A-8015FAFE910C}.Release|Any CPU.ActiveCfg = Release|Any CPU
		{2444BDEB-6AA4-4B2F-960A-8015FAFE910C}.Release|Any CPU.Build.0 = Release|Any CPU
		{5C797788-BAA0-476D-858F-9C601F67FE19}.Debug|Any CPU.ActiveCfg = Debug|Any CPU
		{5C797788-BAA0-476D-858F-9C601F67FE19}.Debug|Any CPU.Build.0 = Debug|Any CPU
		{5C797788-BAA0-476D-858F-9C601F67FE19}.Release|Any CPU.ActiveCfg = Release|Any CPU
		{5C797788-BAA0-476D-858F-9C601F67FE19}.Release|Any CPU.Build.0 = Release|Any CPU
		{110875D9-1233-422F-BB2C-AEAAE320989D}.Debug|Any CPU.ActiveCfg = Debug|Any CPU
		{110875D9-1233-422F-BB2C-AEAAE320989D}.Debug|Any CPU.Build.0 = Debug|Any CPU
		{110875D9-1233-422F-BB2C-AEAAE320989D}.Release|Any CPU.ActiveCfg = Release|Any CPU
		{110875D9-1233-422F-BB2C-AEAAE320989D}.Release|Any CPU.Build.0 = Release|Any CPU
		{EFB30ED5-C7D9-48C4-A316-AF00D40BA160}.Debug|Any CPU.ActiveCfg = Debug|Any CPU
		{EFB30ED5-C7D9-48C4-A316-AF00D40BA160}.Debug|Any CPU.Build.0 = Debug|Any CPU
		{EFB30ED5-C7D9-48C4-A316-AF00D40BA160}.Release|Any CPU.ActiveCfg = Release|Any CPU
		{EFB30ED5-C7D9-48C4-A316-AF00D40BA160}.Release|Any CPU.Build.0 = Release|Any CPU
	EndGlobalSection
	GlobalSection(SolutionProperties) = preSolution
		HideSolutionNode = FALSE
	EndGlobalSection
	GlobalSection(NestedProjects) = preSolution
		{59174BB7-07E1-497D-B739-59BCC1421307} = {3BFE31C6-7563-4A5D-97E7-2DA621FD949D}
		{C1A371F6-1E9F-49FD-8280-FF47D15A6554} = {3BFE31C6-7563-4A5D-97E7-2DA621FD949D}
		{6D0841DC-543C-4FED-AA0D-04A14861AAA1} = {3BFE31C6-7563-4A5D-97E7-2DA621FD949D}
		{CD9DCE7C-4F9E-4F0F-8BCE-57ADE91975DF} = {3BFE31C6-7563-4A5D-97E7-2DA621FD949D}
		{5846F336-DF9D-4CA2-8881-BAC7AF07C8B9} = {3BFE31C6-7563-4A5D-97E7-2DA621FD949D}
		{E15C6395-4C54-41D7-8F06-B1D9B9138E2A} = {3BFE31C6-7563-4A5D-97E7-2DA621FD949D}
		{7486BCDF-3EA7-48A9-86A9-6B61D1E258E1} = {3BFE31C6-7563-4A5D-97E7-2DA621FD949D}
		{E37DB91A-C8DC-41FE-B004-6E540F13070A} = {3BFE31C6-7563-4A5D-97E7-2DA621FD949D}
		{A6AD9520-F355-4555-86AA-A54E4D934B0C} = {CF0181A9-9F7B-444A-B14D-6E1606BA6CE6}
		{E8A690F6-6D43-464D-8F43-5B1A99BC7ACD} = {CF0181A9-9F7B-444A-B14D-6E1606BA6CE6}
		{BDD1F46F-A7A2-4357-B0EE-3CBCC74155B5} = {CF0181A9-9F7B-444A-B14D-6E1606BA6CE6}
		{EA6425C5-1941-4ECF-BD6F-EFE73FB6572C} = {CF0181A9-9F7B-444A-B14D-6E1606BA6CE6}
		{2F37C100-7BAD-452F-A42F-B55786D7AE04} = {CF0181A9-9F7B-444A-B14D-6E1606BA6CE6}
		{CD6237F0-480E-4FE8-B47A-23DAFEABCAFE} = {2F37C100-7BAD-452F-A42F-B55786D7AE04}
		{34C5A84E-23B4-486A-800E-9104DF29BC2B} = {2F37C100-7BAD-452F-A42F-B55786D7AE04}
		{EABB7249-E958-4077-A48C-B5CBAB2E497F} = {EA6425C5-1941-4ECF-BD6F-EFE73FB6572C}
		{9E0EDFFC-E2E4-4117-83CA-ED41702C94E5} = {EA6425C5-1941-4ECF-BD6F-EFE73FB6572C}
		{434A0B14-711E-460F-B63E-802EC0671C9D} = {D51B21EF-F729-4357-ADCB-CABC59C6FB5B}
		{F6AD3372-D326-4CBB-BAB7-DFB97F820B2B} = {D51B21EF-F729-4357-ADCB-CABC59C6FB5B}
		{9444F1B8-A17F-475E-9B89-09913AF1E277} = {D51B21EF-F729-4357-ADCB-CABC59C6FB5B}
		{B29A592B-4BDB-4E5A-86B2-0AEA1C210369} = {D51B21EF-F729-4357-ADCB-CABC59C6FB5B}
		{11A55076-43A6-42E9-BE07-DDE74FDF3DDC} = {D51B21EF-F729-4357-ADCB-CABC59C6FB5B}
		{8CB1A67D-2A0F-4FA6-9500-0DB17C4EB1EE} = {D51B21EF-F729-4357-ADCB-CABC59C6FB5B}
		{924495A0-F88F-4A02-8B5F-335E55848B70} = {D51B21EF-F729-4357-ADCB-CABC59C6FB5B}
		{9D9AF157-593F-4B44-B297-609F7F097CE2} = {D51B21EF-F729-4357-ADCB-CABC59C6FB5B}
		{7D1E7C56-11ED-413D-850B-88A03572FC71} = {D51B21EF-F729-4357-ADCB-CABC59C6FB5B}
		{CBC890B3-2425-4424-A272-CE3C4FAFA6BC} = {CF0181A9-9F7B-444A-B14D-6E1606BA6CE6}
		{B55B9BCC-5812-49B7-9E3D-612B8BF5078F} = {CBC890B3-2425-4424-A272-CE3C4FAFA6BC}
		{2444BDEB-6AA4-4B2F-960A-8015FAFE910C} = {CBC890B3-2425-4424-A272-CE3C4FAFA6BC}
		{5C797788-BAA0-476D-858F-9C601F67FE19} = {CBC890B3-2425-4424-A272-CE3C4FAFA6BC}
		{110875D9-1233-422F-BB2C-AEAAE320989D} = {CBC890B3-2425-4424-A272-CE3C4FAFA6BC}
		{EFB30ED5-C7D9-48C4-A316-AF00D40BA160} = {D51B21EF-F729-4357-ADCB-CABC59C6FB5B}
	EndGlobalSection
	GlobalSection(ExtensibilityGlobals) = postSolution
		SolutionGuid = {CE658A01-D5E2-43E3-91BA-DB3AF5BB9471}
	EndGlobalSection
EndGlobal
