
Microsoft Visual Studio Solution File, Format Version 12.00
# Visual Studio Version 16
VisualStudioVersion = 16.0.30204.135
MinimumVisualStudioVersion = 10.0.40219.1
Project("{2150E333-8FDC-42A3-9474-1A3956D46DE8}") = "dependencies", "dependencies", "{B4FAB7A0-1B3F-4A6C-A634-DD836AE8043C}"
EndProject
Project("{2150E333-8FDC-42A3-9474-1A3956D46DE8}") = "src", "src", "{64414E1D-7B26-473D-AB15-D3E44CDF2332}"
EndProject
Project("{9A19103F-16F7-4668-BE54-9A1E7A4F7556}") = "AI4E.Storage.Coordination.Abstractions", "src\AI4E.Storage.Coordination.Abstractions\AI4E.Storage.Coordination.Abstractions.csproj", "{2880F323-C785-49CF-BA18-F1F079A86C83}"
EndProject
Project("{9A19103F-16F7-4668-BE54-9A1E7A4F7556}") = "AI4E.Storage.Coordination", "src\AI4E.Storage.Coordination\AI4E.Storage.Coordination.csproj", "{A314343A-384E-4253-8AA5-816BEC2F9FD9}"
EndProject
Project("{2150E333-8FDC-42A3-9474-1A3956D46DE8}") = "test", "test", "{F4206027-7067-47D5-A53D-93483EF12C6F}"
EndProject
Project("{9A19103F-16F7-4668-BE54-9A1E7A4F7556}") = "AI4E.Storage.Coordination.Test", "test\AI4E.Storage.Coordination.Test\AI4E.Storage.Coordination.Test.csproj", "{2F6217EF-6657-44CF-B53E-251D7859F485}"
EndProject
Project("{9A19103F-16F7-4668-BE54-9A1E7A4F7556}") = "AI4E.Utils.Memory", "..\..\src\Utils\src\AI4E.Utils.Memory\AI4E.Utils.Memory.csproj", "{9ED06D42-A671-4362-9916-53F51A203AD9}"
EndProject
Project("{9A19103F-16F7-4668-BE54-9A1E7A4F7556}") = "AI4E.Utils", "..\..\src\Utils\src\AI4E.Utils\AI4E.Utils.csproj", "{7E7914A1-B424-4FD5-8ADE-0E8E93DA8A55}"
EndProject
Project("{9A19103F-16F7-4668-BE54-9A1E7A4F7556}") = "AI4E.Utils.Memory.Compatibility", "..\..\src\Utils\src\AI4E.Utils.Memory.Compatibility\AI4E.Utils.Memory.Compatibility.csproj", "{6FA63696-7450-47F7-963B-9B3E4598E17A}"
EndProject
Project("{9A19103F-16F7-4668-BE54-9A1E7A4F7556}") = "AI4E.Messaging.Abstractions", "..\..\src\Messaging\src\AI4E.Messaging.Abstractions\AI4E.Messaging.Abstractions.csproj", "{B742A509-FE94-404D-BBE0-AD8176FBF473}"
EndProject
Project("{9A19103F-16F7-4668-BE54-9A1E7A4F7556}") = "AI4E.Utils.Messaging.Primitives", "..\..\src\Utils\src\AI4E.Utils.Messaging.Primitives\AI4E.Utils.Messaging.Primitives.csproj", "{8284E222-E11C-418E-810D-6DBB667F3CDB}"
EndProject
Project("{9A19103F-16F7-4668-BE54-9A1E7A4F7556}") = "AI4E.Remoting", "..\Remoting\src\AI4E.Remoting\AI4E.Remoting.csproj", "{3A3092C5-E530-41B6-93E3-BF921836B94E}"
EndProject
Project("{9A19103F-16F7-4668-BE54-9A1E7A4F7556}") = "AI4E.Remoting.Abstractions", "..\Remoting\src\AI4E.Remoting.Abstractions\AI4E.Remoting.Abstractions.csproj", "{75D6D7A7-1BEE-4485-BFE3-C21070F43777}"
EndProject
Project("{9A19103F-16F7-4668-BE54-9A1E7A4F7556}") = "AI4E.Storage.Abstractions", "..\..\src\Storage\src\AI4E.Storage.Abstractions\AI4E.Storage.Abstractions.csproj", "{6E7219DB-0C13-4F1D-B7B4-2948C55BD668}"
EndProject
Project("{9A19103F-16F7-4668-BE54-9A1E7A4F7556}") = "AI4E.Storage", "..\..\src\Storage\src\AI4E.Storage\AI4E.Storage.csproj", "{9487BB53-67BC-4536-8A6A-D6BFEDEE73AC}"
EndProject
Project("{9A19103F-16F7-4668-BE54-9A1E7A4F7556}") = "AI4E.Utils.ObjectClone", "..\..\src\Utils\src\AI4E.Utils.ObjectClone\AI4E.Utils.ObjectClone.csproj", "{FBA4CB08-FC7E-4747-AD4E-834169CE7872}"
EndProject
Project("{9A19103F-16F7-4668-BE54-9A1E7A4F7556}") = "AI4E.Storage.InMemory", "src\AI4E.Storage.InMemory\AI4E.Storage.InMemory.csproj", "{5600BCCD-1180-4FD6-A9D7-7729FBE60935}"
EndProject
Project("{9A19103F-16F7-4668-BE54-9A1E7A4F7556}") = "AI4E.Storage.InMemory.Test", "test\AI4E.Storage.InMemory.Test\AI4E.Storage.InMemory.Test.csproj", "{B86E4B3D-2272-45F9-BDA7-27E7EE358CF0}"
EndProject
Project("{9A19103F-16F7-4668-BE54-9A1E7A4F7556}") = "AI4E.Storage.Specification", "..\..\src\Storage\test\AI4E.Storage.Specification\AI4E.Storage.Specification.csproj", "{433CA19D-EF57-4216-BD6C-5AD2F8AA4F62}"
EndProject
Global
	GlobalSection(SolutionConfigurationPlatforms) = preSolution
		Debug|Any CPU = Debug|Any CPU
		Release|Any CPU = Release|Any CPU
	EndGlobalSection
	GlobalSection(ProjectConfigurationPlatforms) = postSolution
		{2880F323-C785-49CF-BA18-F1F079A86C83}.Debug|Any CPU.ActiveCfg = Debug|Any CPU
		{2880F323-C785-49CF-BA18-F1F079A86C83}.Debug|Any CPU.Build.0 = Debug|Any CPU
		{2880F323-C785-49CF-BA18-F1F079A86C83}.Release|Any CPU.ActiveCfg = Release|Any CPU
		{2880F323-C785-49CF-BA18-F1F079A86C83}.Release|Any CPU.Build.0 = Release|Any CPU
		{A314343A-384E-4253-8AA5-816BEC2F9FD9}.Debug|Any CPU.ActiveCfg = Debug|Any CPU
		{A314343A-384E-4253-8AA5-816BEC2F9FD9}.Debug|Any CPU.Build.0 = Debug|Any CPU
		{A314343A-384E-4253-8AA5-816BEC2F9FD9}.Release|Any CPU.ActiveCfg = Release|Any CPU
		{A314343A-384E-4253-8AA5-816BEC2F9FD9}.Release|Any CPU.Build.0 = Release|Any CPU
		{2F6217EF-6657-44CF-B53E-251D7859F485}.Debug|Any CPU.ActiveCfg = Debug|Any CPU
		{2F6217EF-6657-44CF-B53E-251D7859F485}.Debug|Any CPU.Build.0 = Debug|Any CPU
		{2F6217EF-6657-44CF-B53E-251D7859F485}.Release|Any CPU.ActiveCfg = Release|Any CPU
		{2F6217EF-6657-44CF-B53E-251D7859F485}.Release|Any CPU.Build.0 = Release|Any CPU
		{9ED06D42-A671-4362-9916-53F51A203AD9}.Debug|Any CPU.ActiveCfg = Debug|Any CPU
		{9ED06D42-A671-4362-9916-53F51A203AD9}.Debug|Any CPU.Build.0 = Debug|Any CPU
		{9ED06D42-A671-4362-9916-53F51A203AD9}.Release|Any CPU.ActiveCfg = Release|Any CPU
		{9ED06D42-A671-4362-9916-53F51A203AD9}.Release|Any CPU.Build.0 = Release|Any CPU
		{7E7914A1-B424-4FD5-8ADE-0E8E93DA8A55}.Debug|Any CPU.ActiveCfg = Debug|Any CPU
		{7E7914A1-B424-4FD5-8ADE-0E8E93DA8A55}.Debug|Any CPU.Build.0 = Debug|Any CPU
		{7E7914A1-B424-4FD5-8ADE-0E8E93DA8A55}.Release|Any CPU.ActiveCfg = Release|Any CPU
		{7E7914A1-B424-4FD5-8ADE-0E8E93DA8A55}.Release|Any CPU.Build.0 = Release|Any CPU
		{6FA63696-7450-47F7-963B-9B3E4598E17A}.Debug|Any CPU.ActiveCfg = Debug|Any CPU
		{6FA63696-7450-47F7-963B-9B3E4598E17A}.Debug|Any CPU.Build.0 = Debug|Any CPU
		{6FA63696-7450-47F7-963B-9B3E4598E17A}.Release|Any CPU.ActiveCfg = Release|Any CPU
		{6FA63696-7450-47F7-963B-9B3E4598E17A}.Release|Any CPU.Build.0 = Release|Any CPU
		{B742A509-FE94-404D-BBE0-AD8176FBF473}.Debug|Any CPU.ActiveCfg = Debug|Any CPU
		{B742A509-FE94-404D-BBE0-AD8176FBF473}.Debug|Any CPU.Build.0 = Debug|Any CPU
		{B742A509-FE94-404D-BBE0-AD8176FBF473}.Release|Any CPU.ActiveCfg = Release|Any CPU
		{B742A509-FE94-404D-BBE0-AD8176FBF473}.Release|Any CPU.Build.0 = Release|Any CPU
		{8284E222-E11C-418E-810D-6DBB667F3CDB}.Debug|Any CPU.ActiveCfg = Debug|Any CPU
		{8284E222-E11C-418E-810D-6DBB667F3CDB}.Debug|Any CPU.Build.0 = Debug|Any CPU
		{8284E222-E11C-418E-810D-6DBB667F3CDB}.Release|Any CPU.ActiveCfg = Release|Any CPU
		{8284E222-E11C-418E-810D-6DBB667F3CDB}.Release|Any CPU.Build.0 = Release|Any CPU
		{3A3092C5-E530-41B6-93E3-BF921836B94E}.Debug|Any CPU.ActiveCfg = Debug|Any CPU
		{3A3092C5-E530-41B6-93E3-BF921836B94E}.Debug|Any CPU.Build.0 = Debug|Any CPU
		{3A3092C5-E530-41B6-93E3-BF921836B94E}.Release|Any CPU.ActiveCfg = Release|Any CPU
		{3A3092C5-E530-41B6-93E3-BF921836B94E}.Release|Any CPU.Build.0 = Release|Any CPU
		{75D6D7A7-1BEE-4485-BFE3-C21070F43777}.Debug|Any CPU.ActiveCfg = Debug|Any CPU
		{75D6D7A7-1BEE-4485-BFE3-C21070F43777}.Debug|Any CPU.Build.0 = Debug|Any CPU
		{75D6D7A7-1BEE-4485-BFE3-C21070F43777}.Release|Any CPU.ActiveCfg = Release|Any CPU
		{75D6D7A7-1BEE-4485-BFE3-C21070F43777}.Release|Any CPU.Build.0 = Release|Any CPU
		{6E7219DB-0C13-4F1D-B7B4-2948C55BD668}.Debug|Any CPU.ActiveCfg = Debug|Any CPU
		{6E7219DB-0C13-4F1D-B7B4-2948C55BD668}.Debug|Any CPU.Build.0 = Debug|Any CPU
		{6E7219DB-0C13-4F1D-B7B4-2948C55BD668}.Release|Any CPU.ActiveCfg = Release|Any CPU
		{6E7219DB-0C13-4F1D-B7B4-2948C55BD668}.Release|Any CPU.Build.0 = Release|Any CPU
		{9487BB53-67BC-4536-8A6A-D6BFEDEE73AC}.Debug|Any CPU.ActiveCfg = Debug|Any CPU
		{9487BB53-67BC-4536-8A6A-D6BFEDEE73AC}.Debug|Any CPU.Build.0 = Debug|Any CPU
		{9487BB53-67BC-4536-8A6A-D6BFEDEE73AC}.Release|Any CPU.ActiveCfg = Release|Any CPU
		{9487BB53-67BC-4536-8A6A-D6BFEDEE73AC}.Release|Any CPU.Build.0 = Release|Any CPU
		{FBA4CB08-FC7E-4747-AD4E-834169CE7872}.Debug|Any CPU.ActiveCfg = Debug|Any CPU
		{FBA4CB08-FC7E-4747-AD4E-834169CE7872}.Debug|Any CPU.Build.0 = Debug|Any CPU
		{FBA4CB08-FC7E-4747-AD4E-834169CE7872}.Release|Any CPU.ActiveCfg = Release|Any CPU
		{FBA4CB08-FC7E-4747-AD4E-834169CE7872}.Release|Any CPU.Build.0 = Release|Any CPU
		{5600BCCD-1180-4FD6-A9D7-7729FBE60935}.Debug|Any CPU.ActiveCfg = Debug|Any CPU
		{5600BCCD-1180-4FD6-A9D7-7729FBE60935}.Debug|Any CPU.Build.0 = Debug|Any CPU
		{5600BCCD-1180-4FD6-A9D7-7729FBE60935}.Release|Any CPU.ActiveCfg = Release|Any CPU
		{5600BCCD-1180-4FD6-A9D7-7729FBE60935}.Release|Any CPU.Build.0 = Release|Any CPU
		{B86E4B3D-2272-45F9-BDA7-27E7EE358CF0}.Debug|Any CPU.ActiveCfg = Debug|Any CPU
		{B86E4B3D-2272-45F9-BDA7-27E7EE358CF0}.Debug|Any CPU.Build.0 = Debug|Any CPU
		{B86E4B3D-2272-45F9-BDA7-27E7EE358CF0}.Release|Any CPU.ActiveCfg = Release|Any CPU
		{B86E4B3D-2272-45F9-BDA7-27E7EE358CF0}.Release|Any CPU.Build.0 = Release|Any CPU
		{433CA19D-EF57-4216-BD6C-5AD2F8AA4F62}.Debug|Any CPU.ActiveCfg = Debug|Any CPU
		{433CA19D-EF57-4216-BD6C-5AD2F8AA4F62}.Debug|Any CPU.Build.0 = Debug|Any CPU
		{433CA19D-EF57-4216-BD6C-5AD2F8AA4F62}.Release|Any CPU.ActiveCfg = Release|Any CPU
		{433CA19D-EF57-4216-BD6C-5AD2F8AA4F62}.Release|Any CPU.Build.0 = Release|Any CPU
	EndGlobalSection
	GlobalSection(SolutionProperties) = preSolution
		HideSolutionNode = FALSE
	EndGlobalSection
	GlobalSection(NestedProjects) = preSolution
		{2880F323-C785-49CF-BA18-F1F079A86C83} = {64414E1D-7B26-473D-AB15-D3E44CDF2332}
		{A314343A-384E-4253-8AA5-816BEC2F9FD9} = {64414E1D-7B26-473D-AB15-D3E44CDF2332}
		{2F6217EF-6657-44CF-B53E-251D7859F485} = {F4206027-7067-47D5-A53D-93483EF12C6F}
		{9ED06D42-A671-4362-9916-53F51A203AD9} = {B4FAB7A0-1B3F-4A6C-A634-DD836AE8043C}
		{7E7914A1-B424-4FD5-8ADE-0E8E93DA8A55} = {B4FAB7A0-1B3F-4A6C-A634-DD836AE8043C}
		{6FA63696-7450-47F7-963B-9B3E4598E17A} = {B4FAB7A0-1B3F-4A6C-A634-DD836AE8043C}
		{B742A509-FE94-404D-BBE0-AD8176FBF473} = {B4FAB7A0-1B3F-4A6C-A634-DD836AE8043C}
		{8284E222-E11C-418E-810D-6DBB667F3CDB} = {B4FAB7A0-1B3F-4A6C-A634-DD836AE8043C}
		{3A3092C5-E530-41B6-93E3-BF921836B94E} = {B4FAB7A0-1B3F-4A6C-A634-DD836AE8043C}
		{75D6D7A7-1BEE-4485-BFE3-C21070F43777} = {B4FAB7A0-1B3F-4A6C-A634-DD836AE8043C}
		{6E7219DB-0C13-4F1D-B7B4-2948C55BD668} = {B4FAB7A0-1B3F-4A6C-A634-DD836AE8043C}
		{9487BB53-67BC-4536-8A6A-D6BFEDEE73AC} = {B4FAB7A0-1B3F-4A6C-A634-DD836AE8043C}
		{FBA4CB08-FC7E-4747-AD4E-834169CE7872} = {B4FAB7A0-1B3F-4A6C-A634-DD836AE8043C}
		{5600BCCD-1180-4FD6-A9D7-7729FBE60935} = {64414E1D-7B26-473D-AB15-D3E44CDF2332}
		{B86E4B3D-2272-45F9-BDA7-27E7EE358CF0} = {F4206027-7067-47D5-A53D-93483EF12C6F}
		{433CA19D-EF57-4216-BD6C-5AD2F8AA4F62} = {B4FAB7A0-1B3F-4A6C-A634-DD836AE8043C}
	EndGlobalSection
	GlobalSection(ExtensibilityGlobals) = postSolution
		SolutionGuid = {2485F87A-C87F-46E9-BFBA-D9EC26F7926C}
	EndGlobalSection
EndGlobal
