
Microsoft Visual Studio Solution File, Format Version 12.00
# Visual Studio Version 16
VisualStudioVersion = 16.0.29709.97
MinimumVisualStudioVersion = 10.0.40219.1
Project("{2150E333-8FDC-42A3-9474-1A3956D46DE8}") = "src", "src", "{DD4B5CAB-32A7-43F8-A3E1-E2CF0D22E8B2}"
EndProject
Project("{2150E333-8FDC-42A3-9474-1A3956D46DE8}") = "dependencies", "dependencies", "{4D552F5B-20CD-4A51-A674-C9D2761C2794}"
EndProject
Project("{2150E333-8FDC-42A3-9474-1A3956D46DE8}") = "test", "test", "{96226123-6132-4378-BE88-1046FD08ED29}"
EndProject
Project("{9A19103F-16F7-4668-BE54-9A1E7A4F7556}") = "AI4E.Storage", "src\AI4E.Storage\AI4E.Storage.csproj", "{7AD3070B-4D53-410C-BC8A-2CBF5BBDC92F}"
EndProject
Project("{9A19103F-16F7-4668-BE54-9A1E7A4F7556}") = "AI4E.Storage.Abstractions", "src\AI4E.Storage.Abstractions\AI4E.Storage.Abstractions.csproj", "{9C67B06A-3B6A-40C3-A941-15130C2CE622}"
EndProject
Project("{9A19103F-16F7-4668-BE54-9A1E7A4F7556}") = "AI4E.Storage.Domain", "src\AI4E.Storage.Domain\AI4E.Storage.Domain.csproj", "{CDEEA143-3D4C-4284-98E6-71E3B93C9145}"
EndProject
Project("{9A19103F-16F7-4668-BE54-9A1E7A4F7556}") = "AI4E.Storage.Domain.Abstractions", "src\AI4E.Storage.Domain.Abstractions\AI4E.Storage.Domain.Abstractions.csproj", "{3F927EB4-02D8-4EFF-88C8-5593A544707E}"
EndProject
Project("{9A19103F-16F7-4668-BE54-9A1E7A4F7556}") = "AI4E.Storage.MongoDB", "src\AI4E.Storage.MongoDB\AI4E.Storage.MongoDB.csproj", "{2D6D914D-142D-46B7-9BA0-6D96D81BC29B}"
EndProject
Project("{9A19103F-16F7-4668-BE54-9A1E7A4F7556}") = "AI4E.Storage.Domain.Projection", "src\AI4E.Storage.Domain.Projection\AI4E.Storage.Domain.Projection.csproj", "{E84D8E3C-1CDC-49E1-8F81-253386219571}"
EndProject
Project("{9A19103F-16F7-4668-BE54-9A1E7A4F7556}") = "AI4E.Storage.Domain.Projection.Abstractions", "src\AI4E.Storage.Domain.Projection.Abstractions\AI4E.Storage.Domain.Projection.Abstractions.csproj", "{D4DAF635-F50F-49A4-8CB3-86C5D9E8076C}"
EndProject
Project("{9A19103F-16F7-4668-BE54-9A1E7A4F7556}") = "AI4E.Storage.Domain.Projection.Test", "test\AI4E.Storage.Domain.Projection.Test\AI4E.Storage.Domain.Projection.Test.csproj", "{06F9BD9C-B2FF-4112-86D1-8A92C2571022}"
EndProject
Project("{9A19103F-16F7-4668-BE54-9A1E7A4F7556}") = "AI4E.Utils", "..\Utils\src\AI4E.Utils\AI4E.Utils.csproj", "{059A434A-93CD-46B3-9481-AC22CBF75788}"
EndProject
Project("{9A19103F-16F7-4668-BE54-9A1E7A4F7556}") = "AI4E.Utils.Memory", "..\Utils\src\AI4E.Utils.Memory\AI4E.Utils.Memory.csproj", "{C947BE29-B97D-43F0-99CB-3599106775D5}"
EndProject
Project("{9A19103F-16F7-4668-BE54-9A1E7A4F7556}") = "AI4E.Remoting.Abstractions", "..\..\lab\Remoting\src\AI4E.Remoting.Abstractions\AI4E.Remoting.Abstractions.csproj", "{0C5F7F90-4725-4198-9A6A-CBB85472DC27}"
EndProject
Project("{9A19103F-16F7-4668-BE54-9A1E7A4F7556}") = "AI4E.Utils.Messaging.Primitives", "..\Utils\src\AI4E.Utils.Messaging.Primitives\AI4E.Utils.Messaging.Primitives.csproj", "{96DAF955-E82E-4A77-BDC2-8B2FFA3B2A45}"
EndProject
Project("{9A19103F-16F7-4668-BE54-9A1E7A4F7556}") = "AI4E.Remoting", "..\..\lab\Remoting\src\AI4E.Remoting\AI4E.Remoting.csproj", "{E0975BE8-FE6B-4C3F-8FED-65234CDAC05C}"
EndProject
Project("{9A19103F-16F7-4668-BE54-9A1E7A4F7556}") = "AI4E.Utils.ObjectClone", "..\Utils\src\AI4E.Utils.ObjectClone\AI4E.Utils.ObjectClone.csproj", "{EE23F248-9E69-4CD2-A867-AC8CCEFEE48F}"
EndProject
Project("{9A19103F-16F7-4668-BE54-9A1E7A4F7556}") = "AI4E.Messaging.Abstractions", "..\Messaging\src\AI4E.Messaging.Abstractions\AI4E.Messaging.Abstractions.csproj", "{F379788E-1384-4778-B365-986A9C4A4F8A}"
EndProject
Project("{9A19103F-16F7-4668-BE54-9A1E7A4F7556}") = "AI4E.Messaging", "..\Messaging\src\AI4E.Messaging\AI4E.Messaging.csproj", "{6BDD0BD4-82E7-4223-8B8E-49EA1EC8DB18}"
EndProject
Project("{9A19103F-16F7-4668-BE54-9A1E7A4F7556}") = "AI4E.Utils.ApplicationParts", "..\Utils\src\AI4E.Utils.ApplicationParts\AI4E.Utils.ApplicationParts.csproj", "{711A15F5-10F3-4B86-B436-723A2F245FA0}"
EndProject
Project("{9A19103F-16F7-4668-BE54-9A1E7A4F7556}") = "AI4E.Utils.DependencyInjection", "..\Utils\src\AI4E.Utils.DependencyInjection\AI4E.Utils.DependencyInjection.csproj", "{65D8B703-FFB9-4E41-8E70-EC78C2414FF1}"
EndProject
Project("{9A19103F-16F7-4668-BE54-9A1E7A4F7556}") = "AI4E.Storage.Specification", "test\AI4E.Storage.Specification\AI4E.Storage.Specification.csproj", "{0E4075D0-1711-4EB3-9E23-31D03C0DFBEC}"
EndProject
Project("{9A19103F-16F7-4668-BE54-9A1E7A4F7556}") = "AI4E.Storage.MongoDB.Test", "test\AI4E.Storage.MongoDB.Test\AI4E.Storage.MongoDB.Test.csproj", "{CCE26D9E-5BC9-40E2-BFF0-406E3C4A42BD}"
EndProject
Project("{9A19103F-16F7-4668-BE54-9A1E7A4F7556}") = "AI4E.Storage.Test", "test\AI4E.Storage.Test\AI4E.Storage.Test.csproj", "{33923A2A-FE64-4516-A248-680DBF05F615}"
EndProject
Project("{9A19103F-16F7-4668-BE54-9A1E7A4F7556}") = "AI4E.Storage.Domain.Resources", "src\AI4E.Storage.Domain.Resources\AI4E.Storage.Domain.Resources.csproj", "{F042F41D-8CAA-4540-BD9B-E0AA509BFB49}"
EndProject
Project("{9A19103F-16F7-4668-BE54-9A1E7A4F7556}") = "AI4E.Storage.Domain.Specification", "test\AI4E.Storage.Domain.Specification\AI4E.Storage.Domain.Specification.csproj", "{F5B38F07-B9D0-44EF-A4C4-90D7379758C8}"
EndProject
Project("{9A19103F-16F7-4668-BE54-9A1E7A4F7556}") = "AI4E.Storage.Domain.Test", "test\AI4E.Storage.Domain.Test\AI4E.Storage.Domain.Test.csproj", "{2035848A-1CA1-466F-A491-5CDB9A1B70FC}"
EndProject
Project("{9A19103F-16F7-4668-BE54-9A1E7A4F7556}") = "AI4E.Storage.Domain.EndToEndTestAssembly", "test\AI4E.Storage.Domain.EndToEndTestAssembly\AI4E.Storage.Domain.EndToEndTestAssembly.csproj", "{E17AF0A3-00A4-4878-B8B8-347A6C6C2505}"
EndProject
Project("{9A19103F-16F7-4668-BE54-9A1E7A4F7556}") = "AI4E.Storage.Domain.EndToEndTest", "test\AI4E.Storage.Domain.EndToEndTest\AI4E.Storage.Domain.EndToEndTest.csproj", "{8C2B0D56-BEAE-46D4-B271-3754048CC50E}"
EndProject
Project("{9A19103F-16F7-4668-BE54-9A1E7A4F7556}") = "AI4E.Storage.Domain.Projection.EndToEndTest", "test\AI4E.Storage.Domain.Projection.EndToEndTest\AI4E.Storage.Domain.Projection.EndToEndTest.csproj", "{79AA80AB-4337-4323-A8CC-50E025FA182F}"
EndProject
Global
	GlobalSection(SolutionConfigurationPlatforms) = preSolution
		Debug|Any CPU = Debug|Any CPU
		Release|Any CPU = Release|Any CPU
	EndGlobalSection
	GlobalSection(ProjectConfigurationPlatforms) = postSolution
		{7AD3070B-4D53-410C-BC8A-2CBF5BBDC92F}.Debug|Any CPU.ActiveCfg = Debug|Any CPU
		{7AD3070B-4D53-410C-BC8A-2CBF5BBDC92F}.Debug|Any CPU.Build.0 = Debug|Any CPU
		{7AD3070B-4D53-410C-BC8A-2CBF5BBDC92F}.Release|Any CPU.ActiveCfg = Release|Any CPU
		{7AD3070B-4D53-410C-BC8A-2CBF5BBDC92F}.Release|Any CPU.Build.0 = Release|Any CPU
		{9C67B06A-3B6A-40C3-A941-15130C2CE622}.Debug|Any CPU.ActiveCfg = Debug|Any CPU
		{9C67B06A-3B6A-40C3-A941-15130C2CE622}.Debug|Any CPU.Build.0 = Debug|Any CPU
		{9C67B06A-3B6A-40C3-A941-15130C2CE622}.Release|Any CPU.ActiveCfg = Release|Any CPU
		{9C67B06A-3B6A-40C3-A941-15130C2CE622}.Release|Any CPU.Build.0 = Release|Any CPU
		{CDEEA143-3D4C-4284-98E6-71E3B93C9145}.Debug|Any CPU.ActiveCfg = Debug|Any CPU
		{CDEEA143-3D4C-4284-98E6-71E3B93C9145}.Debug|Any CPU.Build.0 = Debug|Any CPU
		{CDEEA143-3D4C-4284-98E6-71E3B93C9145}.Release|Any CPU.ActiveCfg = Release|Any CPU
		{CDEEA143-3D4C-4284-98E6-71E3B93C9145}.Release|Any CPU.Build.0 = Release|Any CPU
		{3F927EB4-02D8-4EFF-88C8-5593A544707E}.Debug|Any CPU.ActiveCfg = Debug|Any CPU
		{3F927EB4-02D8-4EFF-88C8-5593A544707E}.Debug|Any CPU.Build.0 = Debug|Any CPU
		{3F927EB4-02D8-4EFF-88C8-5593A544707E}.Release|Any CPU.ActiveCfg = Release|Any CPU
		{3F927EB4-02D8-4EFF-88C8-5593A544707E}.Release|Any CPU.Build.0 = Release|Any CPU
		{2D6D914D-142D-46B7-9BA0-6D96D81BC29B}.Debug|Any CPU.ActiveCfg = Debug|Any CPU
		{2D6D914D-142D-46B7-9BA0-6D96D81BC29B}.Debug|Any CPU.Build.0 = Debug|Any CPU
		{2D6D914D-142D-46B7-9BA0-6D96D81BC29B}.Release|Any CPU.ActiveCfg = Release|Any CPU
		{2D6D914D-142D-46B7-9BA0-6D96D81BC29B}.Release|Any CPU.Build.0 = Release|Any CPU
		{E84D8E3C-1CDC-49E1-8F81-253386219571}.Debug|Any CPU.ActiveCfg = Debug|Any CPU
		{E84D8E3C-1CDC-49E1-8F81-253386219571}.Debug|Any CPU.Build.0 = Debug|Any CPU
		{E84D8E3C-1CDC-49E1-8F81-253386219571}.Release|Any CPU.ActiveCfg = Release|Any CPU
		{E84D8E3C-1CDC-49E1-8F81-253386219571}.Release|Any CPU.Build.0 = Release|Any CPU
		{D4DAF635-F50F-49A4-8CB3-86C5D9E8076C}.Debug|Any CPU.ActiveCfg = Debug|Any CPU
		{D4DAF635-F50F-49A4-8CB3-86C5D9E8076C}.Debug|Any CPU.Build.0 = Debug|Any CPU
		{D4DAF635-F50F-49A4-8CB3-86C5D9E8076C}.Release|Any CPU.ActiveCfg = Release|Any CPU
		{D4DAF635-F50F-49A4-8CB3-86C5D9E8076C}.Release|Any CPU.Build.0 = Release|Any CPU
		{06F9BD9C-B2FF-4112-86D1-8A92C2571022}.Debug|Any CPU.ActiveCfg = Debug|Any CPU
		{06F9BD9C-B2FF-4112-86D1-8A92C2571022}.Debug|Any CPU.Build.0 = Debug|Any CPU
		{06F9BD9C-B2FF-4112-86D1-8A92C2571022}.Release|Any CPU.ActiveCfg = Release|Any CPU
		{06F9BD9C-B2FF-4112-86D1-8A92C2571022}.Release|Any CPU.Build.0 = Release|Any CPU
		{059A434A-93CD-46B3-9481-AC22CBF75788}.Debug|Any CPU.ActiveCfg = Debug|Any CPU
		{059A434A-93CD-46B3-9481-AC22CBF75788}.Debug|Any CPU.Build.0 = Debug|Any CPU
		{059A434A-93CD-46B3-9481-AC22CBF75788}.Release|Any CPU.ActiveCfg = Release|Any CPU
		{059A434A-93CD-46B3-9481-AC22CBF75788}.Release|Any CPU.Build.0 = Release|Any CPU
		{C947BE29-B97D-43F0-99CB-3599106775D5}.Debug|Any CPU.ActiveCfg = Debug|Any CPU
		{C947BE29-B97D-43F0-99CB-3599106775D5}.Debug|Any CPU.Build.0 = Debug|Any CPU
		{C947BE29-B97D-43F0-99CB-3599106775D5}.Release|Any CPU.ActiveCfg = Release|Any CPU
		{C947BE29-B97D-43F0-99CB-3599106775D5}.Release|Any CPU.Build.0 = Release|Any CPU
		{0C5F7F90-4725-4198-9A6A-CBB85472DC27}.Debug|Any CPU.ActiveCfg = Debug|Any CPU
		{0C5F7F90-4725-4198-9A6A-CBB85472DC27}.Debug|Any CPU.Build.0 = Debug|Any CPU
		{0C5F7F90-4725-4198-9A6A-CBB85472DC27}.Release|Any CPU.ActiveCfg = Release|Any CPU
		{0C5F7F90-4725-4198-9A6A-CBB85472DC27}.Release|Any CPU.Build.0 = Release|Any CPU
		{96DAF955-E82E-4A77-BDC2-8B2FFA3B2A45}.Debug|Any CPU.ActiveCfg = Debug|Any CPU
		{96DAF955-E82E-4A77-BDC2-8B2FFA3B2A45}.Debug|Any CPU.Build.0 = Debug|Any CPU
		{96DAF955-E82E-4A77-BDC2-8B2FFA3B2A45}.Release|Any CPU.ActiveCfg = Release|Any CPU
		{96DAF955-E82E-4A77-BDC2-8B2FFA3B2A45}.Release|Any CPU.Build.0 = Release|Any CPU
		{E0975BE8-FE6B-4C3F-8FED-65234CDAC05C}.Debug|Any CPU.ActiveCfg = Debug|Any CPU
		{E0975BE8-FE6B-4C3F-8FED-65234CDAC05C}.Debug|Any CPU.Build.0 = Debug|Any CPU
		{E0975BE8-FE6B-4C3F-8FED-65234CDAC05C}.Release|Any CPU.ActiveCfg = Release|Any CPU
		{E0975BE8-FE6B-4C3F-8FED-65234CDAC05C}.Release|Any CPU.Build.0 = Release|Any CPU
		{EE23F248-9E69-4CD2-A867-AC8CCEFEE48F}.Debug|Any CPU.ActiveCfg = Debug|Any CPU
		{EE23F248-9E69-4CD2-A867-AC8CCEFEE48F}.Debug|Any CPU.Build.0 = Debug|Any CPU
		{EE23F248-9E69-4CD2-A867-AC8CCEFEE48F}.Release|Any CPU.ActiveCfg = Release|Any CPU
		{EE23F248-9E69-4CD2-A867-AC8CCEFEE48F}.Release|Any CPU.Build.0 = Release|Any CPU
		{F379788E-1384-4778-B365-986A9C4A4F8A}.Debug|Any CPU.ActiveCfg = Debug|Any CPU
		{F379788E-1384-4778-B365-986A9C4A4F8A}.Debug|Any CPU.Build.0 = Debug|Any CPU
		{F379788E-1384-4778-B365-986A9C4A4F8A}.Release|Any CPU.ActiveCfg = Release|Any CPU
		{F379788E-1384-4778-B365-986A9C4A4F8A}.Release|Any CPU.Build.0 = Release|Any CPU
		{6BDD0BD4-82E7-4223-8B8E-49EA1EC8DB18}.Debug|Any CPU.ActiveCfg = Debug|Any CPU
		{6BDD0BD4-82E7-4223-8B8E-49EA1EC8DB18}.Debug|Any CPU.Build.0 = Debug|Any CPU
		{6BDD0BD4-82E7-4223-8B8E-49EA1EC8DB18}.Release|Any CPU.ActiveCfg = Release|Any CPU
		{6BDD0BD4-82E7-4223-8B8E-49EA1EC8DB18}.Release|Any CPU.Build.0 = Release|Any CPU
		{711A15F5-10F3-4B86-B436-723A2F245FA0}.Debug|Any CPU.ActiveCfg = Debug|Any CPU
		{711A15F5-10F3-4B86-B436-723A2F245FA0}.Debug|Any CPU.Build.0 = Debug|Any CPU
		{711A15F5-10F3-4B86-B436-723A2F245FA0}.Release|Any CPU.ActiveCfg = Release|Any CPU
		{711A15F5-10F3-4B86-B436-723A2F245FA0}.Release|Any CPU.Build.0 = Release|Any CPU
		{65D8B703-FFB9-4E41-8E70-EC78C2414FF1}.Debug|Any CPU.ActiveCfg = Debug|Any CPU
		{65D8B703-FFB9-4E41-8E70-EC78C2414FF1}.Debug|Any CPU.Build.0 = Debug|Any CPU
		{65D8B703-FFB9-4E41-8E70-EC78C2414FF1}.Release|Any CPU.ActiveCfg = Release|Any CPU
		{65D8B703-FFB9-4E41-8E70-EC78C2414FF1}.Release|Any CPU.Build.0 = Release|Any CPU
		{0E4075D0-1711-4EB3-9E23-31D03C0DFBEC}.Debug|Any CPU.ActiveCfg = Debug|Any CPU
		{0E4075D0-1711-4EB3-9E23-31D03C0DFBEC}.Debug|Any CPU.Build.0 = Debug|Any CPU
		{0E4075D0-1711-4EB3-9E23-31D03C0DFBEC}.Release|Any CPU.ActiveCfg = Release|Any CPU
		{0E4075D0-1711-4EB3-9E23-31D03C0DFBEC}.Release|Any CPU.Build.0 = Release|Any CPU
		{CCE26D9E-5BC9-40E2-BFF0-406E3C4A42BD}.Debug|Any CPU.ActiveCfg = Debug|Any CPU
		{CCE26D9E-5BC9-40E2-BFF0-406E3C4A42BD}.Debug|Any CPU.Build.0 = Debug|Any CPU
		{CCE26D9E-5BC9-40E2-BFF0-406E3C4A42BD}.Release|Any CPU.ActiveCfg = Release|Any CPU
		{CCE26D9E-5BC9-40E2-BFF0-406E3C4A42BD}.Release|Any CPU.Build.0 = Release|Any CPU
		{33923A2A-FE64-4516-A248-680DBF05F615}.Debug|Any CPU.ActiveCfg = Debug|Any CPU
		{33923A2A-FE64-4516-A248-680DBF05F615}.Debug|Any CPU.Build.0 = Debug|Any CPU
		{33923A2A-FE64-4516-A248-680DBF05F615}.Release|Any CPU.ActiveCfg = Release|Any CPU
		{33923A2A-FE64-4516-A248-680DBF05F615}.Release|Any CPU.Build.0 = Release|Any CPU
		{F042F41D-8CAA-4540-BD9B-E0AA509BFB49}.Debug|Any CPU.ActiveCfg = Debug|Any CPU
		{F042F41D-8CAA-4540-BD9B-E0AA509BFB49}.Debug|Any CPU.Build.0 = Debug|Any CPU
		{F042F41D-8CAA-4540-BD9B-E0AA509BFB49}.Release|Any CPU.ActiveCfg = Release|Any CPU
		{F042F41D-8CAA-4540-BD9B-E0AA509BFB49}.Release|Any CPU.Build.0 = Release|Any CPU
		{F5B38F07-B9D0-44EF-A4C4-90D7379758C8}.Debug|Any CPU.ActiveCfg = Debug|Any CPU
		{F5B38F07-B9D0-44EF-A4C4-90D7379758C8}.Debug|Any CPU.Build.0 = Debug|Any CPU
		{F5B38F07-B9D0-44EF-A4C4-90D7379758C8}.Release|Any CPU.ActiveCfg = Release|Any CPU
		{F5B38F07-B9D0-44EF-A4C4-90D7379758C8}.Release|Any CPU.Build.0 = Release|Any CPU
		{2035848A-1CA1-466F-A491-5CDB9A1B70FC}.Debug|Any CPU.ActiveCfg = Debug|Any CPU
		{2035848A-1CA1-466F-A491-5CDB9A1B70FC}.Debug|Any CPU.Build.0 = Debug|Any CPU
		{2035848A-1CA1-466F-A491-5CDB9A1B70FC}.Release|Any CPU.ActiveCfg = Release|Any CPU
		{2035848A-1CA1-466F-A491-5CDB9A1B70FC}.Release|Any CPU.Build.0 = Release|Any CPU
		{E17AF0A3-00A4-4878-B8B8-347A6C6C2505}.Debug|Any CPU.ActiveCfg = Debug|Any CPU
		{E17AF0A3-00A4-4878-B8B8-347A6C6C2505}.Debug|Any CPU.Build.0 = Debug|Any CPU
		{E17AF0A3-00A4-4878-B8B8-347A6C6C2505}.Release|Any CPU.ActiveCfg = Release|Any CPU
		{E17AF0A3-00A4-4878-B8B8-347A6C6C2505}.Release|Any CPU.Build.0 = Release|Any CPU
		{8C2B0D56-BEAE-46D4-B271-3754048CC50E}.Debug|Any CPU.ActiveCfg = Debug|Any CPU
		{8C2B0D56-BEAE-46D4-B271-3754048CC50E}.Debug|Any CPU.Build.0 = Debug|Any CPU
		{8C2B0D56-BEAE-46D4-B271-3754048CC50E}.Release|Any CPU.ActiveCfg = Release|Any CPU
		{8C2B0D56-BEAE-46D4-B271-3754048CC50E}.Release|Any CPU.Build.0 = Release|Any CPU
		{79AA80AB-4337-4323-A8CC-50E025FA182F}.Debug|Any CPU.ActiveCfg = Debug|Any CPU
		{79AA80AB-4337-4323-A8CC-50E025FA182F}.Debug|Any CPU.Build.0 = Debug|Any CPU
		{79AA80AB-4337-4323-A8CC-50E025FA182F}.Release|Any CPU.ActiveCfg = Release|Any CPU
		{79AA80AB-4337-4323-A8CC-50E025FA182F}.Release|Any CPU.Build.0 = Release|Any CPU
	EndGlobalSection
	GlobalSection(SolutionProperties) = preSolution
		HideSolutionNode = FALSE
	EndGlobalSection
	GlobalSection(NestedProjects) = preSolution
		{7AD3070B-4D53-410C-BC8A-2CBF5BBDC92F} = {DD4B5CAB-32A7-43F8-A3E1-E2CF0D22E8B2}
		{9C67B06A-3B6A-40C3-A941-15130C2CE622} = {DD4B5CAB-32A7-43F8-A3E1-E2CF0D22E8B2}
		{CDEEA143-3D4C-4284-98E6-71E3B93C9145} = {DD4B5CAB-32A7-43F8-A3E1-E2CF0D22E8B2}
		{3F927EB4-02D8-4EFF-88C8-5593A544707E} = {DD4B5CAB-32A7-43F8-A3E1-E2CF0D22E8B2}
		{2D6D914D-142D-46B7-9BA0-6D96D81BC29B} = {DD4B5CAB-32A7-43F8-A3E1-E2CF0D22E8B2}
		{E84D8E3C-1CDC-49E1-8F81-253386219571} = {DD4B5CAB-32A7-43F8-A3E1-E2CF0D22E8B2}
		{D4DAF635-F50F-49A4-8CB3-86C5D9E8076C} = {DD4B5CAB-32A7-43F8-A3E1-E2CF0D22E8B2}
		{06F9BD9C-B2FF-4112-86D1-8A92C2571022} = {96226123-6132-4378-BE88-1046FD08ED29}
		{059A434A-93CD-46B3-9481-AC22CBF75788} = {4D552F5B-20CD-4A51-A674-C9D2761C2794}
		{C947BE29-B97D-43F0-99CB-3599106775D5} = {4D552F5B-20CD-4A51-A674-C9D2761C2794}
		{0C5F7F90-4725-4198-9A6A-CBB85472DC27} = {4D552F5B-20CD-4A51-A674-C9D2761C2794}
		{96DAF955-E82E-4A77-BDC2-8B2FFA3B2A45} = {4D552F5B-20CD-4A51-A674-C9D2761C2794}
		{E0975BE8-FE6B-4C3F-8FED-65234CDAC05C} = {4D552F5B-20CD-4A51-A674-C9D2761C2794}
		{EE23F248-9E69-4CD2-A867-AC8CCEFEE48F} = {4D552F5B-20CD-4A51-A674-C9D2761C2794}
		{F379788E-1384-4778-B365-986A9C4A4F8A} = {4D552F5B-20CD-4A51-A674-C9D2761C2794}
		{6BDD0BD4-82E7-4223-8B8E-49EA1EC8DB18} = {4D552F5B-20CD-4A51-A674-C9D2761C2794}
		{711A15F5-10F3-4B86-B436-723A2F245FA0} = {4D552F5B-20CD-4A51-A674-C9D2761C2794}
		{65D8B703-FFB9-4E41-8E70-EC78C2414FF1} = {4D552F5B-20CD-4A51-A674-C9D2761C2794}
		{0E4075D0-1711-4EB3-9E23-31D03C0DFBEC} = {96226123-6132-4378-BE88-1046FD08ED29}
		{CCE26D9E-5BC9-40E2-BFF0-406E3C4A42BD} = {96226123-6132-4378-BE88-1046FD08ED29}
		{33923A2A-FE64-4516-A248-680DBF05F615} = {96226123-6132-4378-BE88-1046FD08ED29}
		{F042F41D-8CAA-4540-BD9B-E0AA509BFB49} = {DD4B5CAB-32A7-43F8-A3E1-E2CF0D22E8B2}
		{F5B38F07-B9D0-44EF-A4C4-90D7379758C8} = {96226123-6132-4378-BE88-1046FD08ED29}
		{2035848A-1CA1-466F-A491-5CDB9A1B70FC} = {96226123-6132-4378-BE88-1046FD08ED29}
		{E17AF0A3-00A4-4878-B8B8-347A6C6C2505} = {96226123-6132-4378-BE88-1046FD08ED29}
		{8C2B0D56-BEAE-46D4-B271-3754048CC50E} = {96226123-6132-4378-BE88-1046FD08ED29}
		{79AA80AB-4337-4323-A8CC-50E025FA182F} = {96226123-6132-4378-BE88-1046FD08ED29}
	EndGlobalSection
	GlobalSection(ExtensibilityGlobals) = postSolution
		SolutionGuid = {AE7003AF-4F6E-4DBC-8BCB-55B2696A2F47}
	EndGlobalSection
EndGlobal
