
Microsoft Visual Studio Solution File, Format Version 12.00
# Visual Studio Version 16
VisualStudioVersion = 16.0.29424.173
MinimumVisualStudioVersion = 10.0.40219.1
Project("{2150E333-8FDC-42A3-9474-1A3956D46DE8}") = "src", "src", "{3BFE31C6-7563-4A5D-97E7-2DA621FD949D}"
EndProject
Project("{2150E333-8FDC-42A3-9474-1A3956D46DE8}") = "samples", "samples", "{CF0181A9-9F7B-444A-B14D-6E1606BA6CE6}"
EndProject
Project("{2150E333-8FDC-42A3-9474-1A3956D46DE8}") = "test", "test", "{365927B2-2E03-4170-BC4B-E8022FB748C0}"
EndProject
Project("{9A19103F-16F7-4668-BE54-9A1E7A4F7556}") = "AI4E.AspNetCore.Blazor", "src\AI4E.AspNetCore.Blazor\AI4E.AspNetCore.Blazor.csproj", "{59174BB7-07E1-497D-B739-59BCC1421307}"
EndProject
Project("{9A19103F-16F7-4668-BE54-9A1E7A4F7556}") = "AI4E.AspNetCore.Blazor.Logging", "src\AI4E.AspNetCore.Blazor.Logging\AI4E.AspNetCore.Blazor.Logging.csproj", "{C1A371F6-1E9F-49FD-8280-FF47D15A6554}"
EndProject
Project("{9A19103F-16F7-4668-BE54-9A1E7A4F7556}") = "AI4E.AspNetCore.Blazor.Server", "src\AI4E.AspNetCore.Blazor.Server\AI4E.AspNetCore.Blazor.Server.csproj", "{6D0841DC-543C-4FED-AA0D-04A14861AAA1}"
EndProject
Project("{9A19103F-16F7-4668-BE54-9A1E7A4F7556}") = "AI4E.AspNetCore.Components", "..\..\src\AspNetCore.Components\src\AI4E.AspNetCore.Components\AI4E.AspNetCore.Components.csproj", "{5846F336-DF9D-4CA2-8881-BAC7AF07C8B9}"
EndProject
Project("{9A19103F-16F7-4668-BE54-9A1E7A4F7556}") = "AI4E.AspNetCore.Components.Extensibility", "..\..\src\AspNetCore.Components\src\AI4E.AspNetCore.Components.Extensibility\AI4E.AspNetCore.Components.Extensibility.csproj", "{E15C6395-4C54-41D7-8F06-B1D9B9138E2A}"
EndProject
Project("{9A19103F-16F7-4668-BE54-9A1E7A4F7556}") = "AI4E.AspNetCore.Components.Notifications", "..\..\src\AspNetCore.Components\src\AI4E.AspNetCore.Components.Notifications\AI4E.AspNetCore.Components.Notifications.csproj", "{7486BCDF-3EA7-48A9-86A9-6B61D1E258E1}"
EndProject
Project("{9A19103F-16F7-4668-BE54-9A1E7A4F7556}") = "AI4E.AspNetCore.Components.Routing", "..\..\src\AspNetCore.Components\src\AI4E.AspNetCore.Components.Routing\AI4E.AspNetCore.Components.Routing.csproj", "{E37DB91A-C8DC-41FE-B004-6E540F13070A}"
EndProject
Project("{2150E333-8FDC-42A3-9474-1A3956D46DE8}") = "Logging.Sample", "Logging.Sample", "{2F37C100-7BAD-452F-A42F-B55786D7AE04}"
EndProject
Project("{9A19103F-16F7-4668-BE54-9A1E7A4F7556}") = "Logging.Sample.Client", "samples\Logging.Sample\Logging.Sample.Client\Logging.Sample.Client.csproj", "{CD6237F0-480E-4FE8-B47A-23DAFEABCAFE}"
EndProject
Project("{9A19103F-16F7-4668-BE54-9A1E7A4F7556}") = "Logging.Sample.Server", "samples\Logging.Sample\Logging.Sample.Server\Logging.Sample.Server.csproj", "{34C5A84E-23B4-486A-800E-9104DF29BC2B}"
EndProject
Project("{2150E333-8FDC-42A3-9474-1A3956D46DE8}") = "dependencies", "dependencies", "{D51B21EF-F729-4357-ADCB-CABC59C6FB5B}"
EndProject
Project("{9A19103F-16F7-4668-BE54-9A1E7A4F7556}") = "AI4E.AspNetCore", "..\..\src\AspNetCore\src\AI4E.AspNetCore\AI4E.AspNetCore.csproj", "{EFB30ED5-C7D9-48C4-A316-AF00D40BA160}"
EndProject
Project("{9A19103F-16F7-4668-BE54-9A1E7A4F7556}") = "AI4E.Messaging", "..\..\src\Messaging\src\AI4E.Messaging\AI4E.Messaging.csproj", "{A1974836-1DD1-4BA3-978C-C420CD373C8A}"
EndProject
Project("{9A19103F-16F7-4668-BE54-9A1E7A4F7556}") = "AI4E.Messaging.Abstractions", "..\..\src\Messaging\src\AI4E.Messaging.Abstractions\AI4E.Messaging.Abstractions.csproj", "{24BFA666-29D2-43AA-AE8D-A5AECAFE2B3F}"
EndProject
Project("{9A19103F-16F7-4668-BE54-9A1E7A4F7556}") = "AI4E.Messaging.SignalR.Client", "..\Messaging\src\AI4E.Messaging.SignalR.Client\AI4E.Messaging.SignalR.Client.csproj", "{DB9E2F67-76DE-4BBD-90FD-516DC7ADDCAC}"
EndProject
Project("{9A19103F-16F7-4668-BE54-9A1E7A4F7556}") = "AI4E.Utils", "..\..\src\Utils\src\AI4E.Utils\AI4E.Utils.csproj", "{5DC5F5A4-ED22-472A-8CDC-5CFCB5AF967E}"
EndProject
Project("{9A19103F-16F7-4668-BE54-9A1E7A4F7556}") = "AI4E.Utils.ApplicationParts", "..\..\src\Utils\src\AI4E.Utils.ApplicationParts\AI4E.Utils.ApplicationParts.csproj", "{B6604997-EC63-44F0-935E-55459E604EAD}"
EndProject
Project("{9A19103F-16F7-4668-BE54-9A1E7A4F7556}") = "AI4E.Utils.Memory", "..\..\src\Utils\src\AI4E.Utils.Memory\AI4E.Utils.Memory.csproj", "{0C7395D2-9E03-4564-ABAB-72655AFD687C}"
EndProject
Project("{9A19103F-16F7-4668-BE54-9A1E7A4F7556}") = "AI4E.Utils.Memory.Compatibility", "..\..\src\Utils\src\AI4E.Utils.Memory.Compatibility\AI4E.Utils.Memory.Compatibility.csproj", "{4FDD741C-93A3-454D-85BD-394D9FA0E4C5}"
EndProject
Project("{9A19103F-16F7-4668-BE54-9A1E7A4F7556}") = "AI4E.Utils.Messaging.Primitives", "..\..\src\Utils\src\AI4E.Utils.Messaging.Primitives\AI4E.Utils.Messaging.Primitives.csproj", "{1AE52FD6-67A7-459F-BE29-565EED8A96B9}"
EndProject
Project("{9A19103F-16F7-4668-BE54-9A1E7A4F7556}") = "AI4E.Utils.WeakReflectionContext", "..\..\src\Utils\src\AI4E.Utils.WeakReflectionContext\AI4E.Utils.WeakReflectionContext.csproj", "{5EFC463D-8CF0-414B-87EA-319BCA3E31DD}"
EndProject
Project("{9A19103F-16F7-4668-BE54-9A1E7A4F7556}") = "AI4E.Utils.DependencyInjection", "..\..\src\Utils\src\AI4E.Utils.DependencyInjection\AI4E.Utils.DependencyInjection.csproj", "{CFDAB138-A92D-45FA-ABB9-5DABACA860C2}"
EndProject
Project("{9A19103F-16F7-4668-BE54-9A1E7A4F7556}") = "AI4E.Utils.DependencyInjection.Autofac", "..\..\src\Utils\src\AI4E.Utils.DependencyInjection.Autofac\AI4E.Utils.DependencyInjection.Autofac.csproj", "{639CA384-C057-4847-81CA-00DA42101405}"
EndProject
Project("{9A19103F-16F7-4668-BE54-9A1E7A4F7556}") = "AI4E.AspNetCore.Components.Extensibility.Messaging", "..\..\src\AspNetCore.Components\src\AI4E.AspNetCore.Components.Extensibility.Messaging\AI4E.AspNetCore.Components.Extensibility.Messaging.csproj", "{D53BF718-3A8D-4410-AC85-2F5E8658BAEB}"
EndProject
Project("{9A19103F-16F7-4668-BE54-9A1E7A4F7556}") = "AI4E.AspNetCore.Components.Modularity", "..\..\src\AspNetCore.Components\src\AI4E.AspNetCore.Components.Modularity\AI4E.AspNetCore.Components.Modularity.csproj", "{6DDA2E9E-8955-4936-82C7-2C3A2D0718F6}"
EndProject
Project("{9A19103F-16F7-4668-BE54-9A1E7A4F7556}") = "AI4E.Modularity.Abstractions", "..\..\src\Modularity\src\AI4E.Modularity.Abstractions\AI4E.Modularity.Abstractions.csproj", "{346ACF3C-8959-4679-8F50-C14402728DF6}"
EndProject
Global
	GlobalSection(SolutionConfigurationPlatforms) = preSolution
		Debug|Any CPU = Debug|Any CPU
		Release|Any CPU = Release|Any CPU
	EndGlobalSection
	GlobalSection(ProjectConfigurationPlatforms) = postSolution
		{59174BB7-07E1-497D-B739-59BCC1421307}.Debug|Any CPU.ActiveCfg = Debug|Any CPU
		{59174BB7-07E1-497D-B739-59BCC1421307}.Debug|Any CPU.Build.0 = Debug|Any CPU
		{59174BB7-07E1-497D-B739-59BCC1421307}.Release|Any CPU.ActiveCfg = Release|Any CPU
		{59174BB7-07E1-497D-B739-59BCC1421307}.Release|Any CPU.Build.0 = Release|Any CPU
		{C1A371F6-1E9F-49FD-8280-FF47D15A6554}.Debug|Any CPU.ActiveCfg = Debug|Any CPU
		{C1A371F6-1E9F-49FD-8280-FF47D15A6554}.Debug|Any CPU.Build.0 = Debug|Any CPU
		{C1A371F6-1E9F-49FD-8280-FF47D15A6554}.Release|Any CPU.ActiveCfg = Release|Any CPU
		{C1A371F6-1E9F-49FD-8280-FF47D15A6554}.Release|Any CPU.Build.0 = Release|Any CPU
		{6D0841DC-543C-4FED-AA0D-04A14861AAA1}.Debug|Any CPU.ActiveCfg = Debug|Any CPU
		{6D0841DC-543C-4FED-AA0D-04A14861AAA1}.Debug|Any CPU.Build.0 = Debug|Any CPU
		{6D0841DC-543C-4FED-AA0D-04A14861AAA1}.Release|Any CPU.ActiveCfg = Release|Any CPU
		{6D0841DC-543C-4FED-AA0D-04A14861AAA1}.Release|Any CPU.Build.0 = Release|Any CPU
		{5846F336-DF9D-4CA2-8881-BAC7AF07C8B9}.Debug|Any CPU.ActiveCfg = Debug|Any CPU
		{5846F336-DF9D-4CA2-8881-BAC7AF07C8B9}.Debug|Any CPU.Build.0 = Debug|Any CPU
		{5846F336-DF9D-4CA2-8881-BAC7AF07C8B9}.Release|Any CPU.ActiveCfg = Release|Any CPU
		{5846F336-DF9D-4CA2-8881-BAC7AF07C8B9}.Release|Any CPU.Build.0 = Release|Any CPU
		{E15C6395-4C54-41D7-8F06-B1D9B9138E2A}.Debug|Any CPU.ActiveCfg = Debug|Any CPU
		{E15C6395-4C54-41D7-8F06-B1D9B9138E2A}.Debug|Any CPU.Build.0 = Debug|Any CPU
		{E15C6395-4C54-41D7-8F06-B1D9B9138E2A}.Release|Any CPU.ActiveCfg = Release|Any CPU
		{E15C6395-4C54-41D7-8F06-B1D9B9138E2A}.Release|Any CPU.Build.0 = Release|Any CPU
		{7486BCDF-3EA7-48A9-86A9-6B61D1E258E1}.Debug|Any CPU.ActiveCfg = Debug|Any CPU
		{7486BCDF-3EA7-48A9-86A9-6B61D1E258E1}.Debug|Any CPU.Build.0 = Debug|Any CPU
		{7486BCDF-3EA7-48A9-86A9-6B61D1E258E1}.Release|Any CPU.ActiveCfg = Release|Any CPU
		{7486BCDF-3EA7-48A9-86A9-6B61D1E258E1}.Release|Any CPU.Build.0 = Release|Any CPU
		{E37DB91A-C8DC-41FE-B004-6E540F13070A}.Debug|Any CPU.ActiveCfg = Debug|Any CPU
		{E37DB91A-C8DC-41FE-B004-6E540F13070A}.Debug|Any CPU.Build.0 = Debug|Any CPU
		{E37DB91A-C8DC-41FE-B004-6E540F13070A}.Release|Any CPU.ActiveCfg = Release|Any CPU
		{E37DB91A-C8DC-41FE-B004-6E540F13070A}.Release|Any CPU.Build.0 = Release|Any CPU
		{CD6237F0-480E-4FE8-B47A-23DAFEABCAFE}.Debug|Any CPU.ActiveCfg = Debug|Any CPU
		{CD6237F0-480E-4FE8-B47A-23DAFEABCAFE}.Debug|Any CPU.Build.0 = Debug|Any CPU
		{CD6237F0-480E-4FE8-B47A-23DAFEABCAFE}.Release|Any CPU.ActiveCfg = Release|Any CPU
		{CD6237F0-480E-4FE8-B47A-23DAFEABCAFE}.Release|Any CPU.Build.0 = Release|Any CPU
		{34C5A84E-23B4-486A-800E-9104DF29BC2B}.Debug|Any CPU.ActiveCfg = Debug|Any CPU
		{34C5A84E-23B4-486A-800E-9104DF29BC2B}.Debug|Any CPU.Build.0 = Debug|Any CPU
		{34C5A84E-23B4-486A-800E-9104DF29BC2B}.Release|Any CPU.ActiveCfg = Release|Any CPU
		{34C5A84E-23B4-486A-800E-9104DF29BC2B}.Release|Any CPU.Build.0 = Release|Any CPU
		{EFB30ED5-C7D9-48C4-A316-AF00D40BA160}.Debug|Any CPU.ActiveCfg = Debug|Any CPU
		{EFB30ED5-C7D9-48C4-A316-AF00D40BA160}.Debug|Any CPU.Build.0 = Debug|Any CPU
		{EFB30ED5-C7D9-48C4-A316-AF00D40BA160}.Release|Any CPU.ActiveCfg = Release|Any CPU
		{EFB30ED5-C7D9-48C4-A316-AF00D40BA160}.Release|Any CPU.Build.0 = Release|Any CPU
		{A1974836-1DD1-4BA3-978C-C420CD373C8A}.Debug|Any CPU.ActiveCfg = Debug|Any CPU
		{A1974836-1DD1-4BA3-978C-C420CD373C8A}.Debug|Any CPU.Build.0 = Debug|Any CPU
		{A1974836-1DD1-4BA3-978C-C420CD373C8A}.Release|Any CPU.ActiveCfg = Release|Any CPU
		{A1974836-1DD1-4BA3-978C-C420CD373C8A}.Release|Any CPU.Build.0 = Release|Any CPU
		{24BFA666-29D2-43AA-AE8D-A5AECAFE2B3F}.Debug|Any CPU.ActiveCfg = Debug|Any CPU
		{24BFA666-29D2-43AA-AE8D-A5AECAFE2B3F}.Debug|Any CPU.Build.0 = Debug|Any CPU
		{24BFA666-29D2-43AA-AE8D-A5AECAFE2B3F}.Release|Any CPU.ActiveCfg = Release|Any CPU
		{24BFA666-29D2-43AA-AE8D-A5AECAFE2B3F}.Release|Any CPU.Build.0 = Release|Any CPU
		{DB9E2F67-76DE-4BBD-90FD-516DC7ADDCAC}.Debug|Any CPU.ActiveCfg = Debug|Any CPU
		{DB9E2F67-76DE-4BBD-90FD-516DC7ADDCAC}.Debug|Any CPU.Build.0 = Debug|Any CPU
		{DB9E2F67-76DE-4BBD-90FD-516DC7ADDCAC}.Release|Any CPU.ActiveCfg = Release|Any CPU
		{DB9E2F67-76DE-4BBD-90FD-516DC7ADDCAC}.Release|Any CPU.Build.0 = Release|Any CPU
		{5DC5F5A4-ED22-472A-8CDC-5CFCB5AF967E}.Debug|Any CPU.ActiveCfg = Debug|Any CPU
		{5DC5F5A4-ED22-472A-8CDC-5CFCB5AF967E}.Debug|Any CPU.Build.0 = Debug|Any CPU
		{5DC5F5A4-ED22-472A-8CDC-5CFCB5AF967E}.Release|Any CPU.ActiveCfg = Release|Any CPU
		{5DC5F5A4-ED22-472A-8CDC-5CFCB5AF967E}.Release|Any CPU.Build.0 = Release|Any CPU
		{B6604997-EC63-44F0-935E-55459E604EAD}.Debug|Any CPU.ActiveCfg = Debug|Any CPU
		{B6604997-EC63-44F0-935E-55459E604EAD}.Debug|Any CPU.Build.0 = Debug|Any CPU
		{B6604997-EC63-44F0-935E-55459E604EAD}.Release|Any CPU.ActiveCfg = Release|Any CPU
		{B6604997-EC63-44F0-935E-55459E604EAD}.Release|Any CPU.Build.0 = Release|Any CPU
		{0C7395D2-9E03-4564-ABAB-72655AFD687C}.Debug|Any CPU.ActiveCfg = Debug|Any CPU
		{0C7395D2-9E03-4564-ABAB-72655AFD687C}.Debug|Any CPU.Build.0 = Debug|Any CPU
		{0C7395D2-9E03-4564-ABAB-72655AFD687C}.Release|Any CPU.ActiveCfg = Release|Any CPU
		{0C7395D2-9E03-4564-ABAB-72655AFD687C}.Release|Any CPU.Build.0 = Release|Any CPU
		{4FDD741C-93A3-454D-85BD-394D9FA0E4C5}.Debug|Any CPU.ActiveCfg = Debug|Any CPU
		{4FDD741C-93A3-454D-85BD-394D9FA0E4C5}.Debug|Any CPU.Build.0 = Debug|Any CPU
		{4FDD741C-93A3-454D-85BD-394D9FA0E4C5}.Release|Any CPU.ActiveCfg = Release|Any CPU
		{4FDD741C-93A3-454D-85BD-394D9FA0E4C5}.Release|Any CPU.Build.0 = Release|Any CPU
		{1AE52FD6-67A7-459F-BE29-565EED8A96B9}.Debug|Any CPU.ActiveCfg = Debug|Any CPU
		{1AE52FD6-67A7-459F-BE29-565EED8A96B9}.Debug|Any CPU.Build.0 = Debug|Any CPU
		{1AE52FD6-67A7-459F-BE29-565EED8A96B9}.Release|Any CPU.ActiveCfg = Release|Any CPU
		{1AE52FD6-67A7-459F-BE29-565EED8A96B9}.Release|Any CPU.Build.0 = Release|Any CPU
		{5EFC463D-8CF0-414B-87EA-319BCA3E31DD}.Debug|Any CPU.ActiveCfg = Debug|Any CPU
		{5EFC463D-8CF0-414B-87EA-319BCA3E31DD}.Debug|Any CPU.Build.0 = Debug|Any CPU
		{5EFC463D-8CF0-414B-87EA-319BCA3E31DD}.Release|Any CPU.ActiveCfg = Release|Any CPU
		{5EFC463D-8CF0-414B-87EA-319BCA3E31DD}.Release|Any CPU.Build.0 = Release|Any CPU
		{CFDAB138-A92D-45FA-ABB9-5DABACA860C2}.Debug|Any CPU.ActiveCfg = Debug|Any CPU
		{CFDAB138-A92D-45FA-ABB9-5DABACA860C2}.Debug|Any CPU.Build.0 = Debug|Any CPU
		{CFDAB138-A92D-45FA-ABB9-5DABACA860C2}.Release|Any CPU.ActiveCfg = Release|Any CPU
		{CFDAB138-A92D-45FA-ABB9-5DABACA860C2}.Release|Any CPU.Build.0 = Release|Any CPU
		{639CA384-C057-4847-81CA-00DA42101405}.Debug|Any CPU.ActiveCfg = Debug|Any CPU
		{639CA384-C057-4847-81CA-00DA42101405}.Debug|Any CPU.Build.0 = Debug|Any CPU
		{639CA384-C057-4847-81CA-00DA42101405}.Release|Any CPU.ActiveCfg = Release|Any CPU
		{639CA384-C057-4847-81CA-00DA42101405}.Release|Any CPU.Build.0 = Release|Any CPU
		{D53BF718-3A8D-4410-AC85-2F5E8658BAEB}.Debug|Any CPU.ActiveCfg = Debug|Any CPU
		{D53BF718-3A8D-4410-AC85-2F5E8658BAEB}.Debug|Any CPU.Build.0 = Debug|Any CPU
		{D53BF718-3A8D-4410-AC85-2F5E8658BAEB}.Release|Any CPU.ActiveCfg = Release|Any CPU
		{D53BF718-3A8D-4410-AC85-2F5E8658BAEB}.Release|Any CPU.Build.0 = Release|Any CPU
		{6DDA2E9E-8955-4936-82C7-2C3A2D0718F6}.Debug|Any CPU.ActiveCfg = Debug|Any CPU
		{6DDA2E9E-8955-4936-82C7-2C3A2D0718F6}.Debug|Any CPU.Build.0 = Debug|Any CPU
		{6DDA2E9E-8955-4936-82C7-2C3A2D0718F6}.Release|Any CPU.ActiveCfg = Release|Any CPU
		{6DDA2E9E-8955-4936-82C7-2C3A2D0718F6}.Release|Any CPU.Build.0 = Release|Any CPU
		{346ACF3C-8959-4679-8F50-C14402728DF6}.Debug|Any CPU.ActiveCfg = Debug|Any CPU
		{346ACF3C-8959-4679-8F50-C14402728DF6}.Debug|Any CPU.Build.0 = Debug|Any CPU
		{346ACF3C-8959-4679-8F50-C14402728DF6}.Release|Any CPU.ActiveCfg = Release|Any CPU
		{346ACF3C-8959-4679-8F50-C14402728DF6}.Release|Any CPU.Build.0 = Release|Any CPU
	EndGlobalSection
	GlobalSection(SolutionProperties) = preSolution
		HideSolutionNode = FALSE
	EndGlobalSection
	GlobalSection(NestedProjects) = preSolution
		{59174BB7-07E1-497D-B739-59BCC1421307} = {3BFE31C6-7563-4A5D-97E7-2DA621FD949D}
		{C1A371F6-1E9F-49FD-8280-FF47D15A6554} = {3BFE31C6-7563-4A5D-97E7-2DA621FD949D}
		{6D0841DC-543C-4FED-AA0D-04A14861AAA1} = {3BFE31C6-7563-4A5D-97E7-2DA621FD949D}
		{5846F336-DF9D-4CA2-8881-BAC7AF07C8B9} = {D51B21EF-F729-4357-ADCB-CABC59C6FB5B}
		{E15C6395-4C54-41D7-8F06-B1D9B9138E2A} = {D51B21EF-F729-4357-ADCB-CABC59C6FB5B}
		{7486BCDF-3EA7-48A9-86A9-6B61D1E258E1} = {D51B21EF-F729-4357-ADCB-CABC59C6FB5B}
		{E37DB91A-C8DC-41FE-B004-6E540F13070A} = {D51B21EF-F729-4357-ADCB-CABC59C6FB5B}
		{2F37C100-7BAD-452F-A42F-B55786D7AE04} = {CF0181A9-9F7B-444A-B14D-6E1606BA6CE6}
		{CD6237F0-480E-4FE8-B47A-23DAFEABCAFE} = {2F37C100-7BAD-452F-A42F-B55786D7AE04}
		{34C5A84E-23B4-486A-800E-9104DF29BC2B} = {2F37C100-7BAD-452F-A42F-B55786D7AE04}
		{EFB30ED5-C7D9-48C4-A316-AF00D40BA160} = {D51B21EF-F729-4357-ADCB-CABC59C6FB5B}
		{A1974836-1DD1-4BA3-978C-C420CD373C8A} = {D51B21EF-F729-4357-ADCB-CABC59C6FB5B}
		{24BFA666-29D2-43AA-AE8D-A5AECAFE2B3F} = {D51B21EF-F729-4357-ADCB-CABC59C6FB5B}
		{DB9E2F67-76DE-4BBD-90FD-516DC7ADDCAC} = {D51B21EF-F729-4357-ADCB-CABC59C6FB5B}
		{5DC5F5A4-ED22-472A-8CDC-5CFCB5AF967E} = {D51B21EF-F729-4357-ADCB-CABC59C6FB5B}
		{B6604997-EC63-44F0-935E-55459E604EAD} = {D51B21EF-F729-4357-ADCB-CABC59C6FB5B}
		{0C7395D2-9E03-4564-ABAB-72655AFD687C} = {D51B21EF-F729-4357-ADCB-CABC59C6FB5B}
		{4FDD741C-93A3-454D-85BD-394D9FA0E4C5} = {D51B21EF-F729-4357-ADCB-CABC59C6FB5B}
		{1AE52FD6-67A7-459F-BE29-565EED8A96B9} = {D51B21EF-F729-4357-ADCB-CABC59C6FB5B}
		{5EFC463D-8CF0-414B-87EA-319BCA3E31DD} = {D51B21EF-F729-4357-ADCB-CABC59C6FB5B}
		{CFDAB138-A92D-45FA-ABB9-5DABACA860C2} = {D51B21EF-F729-4357-ADCB-CABC59C6FB5B}
		{639CA384-C057-4847-81CA-00DA42101405} = {D51B21EF-F729-4357-ADCB-CABC59C6FB5B}
		{D53BF718-3A8D-4410-AC85-2F5E8658BAEB} = {D51B21EF-F729-4357-ADCB-CABC59C6FB5B}
		{6DDA2E9E-8955-4936-82C7-2C3A2D0718F6} = {D51B21EF-F729-4357-ADCB-CABC59C6FB5B}
		{346ACF3C-8959-4679-8F50-C14402728DF6} = {D51B21EF-F729-4357-ADCB-CABC59C6FB5B}
	EndGlobalSection
	GlobalSection(ExtensibilityGlobals) = postSolution
		SolutionGuid = {CE658A01-D5E2-43E3-91BA-DB3AF5BB9471}
	EndGlobalSection
EndGlobal
